Microsoft Visual Studio Solution File, Format Version 12.00
# Visual Studio 15
VisualStudioVersion = 15.0.27411.0
MinimumVisualStudioVersion = 10.0.40219.1
Project("{9A19103F-16F7-4668-BE54-9A1E7A4F7556}") = "Microsoft.DotNet.Build.Tasks.Feed", "src\Microsoft.DotNet.Build.Tasks.Feed\Microsoft.DotNet.Build.Tasks.Feed.csproj", "{941D335B-AA65-4089-9502-F306B108D182}"
EndProject
Project("{2150E333-8FDC-42A3-9474-1A3956D46DE8}") = "src", "src", "{730AF68A-22FD-4372-9341-5F67D7701DA7}"
EndProject
Project("{2150E333-8FDC-42A3-9474-1A3956D46DE8}") = "tests", "tests", "{A564AF6E-6E4E-44EA-B2D7-C909C6687763}"
EndProject
Project("{2150E333-8FDC-42A3-9474-1A3956D46DE8}") = "Microsoft.DotNet.Helix", "Microsoft.DotNet.Helix", "{6BE49638-F842-4329-BE8A-30C0F30CCAA5}"
EndProject
Project("{9A19103F-16F7-4668-BE54-9A1E7A4F7556}") = "Microsoft.DotNet.Helix.Client", "src\Microsoft.DotNet.Helix\Client\CSharp\Microsoft.DotNet.Helix.Client.csproj", "{3A9C8374-D433-459F-81C5-C49715CD9C33}"
EndProject
Project("{9A19103F-16F7-4668-BE54-9A1E7A4F7556}") = "Microsoft.DotNet.Helix.Sdk", "src\Microsoft.DotNet.Helix\Sdk\Microsoft.DotNet.Helix.Sdk.csproj", "{86DC4DC7-DCEE-44AC-A7E3-B6D5A909422C}"
EndProject
Project("{9A19103F-16F7-4668-BE54-9A1E7A4F7556}") = "Microsoft.DotNet.Build.Tasks.Packaging", "src\Microsoft.DotNet.Build.Tasks.Packaging\Microsoft.DotNet.Build.Tasks.Packaging.csproj", "{A31D6804-9AF4-4618-8D73-16B76E3F8347}"
EndProject
Project("{9A19103F-16F7-4668-BE54-9A1E7A4F7556}") = "Microsoft.DotNet.GitSync.CommitManager", "src\Microsoft.DotNet.GitSync.CommitManager\Microsoft.DotNet.GitSync.CommitManager.csproj", "{ABCA58DD-8F77-457D-AC9A-D22227F51756}"
EndProject
Project("{9A19103F-16F7-4668-BE54-9A1E7A4F7556}") = "Microsoft.DotNet.SignTool.Tests", "tests\Microsoft.DotNet.SignTool.Tests\Microsoft.DotNet.SignTool.Tests.csproj", "{91FCE4C5-E83B-4C81-B0ED-3EAE417CBBE0}"
EndProject
Project("{9A19103F-16F7-4668-BE54-9A1E7A4F7556}") = "Microsoft.DotNet.SignTool", "src\Microsoft.DotNet.SignTool\Microsoft.DotNet.SignTool.csproj", "{FE2D1224-2C69-48E2-AEE6-F524AEACF567}"
EndProject
Project("{9A19103F-16F7-4668-BE54-9A1E7A4F7556}") = "Microsoft.DotNet.GitSync", "src\Microsoft.DotNet.GitSync\Microsoft.DotNet.GitSync.csproj", "{F7E1C1EF-C234-41BA-A24F-FAD5F357562C}"
EndProject
Project("{9A19103F-16F7-4668-BE54-9A1E7A4F7556}") = "Microsoft.DotNet.Arcade.Sdk", "src\Microsoft.DotNet.Arcade.Sdk\Microsoft.DotNet.Arcade.Sdk.csproj", "{747A5C75-6069-4C45-8049-AEAA1D864105}"
EndProject
Project("{9A19103F-16F7-4668-BE54-9A1E7A4F7556}") = "Microsoft.DotNet.DarcLib", "src\Microsoft.DotNet.Darc\src\DarcLib\Microsoft.DotNet.DarcLib.csproj", "{E6B8E8D8-957E-42CA-82E6-580B246097D1}"
EndProject
Project("{9A19103F-16F7-4668-BE54-9A1E7A4F7556}") = "Microsoft.DotNet.Helix.JobSender", "src\Microsoft.DotNet.Helix\JobSender\Microsoft.DotNet.Helix.JobSender.csproj", "{D6FFE1CC-98D6-425F-95D2-E40122D96E80}"
EndProject
Project("{9A19103F-16F7-4668-BE54-9A1E7A4F7556}") = "Microsoft.DotNet.Deployment.Tasks.Links", "src\Microsoft.DotNet.Deployment.Tasks.Links\Microsoft.DotNet.Deployment.Tasks.Links.csproj", "{40286528-B257-4DAC-AC7C-C4021DE957DC}"
EndProject
Project("{9A19103F-16F7-4668-BE54-9A1E7A4F7556}") = "Microsoft.DotNet.XUnitExtensions", "src\Microsoft.DotNet.XUnitExtensions\src\Microsoft.DotNet.XUnitExtensions.csproj", "{F8E7FEC3-B9E0-4A08-8608-F48379204F3A}"
EndProject
Project("{9A19103F-16F7-4668-BE54-9A1E7A4F7556}") = "Microsoft.DotNet.ServiceFabric.ServiceHost", "src\Microsoft.DotNet.ServiceFabric.ServiceHost\Microsoft.DotNet.ServiceFabric.ServiceHost.csproj", "{77371D91-1D9B-46E5-A1D5-E31CE3EEF524}"
EndProject
Project("{2150E333-8FDC-42A3-9474-1A3956D46DE8}") = "Maestro", "Maestro", "{AE791E26-78E1-4936-BCF4-1BF5152CBBD6}"
EndProject
Project("{9A19103F-16F7-4668-BE54-9A1E7A4F7556}") = "Maestro.Web", "src\Maestro\Maestro.Web\Maestro.Web.csproj", "{E12938B4-45A0-43E7-B569-873BFF08679A}"
EndProject
Project("{9A19103F-16F7-4668-BE54-9A1E7A4F7556}") = "Microsoft.AspNetCore.ApiVersioning", "src\Maestro\Microsoft.AspNetCore.ApiVersioning\Microsoft.AspNetCore.ApiVersioning.csproj", "{B56B670C-6E16-46D0-8B61-D6AD3B5A2BB7}"
EndProject
Project("{9A19103F-16F7-4668-BE54-9A1E7A4F7556}") = "Microsoft.AspNetCore.ApiVersioning.Analyzers", "src\Maestro\Microsoft.AspNetCore.ApiVersioning.Analyzers\Microsoft.AspNetCore.ApiVersioning.Analyzers.csproj", "{D2643A28-9B31-4321-ADD3-69819C877865}"
EndProject
Project("{9A19103F-16F7-4668-BE54-9A1E7A4F7556}") = "Microsoft.AspNetCore.ApiVersioning.Swashbuckle", "src\Maestro\Microsoft.AspNetCore.ApiVersioning.Swashbuckle\Microsoft.AspNetCore.ApiVersioning.Swashbuckle.csproj", "{7AF105AA-BD88-48EF-B565-E23BBF131D82}"
EndProject
Project("{9A19103F-16F7-4668-BE54-9A1E7A4F7556}") = "Microsoft.DotNet.Github.IssueLabeler", "src\Microsoft.DotNet.Github.IssueLabeler\Microsoft.DotNet.Github.IssueLabeler.csproj", "{A32C09E4-C334-4614-B40F-DEDF352C820E}"
EndProject
Project("{9A19103F-16F7-4668-BE54-9A1E7A4F7556}") = "Microsoft.DotNet.Maestro.Client", "src\Maestro\Client\src\Microsoft.DotNet.Maestro.Client.csproj", "{CBE5BE25-B3DE-4B73-AED5-644B7F752545}"
EndProject
Project("{9A19103F-16F7-4668-BE54-9A1E7A4F7556}") = "Microsoft.DotNet.Maestro.Tasks", "src\Microsoft.DotNet.Maestro.Tasks\Microsoft.DotNet.Maestro.Tasks.csproj", "{A89A17DE-2012-4CB0-83D2-128B297A7C05}"
EndProject
Global
	GlobalSection(SolutionConfigurationPlatforms) = preSolution
		Debug|Any CPU = Debug|Any CPU
		Debug|x64 = Debug|x64
		Debug|x86 = Debug|x86
		Release|Any CPU = Release|Any CPU
		Release|x64 = Release|x64
		Release|x86 = Release|x86
	EndGlobalSection
	GlobalSection(ProjectConfigurationPlatforms) = postSolution
		{941D335B-AA65-4089-9502-F306B108D182}.Debug|Any CPU.ActiveCfg = Debug|Any CPU
		{941D335B-AA65-4089-9502-F306B108D182}.Debug|Any CPU.Build.0 = Debug|Any CPU
		{941D335B-AA65-4089-9502-F306B108D182}.Debug|x64.ActiveCfg = Debug|Any CPU
		{941D335B-AA65-4089-9502-F306B108D182}.Debug|x64.Build.0 = Debug|Any CPU
		{941D335B-AA65-4089-9502-F306B108D182}.Debug|x86.ActiveCfg = Debug|Any CPU
		{941D335B-AA65-4089-9502-F306B108D182}.Debug|x86.Build.0 = Debug|Any CPU
		{941D335B-AA65-4089-9502-F306B108D182}.Release|Any CPU.ActiveCfg = Release|Any CPU
		{941D335B-AA65-4089-9502-F306B108D182}.Release|Any CPU.Build.0 = Release|Any CPU
		{941D335B-AA65-4089-9502-F306B108D182}.Release|x64.ActiveCfg = Release|Any CPU
		{941D335B-AA65-4089-9502-F306B108D182}.Release|x64.Build.0 = Release|Any CPU
		{941D335B-AA65-4089-9502-F306B108D182}.Release|x86.ActiveCfg = Release|Any CPU
		{941D335B-AA65-4089-9502-F306B108D182}.Release|x86.Build.0 = Release|Any CPU
		{3A9C8374-D433-459F-81C5-C49715CD9C33}.Debug|Any CPU.ActiveCfg = Debug|Any CPU
		{3A9C8374-D433-459F-81C5-C49715CD9C33}.Debug|Any CPU.Build.0 = Debug|Any CPU
		{3A9C8374-D433-459F-81C5-C49715CD9C33}.Debug|x64.ActiveCfg = Debug|Any CPU
		{3A9C8374-D433-459F-81C5-C49715CD9C33}.Debug|x64.Build.0 = Debug|Any CPU
		{3A9C8374-D433-459F-81C5-C49715CD9C33}.Debug|x86.ActiveCfg = Debug|Any CPU
		{3A9C8374-D433-459F-81C5-C49715CD9C33}.Debug|x86.Build.0 = Debug|Any CPU
		{3A9C8374-D433-459F-81C5-C49715CD9C33}.Release|Any CPU.ActiveCfg = Release|Any CPU
		{3A9C8374-D433-459F-81C5-C49715CD9C33}.Release|Any CPU.Build.0 = Release|Any CPU
		{3A9C8374-D433-459F-81C5-C49715CD9C33}.Release|x64.ActiveCfg = Release|Any CPU
		{3A9C8374-D433-459F-81C5-C49715CD9C33}.Release|x64.Build.0 = Release|Any CPU
		{3A9C8374-D433-459F-81C5-C49715CD9C33}.Release|x86.ActiveCfg = Release|Any CPU
		{3A9C8374-D433-459F-81C5-C49715CD9C33}.Release|x86.Build.0 = Release|Any CPU
		{86DC4DC7-DCEE-44AC-A7E3-B6D5A909422C}.Debug|Any CPU.ActiveCfg = Debug|Any CPU
		{86DC4DC7-DCEE-44AC-A7E3-B6D5A909422C}.Debug|Any CPU.Build.0 = Debug|Any CPU
		{86DC4DC7-DCEE-44AC-A7E3-B6D5A909422C}.Debug|x64.ActiveCfg = Debug|Any CPU
		{86DC4DC7-DCEE-44AC-A7E3-B6D5A909422C}.Debug|x64.Build.0 = Debug|Any CPU
		{86DC4DC7-DCEE-44AC-A7E3-B6D5A909422C}.Debug|x86.ActiveCfg = Debug|Any CPU
		{86DC4DC7-DCEE-44AC-A7E3-B6D5A909422C}.Debug|x86.Build.0 = Debug|Any CPU
		{86DC4DC7-DCEE-44AC-A7E3-B6D5A909422C}.Release|Any CPU.ActiveCfg = Release|Any CPU
		{86DC4DC7-DCEE-44AC-A7E3-B6D5A909422C}.Release|Any CPU.Build.0 = Release|Any CPU
		{86DC4DC7-DCEE-44AC-A7E3-B6D5A909422C}.Release|x64.ActiveCfg = Release|Any CPU
		{86DC4DC7-DCEE-44AC-A7E3-B6D5A909422C}.Release|x64.Build.0 = Release|Any CPU
		{86DC4DC7-DCEE-44AC-A7E3-B6D5A909422C}.Release|x86.ActiveCfg = Release|Any CPU
		{86DC4DC7-DCEE-44AC-A7E3-B6D5A909422C}.Release|x86.Build.0 = Release|Any CPU
		{A31D6804-9AF4-4618-8D73-16B76E3F8347}.Debug|Any CPU.ActiveCfg = Debug|Any CPU
		{A31D6804-9AF4-4618-8D73-16B76E3F8347}.Debug|Any CPU.Build.0 = Debug|Any CPU
		{A31D6804-9AF4-4618-8D73-16B76E3F8347}.Debug|x64.ActiveCfg = Debug|Any CPU
		{A31D6804-9AF4-4618-8D73-16B76E3F8347}.Debug|x64.Build.0 = Debug|Any CPU
		{A31D6804-9AF4-4618-8D73-16B76E3F8347}.Debug|x86.ActiveCfg = Debug|Any CPU
		{A31D6804-9AF4-4618-8D73-16B76E3F8347}.Debug|x86.Build.0 = Debug|Any CPU
		{A31D6804-9AF4-4618-8D73-16B76E3F8347}.Release|Any CPU.ActiveCfg = Release|Any CPU
		{A31D6804-9AF4-4618-8D73-16B76E3F8347}.Release|Any CPU.Build.0 = Release|Any CPU
		{A31D6804-9AF4-4618-8D73-16B76E3F8347}.Release|x64.ActiveCfg = Release|Any CPU
		{A31D6804-9AF4-4618-8D73-16B76E3F8347}.Release|x64.Build.0 = Release|Any CPU
		{A31D6804-9AF4-4618-8D73-16B76E3F8347}.Release|x86.ActiveCfg = Release|Any CPU
		{A31D6804-9AF4-4618-8D73-16B76E3F8347}.Release|x86.Build.0 = Release|Any CPU
		{ABCA58DD-8F77-457D-AC9A-D22227F51756}.Debug|Any CPU.ActiveCfg = Debug|Any CPU
		{ABCA58DD-8F77-457D-AC9A-D22227F51756}.Debug|Any CPU.Build.0 = Debug|Any CPU
		{ABCA58DD-8F77-457D-AC9A-D22227F51756}.Debug|x64.ActiveCfg = Debug|Any CPU
		{ABCA58DD-8F77-457D-AC9A-D22227F51756}.Debug|x64.Build.0 = Debug|Any CPU
		{ABCA58DD-8F77-457D-AC9A-D22227F51756}.Debug|x86.ActiveCfg = Debug|Any CPU
		{ABCA58DD-8F77-457D-AC9A-D22227F51756}.Debug|x86.Build.0 = Debug|Any CPU
		{ABCA58DD-8F77-457D-AC9A-D22227F51756}.Release|Any CPU.ActiveCfg = Release|Any CPU
		{ABCA58DD-8F77-457D-AC9A-D22227F51756}.Release|Any CPU.Build.0 = Release|Any CPU
		{ABCA58DD-8F77-457D-AC9A-D22227F51756}.Release|x64.ActiveCfg = Release|Any CPU
		{ABCA58DD-8F77-457D-AC9A-D22227F51756}.Release|x64.Build.0 = Release|Any CPU
		{ABCA58DD-8F77-457D-AC9A-D22227F51756}.Release|x86.ActiveCfg = Release|Any CPU
		{ABCA58DD-8F77-457D-AC9A-D22227F51756}.Release|x86.Build.0 = Release|Any CPU
		{91FCE4C5-E83B-4C81-B0ED-3EAE417CBBE0}.Debug|Any CPU.ActiveCfg = Debug|Any CPU
		{91FCE4C5-E83B-4C81-B0ED-3EAE417CBBE0}.Debug|Any CPU.Build.0 = Debug|Any CPU
		{91FCE4C5-E83B-4C81-B0ED-3EAE417CBBE0}.Debug|x64.ActiveCfg = Debug|Any CPU
		{91FCE4C5-E83B-4C81-B0ED-3EAE417CBBE0}.Debug|x64.Build.0 = Debug|Any CPU
		{91FCE4C5-E83B-4C81-B0ED-3EAE417CBBE0}.Debug|x86.ActiveCfg = Debug|Any CPU
		{91FCE4C5-E83B-4C81-B0ED-3EAE417CBBE0}.Debug|x86.Build.0 = Debug|Any CPU
		{91FCE4C5-E83B-4C81-B0ED-3EAE417CBBE0}.Release|Any CPU.ActiveCfg = Release|Any CPU
		{91FCE4C5-E83B-4C81-B0ED-3EAE417CBBE0}.Release|Any CPU.Build.0 = Release|Any CPU
		{91FCE4C5-E83B-4C81-B0ED-3EAE417CBBE0}.Release|x64.ActiveCfg = Release|Any CPU
		{91FCE4C5-E83B-4C81-B0ED-3EAE417CBBE0}.Release|x64.Build.0 = Release|Any CPU
		{91FCE4C5-E83B-4C81-B0ED-3EAE417CBBE0}.Release|x86.ActiveCfg = Release|Any CPU
		{91FCE4C5-E83B-4C81-B0ED-3EAE417CBBE0}.Release|x86.Build.0 = Release|Any CPU
		{FE2D1224-2C69-48E2-AEE6-F524AEACF567}.Debug|Any CPU.ActiveCfg = Debug|Any CPU
		{FE2D1224-2C69-48E2-AEE6-F524AEACF567}.Debug|Any CPU.Build.0 = Debug|Any CPU
		{FE2D1224-2C69-48E2-AEE6-F524AEACF567}.Debug|x64.ActiveCfg = Debug|Any CPU
		{FE2D1224-2C69-48E2-AEE6-F524AEACF567}.Debug|x64.Build.0 = Debug|Any CPU
		{FE2D1224-2C69-48E2-AEE6-F524AEACF567}.Debug|x86.ActiveCfg = Debug|Any CPU
		{FE2D1224-2C69-48E2-AEE6-F524AEACF567}.Debug|x86.Build.0 = Debug|Any CPU
		{FE2D1224-2C69-48E2-AEE6-F524AEACF567}.Release|Any CPU.ActiveCfg = Release|Any CPU
		{FE2D1224-2C69-48E2-AEE6-F524AEACF567}.Release|Any CPU.Build.0 = Release|Any CPU
		{FE2D1224-2C69-48E2-AEE6-F524AEACF567}.Release|x64.ActiveCfg = Release|Any CPU
		{FE2D1224-2C69-48E2-AEE6-F524AEACF567}.Release|x64.Build.0 = Release|Any CPU
		{FE2D1224-2C69-48E2-AEE6-F524AEACF567}.Release|x86.ActiveCfg = Release|Any CPU
		{FE2D1224-2C69-48E2-AEE6-F524AEACF567}.Release|x86.Build.0 = Release|Any CPU
		{F7E1C1EF-C234-41BA-A24F-FAD5F357562C}.Debug|Any CPU.ActiveCfg = Debug|Any CPU
		{F7E1C1EF-C234-41BA-A24F-FAD5F357562C}.Debug|Any CPU.Build.0 = Debug|Any CPU
		{F7E1C1EF-C234-41BA-A24F-FAD5F357562C}.Debug|x64.ActiveCfg = Debug|Any CPU
		{F7E1C1EF-C234-41BA-A24F-FAD5F357562C}.Debug|x64.Build.0 = Debug|Any CPU
		{F7E1C1EF-C234-41BA-A24F-FAD5F357562C}.Debug|x86.ActiveCfg = Debug|Any CPU
		{F7E1C1EF-C234-41BA-A24F-FAD5F357562C}.Debug|x86.Build.0 = Debug|Any CPU
		{F7E1C1EF-C234-41BA-A24F-FAD5F357562C}.Release|Any CPU.ActiveCfg = Release|Any CPU
		{F7E1C1EF-C234-41BA-A24F-FAD5F357562C}.Release|Any CPU.Build.0 = Release|Any CPU
		{F7E1C1EF-C234-41BA-A24F-FAD5F357562C}.Release|x64.ActiveCfg = Release|Any CPU
		{F7E1C1EF-C234-41BA-A24F-FAD5F357562C}.Release|x64.Build.0 = Release|Any CPU
		{F7E1C1EF-C234-41BA-A24F-FAD5F357562C}.Release|x86.ActiveCfg = Release|Any CPU
		{F7E1C1EF-C234-41BA-A24F-FAD5F357562C}.Release|x86.Build.0 = Release|Any CPU
		{747A5C75-6069-4C45-8049-AEAA1D864105}.Debug|Any CPU.ActiveCfg = Debug|Any CPU
		{747A5C75-6069-4C45-8049-AEAA1D864105}.Debug|Any CPU.Build.0 = Debug|Any CPU
		{747A5C75-6069-4C45-8049-AEAA1D864105}.Debug|x64.ActiveCfg = Debug|Any CPU
		{747A5C75-6069-4C45-8049-AEAA1D864105}.Debug|x64.Build.0 = Debug|Any CPU
		{747A5C75-6069-4C45-8049-AEAA1D864105}.Debug|x86.ActiveCfg = Debug|Any CPU
		{747A5C75-6069-4C45-8049-AEAA1D864105}.Debug|x86.Build.0 = Debug|Any CPU
		{747A5C75-6069-4C45-8049-AEAA1D864105}.Release|Any CPU.ActiveCfg = Release|Any CPU
		{747A5C75-6069-4C45-8049-AEAA1D864105}.Release|Any CPU.Build.0 = Release|Any CPU
		{747A5C75-6069-4C45-8049-AEAA1D864105}.Release|x64.ActiveCfg = Release|Any CPU
		{747A5C75-6069-4C45-8049-AEAA1D864105}.Release|x64.Build.0 = Release|Any CPU
		{747A5C75-6069-4C45-8049-AEAA1D864105}.Release|x86.ActiveCfg = Release|Any CPU
		{747A5C75-6069-4C45-8049-AEAA1D864105}.Release|x86.Build.0 = Release|Any CPU
		{E6B8E8D8-957E-42CA-82E6-580B246097D1}.Debug|Any CPU.ActiveCfg = Debug|Any CPU
		{E6B8E8D8-957E-42CA-82E6-580B246097D1}.Debug|Any CPU.Build.0 = Debug|Any CPU
		{E6B8E8D8-957E-42CA-82E6-580B246097D1}.Debug|x64.ActiveCfg = Debug|Any CPU
		{E6B8E8D8-957E-42CA-82E6-580B246097D1}.Debug|x64.Build.0 = Debug|Any CPU
		{E6B8E8D8-957E-42CA-82E6-580B246097D1}.Debug|x86.ActiveCfg = Debug|Any CPU
		{E6B8E8D8-957E-42CA-82E6-580B246097D1}.Debug|x86.Build.0 = Debug|Any CPU
		{E6B8E8D8-957E-42CA-82E6-580B246097D1}.Release|Any CPU.ActiveCfg = Release|Any CPU
		{E6B8E8D8-957E-42CA-82E6-580B246097D1}.Release|Any CPU.Build.0 = Release|Any CPU
		{E6B8E8D8-957E-42CA-82E6-580B246097D1}.Release|x64.ActiveCfg = Release|Any CPU
		{E6B8E8D8-957E-42CA-82E6-580B246097D1}.Release|x64.Build.0 = Release|Any CPU
		{E6B8E8D8-957E-42CA-82E6-580B246097D1}.Release|x86.ActiveCfg = Release|Any CPU
		{E6B8E8D8-957E-42CA-82E6-580B246097D1}.Release|x86.Build.0 = Release|Any CPU
		{D6FFE1CC-98D6-425F-95D2-E40122D96E80}.Debug|Any CPU.ActiveCfg = Debug|Any CPU
		{D6FFE1CC-98D6-425F-95D2-E40122D96E80}.Debug|Any CPU.Build.0 = Debug|Any CPU
		{D6FFE1CC-98D6-425F-95D2-E40122D96E80}.Debug|x64.ActiveCfg = Debug|Any CPU
		{D6FFE1CC-98D6-425F-95D2-E40122D96E80}.Debug|x64.Build.0 = Debug|Any CPU
		{D6FFE1CC-98D6-425F-95D2-E40122D96E80}.Debug|x86.ActiveCfg = Debug|Any CPU
		{D6FFE1CC-98D6-425F-95D2-E40122D96E80}.Debug|x86.Build.0 = Debug|Any CPU
		{D6FFE1CC-98D6-425F-95D2-E40122D96E80}.Release|Any CPU.ActiveCfg = Release|Any CPU
		{D6FFE1CC-98D6-425F-95D2-E40122D96E80}.Release|Any CPU.Build.0 = Release|Any CPU
		{D6FFE1CC-98D6-425F-95D2-E40122D96E80}.Release|x64.ActiveCfg = Release|Any CPU
		{D6FFE1CC-98D6-425F-95D2-E40122D96E80}.Release|x64.Build.0 = Release|Any CPU
		{D6FFE1CC-98D6-425F-95D2-E40122D96E80}.Release|x86.ActiveCfg = Release|Any CPU
		{D6FFE1CC-98D6-425F-95D2-E40122D96E80}.Release|x86.Build.0 = Release|Any CPU
		{40286528-B257-4DAC-AC7C-C4021DE957DC}.Debug|Any CPU.ActiveCfg = Debug|Any CPU
		{40286528-B257-4DAC-AC7C-C4021DE957DC}.Debug|Any CPU.Build.0 = Debug|Any CPU
		{40286528-B257-4DAC-AC7C-C4021DE957DC}.Debug|x64.ActiveCfg = Debug|Any CPU
		{40286528-B257-4DAC-AC7C-C4021DE957DC}.Debug|x64.Build.0 = Debug|Any CPU
		{40286528-B257-4DAC-AC7C-C4021DE957DC}.Debug|x86.ActiveCfg = Debug|Any CPU
		{40286528-B257-4DAC-AC7C-C4021DE957DC}.Debug|x86.Build.0 = Debug|Any CPU
		{40286528-B257-4DAC-AC7C-C4021DE957DC}.Release|Any CPU.ActiveCfg = Release|Any CPU
		{40286528-B257-4DAC-AC7C-C4021DE957DC}.Release|Any CPU.Build.0 = Release|Any CPU
		{40286528-B257-4DAC-AC7C-C4021DE957DC}.Release|x64.ActiveCfg = Release|Any CPU
		{40286528-B257-4DAC-AC7C-C4021DE957DC}.Release|x64.Build.0 = Release|Any CPU
		{40286528-B257-4DAC-AC7C-C4021DE957DC}.Release|x86.ActiveCfg = Release|Any CPU
		{40286528-B257-4DAC-AC7C-C4021DE957DC}.Release|x86.Build.0 = Release|Any CPU
		{F8E7FEC3-B9E0-4A08-8608-F48379204F3A}.Debug|Any CPU.ActiveCfg = Debug|Any CPU
		{F8E7FEC3-B9E0-4A08-8608-F48379204F3A}.Debug|Any CPU.Build.0 = Debug|Any CPU
		{F8E7FEC3-B9E0-4A08-8608-F48379204F3A}.Debug|x64.ActiveCfg = Debug|Any CPU
		{F8E7FEC3-B9E0-4A08-8608-F48379204F3A}.Debug|x64.Build.0 = Debug|Any CPU
		{F8E7FEC3-B9E0-4A08-8608-F48379204F3A}.Debug|x86.ActiveCfg = Debug|Any CPU
		{F8E7FEC3-B9E0-4A08-8608-F48379204F3A}.Debug|x86.Build.0 = Debug|Any CPU
		{F8E7FEC3-B9E0-4A08-8608-F48379204F3A}.Release|Any CPU.ActiveCfg = Release|Any CPU
		{F8E7FEC3-B9E0-4A08-8608-F48379204F3A}.Release|Any CPU.Build.0 = Release|Any CPU
		{F8E7FEC3-B9E0-4A08-8608-F48379204F3A}.Release|x64.ActiveCfg = Release|Any CPU
		{F8E7FEC3-B9E0-4A08-8608-F48379204F3A}.Release|x64.Build.0 = Release|Any CPU
		{F8E7FEC3-B9E0-4A08-8608-F48379204F3A}.Release|x86.ActiveCfg = Release|Any CPU
		{F8E7FEC3-B9E0-4A08-8608-F48379204F3A}.Release|x86.Build.0 = Release|Any CPU
		{77371D91-1D9B-46E5-A1D5-E31CE3EEF524}.Debug|Any CPU.ActiveCfg = Debug|Any CPU
		{77371D91-1D9B-46E5-A1D5-E31CE3EEF524}.Debug|Any CPU.Build.0 = Debug|Any CPU
		{77371D91-1D9B-46E5-A1D5-E31CE3EEF524}.Debug|x64.ActiveCfg = Debug|Any CPU
		{77371D91-1D9B-46E5-A1D5-E31CE3EEF524}.Debug|x64.Build.0 = Debug|Any CPU
		{77371D91-1D9B-46E5-A1D5-E31CE3EEF524}.Debug|x86.ActiveCfg = Debug|Any CPU
		{77371D91-1D9B-46E5-A1D5-E31CE3EEF524}.Debug|x86.Build.0 = Debug|Any CPU
		{77371D91-1D9B-46E5-A1D5-E31CE3EEF524}.Release|Any CPU.ActiveCfg = Release|Any CPU
		{77371D91-1D9B-46E5-A1D5-E31CE3EEF524}.Release|Any CPU.Build.0 = Release|Any CPU
		{77371D91-1D9B-46E5-A1D5-E31CE3EEF524}.Release|x64.ActiveCfg = Release|Any CPU
		{77371D91-1D9B-46E5-A1D5-E31CE3EEF524}.Release|x64.Build.0 = Release|Any CPU
		{77371D91-1D9B-46E5-A1D5-E31CE3EEF524}.Release|x86.ActiveCfg = Release|Any CPU
		{77371D91-1D9B-46E5-A1D5-E31CE3EEF524}.Release|x86.Build.0 = Release|Any CPU
		{E12938B4-45A0-43E7-B569-873BFF08679A}.Debug|Any CPU.ActiveCfg = Debug|Any CPU
		{E12938B4-45A0-43E7-B569-873BFF08679A}.Debug|Any CPU.Build.0 = Debug|Any CPU
		{E12938B4-45A0-43E7-B569-873BFF08679A}.Debug|x64.ActiveCfg = Debug|Any CPU
		{E12938B4-45A0-43E7-B569-873BFF08679A}.Debug|x64.Build.0 = Debug|Any CPU
		{E12938B4-45A0-43E7-B569-873BFF08679A}.Debug|x86.ActiveCfg = Debug|Any CPU
		{E12938B4-45A0-43E7-B569-873BFF08679A}.Debug|x86.Build.0 = Debug|Any CPU
		{E12938B4-45A0-43E7-B569-873BFF08679A}.Release|Any CPU.ActiveCfg = Release|Any CPU
		{E12938B4-45A0-43E7-B569-873BFF08679A}.Release|Any CPU.Build.0 = Release|Any CPU
		{E12938B4-45A0-43E7-B569-873BFF08679A}.Release|x64.ActiveCfg = Release|Any CPU
		{E12938B4-45A0-43E7-B569-873BFF08679A}.Release|x64.Build.0 = Release|Any CPU
		{E12938B4-45A0-43E7-B569-873BFF08679A}.Release|x86.ActiveCfg = Release|Any CPU
		{E12938B4-45A0-43E7-B569-873BFF08679A}.Release|x86.Build.0 = Release|Any CPU
		{B56B670C-6E16-46D0-8B61-D6AD3B5A2BB7}.Debug|Any CPU.ActiveCfg = Debug|Any CPU
		{B56B670C-6E16-46D0-8B61-D6AD3B5A2BB7}.Debug|Any CPU.Build.0 = Debug|Any CPU
		{B56B670C-6E16-46D0-8B61-D6AD3B5A2BB7}.Debug|x64.ActiveCfg = Debug|Any CPU
		{B56B670C-6E16-46D0-8B61-D6AD3B5A2BB7}.Debug|x64.Build.0 = Debug|Any CPU
		{B56B670C-6E16-46D0-8B61-D6AD3B5A2BB7}.Debug|x86.ActiveCfg = Debug|Any CPU
		{B56B670C-6E16-46D0-8B61-D6AD3B5A2BB7}.Debug|x86.Build.0 = Debug|Any CPU
		{B56B670C-6E16-46D0-8B61-D6AD3B5A2BB7}.Release|Any CPU.ActiveCfg = Release|Any CPU
		{B56B670C-6E16-46D0-8B61-D6AD3B5A2BB7}.Release|Any CPU.Build.0 = Release|Any CPU
		{B56B670C-6E16-46D0-8B61-D6AD3B5A2BB7}.Release|x64.ActiveCfg = Release|Any CPU
		{B56B670C-6E16-46D0-8B61-D6AD3B5A2BB7}.Release|x64.Build.0 = Release|Any CPU
		{B56B670C-6E16-46D0-8B61-D6AD3B5A2BB7}.Release|x86.ActiveCfg = Release|Any CPU
		{B56B670C-6E16-46D0-8B61-D6AD3B5A2BB7}.Release|x86.Build.0 = Release|Any CPU
		{D2643A28-9B31-4321-ADD3-69819C877865}.Debug|Any CPU.ActiveCfg = Debug|Any CPU
		{D2643A28-9B31-4321-ADD3-69819C877865}.Debug|Any CPU.Build.0 = Debug|Any CPU
		{D2643A28-9B31-4321-ADD3-69819C877865}.Debug|x64.ActiveCfg = Debug|Any CPU
		{D2643A28-9B31-4321-ADD3-69819C877865}.Debug|x64.Build.0 = Debug|Any CPU
		{D2643A28-9B31-4321-ADD3-69819C877865}.Debug|x86.ActiveCfg = Debug|Any CPU
		{D2643A28-9B31-4321-ADD3-69819C877865}.Debug|x86.Build.0 = Debug|Any CPU
		{D2643A28-9B31-4321-ADD3-69819C877865}.Release|Any CPU.ActiveCfg = Release|Any CPU
		{D2643A28-9B31-4321-ADD3-69819C877865}.Release|Any CPU.Build.0 = Release|Any CPU
		{D2643A28-9B31-4321-ADD3-69819C877865}.Release|x64.ActiveCfg = Release|Any CPU
		{D2643A28-9B31-4321-ADD3-69819C877865}.Release|x64.Build.0 = Release|Any CPU
		{D2643A28-9B31-4321-ADD3-69819C877865}.Release|x86.ActiveCfg = Release|Any CPU
		{D2643A28-9B31-4321-ADD3-69819C877865}.Release|x86.Build.0 = Release|Any CPU
		{7AF105AA-BD88-48EF-B565-E23BBF131D82}.Debug|Any CPU.ActiveCfg = Debug|Any CPU
		{7AF105AA-BD88-48EF-B565-E23BBF131D82}.Debug|Any CPU.Build.0 = Debug|Any CPU
		{7AF105AA-BD88-48EF-B565-E23BBF131D82}.Debug|x64.ActiveCfg = Debug|Any CPU
		{7AF105AA-BD88-48EF-B565-E23BBF131D82}.Debug|x64.Build.0 = Debug|Any CPU
		{7AF105AA-BD88-48EF-B565-E23BBF131D82}.Debug|x86.ActiveCfg = Debug|Any CPU
		{7AF105AA-BD88-48EF-B565-E23BBF131D82}.Debug|x86.Build.0 = Debug|Any CPU
		{7AF105AA-BD88-48EF-B565-E23BBF131D82}.Release|Any CPU.ActiveCfg = Release|Any CPU
		{7AF105AA-BD88-48EF-B565-E23BBF131D82}.Release|Any CPU.Build.0 = Release|Any CPU
		{7AF105AA-BD88-48EF-B565-E23BBF131D82}.Release|x64.ActiveCfg = Release|Any CPU
		{7AF105AA-BD88-48EF-B565-E23BBF131D82}.Release|x64.Build.0 = Release|Any CPU
		{7AF105AA-BD88-48EF-B565-E23BBF131D82}.Release|x86.ActiveCfg = Release|Any CPU
		{7AF105AA-BD88-48EF-B565-E23BBF131D82}.Release|x86.Build.0 = Release|Any CPU
		{A32C09E4-C334-4614-B40F-DEDF352C820E}.Debug|Any CPU.ActiveCfg = Debug|Any CPU
		{A32C09E4-C334-4614-B40F-DEDF352C820E}.Debug|Any CPU.Build.0 = Debug|Any CPU
		{A32C09E4-C334-4614-B40F-DEDF352C820E}.Debug|x64.ActiveCfg = Debug|Any CPU
		{A32C09E4-C334-4614-B40F-DEDF352C820E}.Debug|x64.Build.0 = Debug|Any CPU
		{A32C09E4-C334-4614-B40F-DEDF352C820E}.Debug|x86.ActiveCfg = Debug|Any CPU
		{A32C09E4-C334-4614-B40F-DEDF352C820E}.Debug|x86.Build.0 = Debug|Any CPU
		{A32C09E4-C334-4614-B40F-DEDF352C820E}.Release|Any CPU.ActiveCfg = Release|Any CPU
		{A32C09E4-C334-4614-B40F-DEDF352C820E}.Release|Any CPU.Build.0 = Release|Any CPU
		{A32C09E4-C334-4614-B40F-DEDF352C820E}.Release|x64.ActiveCfg = Release|Any CPU
		{A32C09E4-C334-4614-B40F-DEDF352C820E}.Release|x64.Build.0 = Release|Any CPU
		{A32C09E4-C334-4614-B40F-DEDF352C820E}.Release|x86.ActiveCfg = Release|Any CPU
		{A32C09E4-C334-4614-B40F-DEDF352C820E}.Release|x86.Build.0 = Release|Any CPU
		{CBE5BE25-B3DE-4B73-AED5-644B7F752545}.Debug|Any CPU.ActiveCfg = Debug|Any CPU
		{CBE5BE25-B3DE-4B73-AED5-644B7F752545}.Debug|Any CPU.Build.0 = Debug|Any CPU
		{CBE5BE25-B3DE-4B73-AED5-644B7F752545}.Debug|x64.ActiveCfg = Debug|Any CPU
		{CBE5BE25-B3DE-4B73-AED5-644B7F752545}.Debug|x64.Build.0 = Debug|Any CPU
		{CBE5BE25-B3DE-4B73-AED5-644B7F752545}.Debug|x86.ActiveCfg = Debug|Any CPU
		{CBE5BE25-B3DE-4B73-AED5-644B7F752545}.Debug|x86.Build.0 = Debug|Any CPU
		{CBE5BE25-B3DE-4B73-AED5-644B7F752545}.Release|Any CPU.ActiveCfg = Release|Any CPU
		{CBE5BE25-B3DE-4B73-AED5-644B7F752545}.Release|Any CPU.Build.0 = Release|Any CPU
		{CBE5BE25-B3DE-4B73-AED5-644B7F752545}.Release|x64.ActiveCfg = Release|Any CPU
		{CBE5BE25-B3DE-4B73-AED5-644B7F752545}.Release|x64.Build.0 = Release|Any CPU
		{CBE5BE25-B3DE-4B73-AED5-644B7F752545}.Release|x86.ActiveCfg = Release|Any CPU
		{CBE5BE25-B3DE-4B73-AED5-644B7F752545}.Release|x86.Build.0 = Release|Any CPU
		{A89A17DE-2012-4CB0-83D2-128B297A7C05}.Debug|Any CPU.ActiveCfg = Debug|Any CPU
		{A89A17DE-2012-4CB0-83D2-128B297A7C05}.Debug|Any CPU.Build.0 = Debug|Any CPU
		{A89A17DE-2012-4CB0-83D2-128B297A7C05}.Debug|x64.ActiveCfg = Debug|Any CPU
		{A89A17DE-2012-4CB0-83D2-128B297A7C05}.Debug|x64.Build.0 = Debug|Any CPU
		{A89A17DE-2012-4CB0-83D2-128B297A7C05}.Debug|x86.ActiveCfg = Debug|Any CPU
		{A89A17DE-2012-4CB0-83D2-128B297A7C05}.Debug|x86.Build.0 = Debug|Any CPU
		{A89A17DE-2012-4CB0-83D2-128B297A7C05}.Release|Any CPU.ActiveCfg = Release|Any CPU
		{A89A17DE-2012-4CB0-83D2-128B297A7C05}.Release|Any CPU.Build.0 = Release|Any CPU
		{A89A17DE-2012-4CB0-83D2-128B297A7C05}.Release|x64.ActiveCfg = Release|Any CPU
		{A89A17DE-2012-4CB0-83D2-128B297A7C05}.Release|x64.Build.0 = Release|Any CPU
		{A89A17DE-2012-4CB0-83D2-128B297A7C05}.Release|x86.ActiveCfg = Release|Any CPU
		{A89A17DE-2012-4CB0-83D2-128B297A7C05}.Release|x86.Build.0 = Release|Any CPU
	EndGlobalSection
	GlobalSection(SolutionProperties) = preSolution
		HideSolutionNode = FALSE
	EndGlobalSection
	GlobalSection(NestedProjects) = preSolution
		{941D335B-AA65-4089-9502-F306B108D182} = {730AF68A-22FD-4372-9341-5F67D7701DA7}
		{6BE49638-F842-4329-BE8A-30C0F30CCAA5} = {730AF68A-22FD-4372-9341-5F67D7701DA7}
		{3A9C8374-D433-459F-81C5-C49715CD9C33} = {6BE49638-F842-4329-BE8A-30C0F30CCAA5}
		{86DC4DC7-DCEE-44AC-A7E3-B6D5A909422C} = {6BE49638-F842-4329-BE8A-30C0F30CCAA5}
		{A31D6804-9AF4-4618-8D73-16B76E3F8347} = {730AF68A-22FD-4372-9341-5F67D7701DA7}
		{91FCE4C5-E83B-4C81-B0ED-3EAE417CBBE0} = {A564AF6E-6E4E-44EA-B2D7-C909C6687763}
		{FE2D1224-2C69-48E2-AEE6-F524AEACF567} = {730AF68A-22FD-4372-9341-5F67D7701DA7}
		{747A5C75-6069-4C45-8049-AEAA1D864105} = {730AF68A-22FD-4372-9341-5F67D7701DA7}
		{E6B8E8D8-957E-42CA-82E6-580B246097D1} = {730AF68A-22FD-4372-9341-5F67D7701DA7}
		{D6FFE1CC-98D6-425F-95D2-E40122D96E80} = {6BE49638-F842-4329-BE8A-30C0F30CCAA5}
		{40286528-B257-4DAC-AC7C-C4021DE957DC} = {730AF68A-22FD-4372-9341-5F67D7701DA7}
		{F8E7FEC3-B9E0-4A08-8608-F48379204F3A} = {730AF68A-22FD-4372-9341-5F67D7701DA7}
		{77371D91-1D9B-46E5-A1D5-E31CE3EEF524} = {730AF68A-22FD-4372-9341-5F67D7701DA7}
		{AE791E26-78E1-4936-BCF4-1BF5152CBBD6} = {730AF68A-22FD-4372-9341-5F67D7701DA7}
		{E12938B4-45A0-43E7-B569-873BFF08679A} = {AE791E26-78E1-4936-BCF4-1BF5152CBBD6}
		{B56B670C-6E16-46D0-8B61-D6AD3B5A2BB7} = {AE791E26-78E1-4936-BCF4-1BF5152CBBD6}
		{D2643A28-9B31-4321-ADD3-69819C877865} = {AE791E26-78E1-4936-BCF4-1BF5152CBBD6}
		{7AF105AA-BD88-48EF-B565-E23BBF131D82} = {AE791E26-78E1-4936-BCF4-1BF5152CBBD6}
		{A32C09E4-C334-4614-B40F-DEDF352C820E} = {730AF68A-22FD-4372-9341-5F67D7701DA7}
		{CBE5BE25-B3DE-4B73-AED5-644B7F752545} = {AE791E26-78E1-4936-BCF4-1BF5152CBBD6}
		{A89A17DE-2012-4CB0-83D2-128B297A7C05} = {AE791E26-78E1-4936-BCF4-1BF5152CBBD6}
	EndGlobalSection
	GlobalSection(ExtensibilityGlobals) = postSolution
		SolutionGuid = {06E6CFF5-C54E-4623-9587-71A9E3F041D9}
	EndGlobalSection
EndGlobal
