
Microsoft Visual Studio Solution File, Format Version 12.00
# Visual Studio Version 16
VisualStudioVersion = 16.0.29019.234
MinimumVisualStudioVersion = 10.0.40219.1
Project("{9A19103F-16F7-4668-BE54-9A1E7A4F7556}") = "Microsoft.DotNet.Build.Tasks.Feed", "src\Microsoft.DotNet.Build.Tasks.Feed\Microsoft.DotNet.Build.Tasks.Feed.csproj", "{941D335B-AA65-4089-9502-F306B108D182}"
EndProject
Project("{9A19103F-16F7-4668-BE54-9A1E7A4F7556}") = "Microsoft.DotNet.Arcade.Sdk", "src\Microsoft.DotNet.Arcade.Sdk\Microsoft.DotNet.Arcade.Sdk.csproj", "{747A5C75-6069-4C45-8049-AEAA1D864105}"
EndProject
Project("{9A19103F-16F7-4668-BE54-9A1E7A4F7556}") = "Microsoft.DotNet.Deployment.Tasks.Links", "src\Microsoft.DotNet.Deployment.Tasks.Links\Microsoft.DotNet.Deployment.Tasks.Links.csproj", "{40286528-B257-4DAC-AC7C-C4021DE957DC}"
EndProject
Project("{9A19103F-16F7-4668-BE54-9A1E7A4F7556}") = "Microsoft.DotNet.VersionTools", "src\Microsoft.DotNet.VersionTools\lib\Microsoft.DotNet.VersionTools.csproj", "{465F7F95-1774-40BE-8387-62C39BBD7141}"
EndProject
Project("{9A19103F-16F7-4668-BE54-9A1E7A4F7556}") = "Microsoft.DotNet.VersionTools.Tests", "src\Microsoft.DotNet.VersionTools\tests\Microsoft.DotNet.VersionTools.Tests.csproj", "{4626A7D1-7AC0-4E21-9FED-083EF2A8194C}"
EndProject
Project("{9A19103F-16F7-4668-BE54-9A1E7A4F7556}") = "Microsoft.DotNet.VersionTools.Tasks", "src\Microsoft.DotNet.VersionTools\tasks\Microsoft.DotNet.VersionTools.Tasks.csproj", "{0A6A6D3D-DE7A-4BC2-9799-9C77E4CE87FB}"
EndProject
Project("{9A19103F-16F7-4668-BE54-9A1E7A4F7556}") = "Microsoft.DotNet.Git.IssueManager", "src\Microsoft.DotNet.Git.IssueManager\src\Microsoft.DotNet.Git.IssueManager.csproj", "{20F768D8-D724-4889-85AE-2D46188E731F}"
EndProject
Project("{9A19103F-16F7-4668-BE54-9A1E7A4F7556}") = "Microsoft.DotNet.RemoteExecutor", "src\Microsoft.DotNet.RemoteExecutor\src\Microsoft.DotNet.RemoteExecutor.csproj", "{BE895584-B06D-44C1-B551-22B684ADABAE}"
EndProject
Project("{9A19103F-16F7-4668-BE54-9A1E7A4F7556}") = "Microsoft.DotNet.XUnitExtensions.Tests", "src\Microsoft.DotNet.XUnitExtensions\tests\Microsoft.DotNet.XUnitExtensions.Tests.csproj", "{036A1269-EA1B-457A-8447-D90AEF80BAF9}"
EndProject
Project("{9A19103F-16F7-4668-BE54-9A1E7A4F7556}") = "Microsoft.DotNet.NuGetRepack.Tests", "src\Microsoft.DotNet.NuGetRepack\tests\Microsoft.DotNet.NuGetRepack.Tests.csproj", "{41F3EF12-6062-44CE-A1DB-1DCA76122AF8}"
EndProject
Project("{9A19103F-16F7-4668-BE54-9A1E7A4F7556}") = "Microsoft.DotNet.NuGetRepack.Tasks", "src\Microsoft.DotNet.NuGetRepack\tasks\Microsoft.DotNet.NuGetRepack.Tasks.csproj", "{0E7AB9DD-A1D5-4A49-9ED0-3C400A04C885}"
EndProject
Project("{9A19103F-16F7-4668-BE54-9A1E7A4F7556}") = "Microsoft.DotNet.Build.Tasks.Feed.Tests", "src\Microsoft.DotNet.Build.Tasks.Feed.Tests\Microsoft.DotNet.Build.Tasks.Feed.Tests.csproj", "{6E19C6B6-4ADF-4DD6-86CC-6C1624BCDB71}"
EndProject
Project("{9A19103F-16F7-4668-BE54-9A1E7A4F7556}") = "Microsoft.DotNet.Build.Tasks.SharedFramework.Sdk", "src\Microsoft.DotNet.Build.Tasks.SharedFramework.Sdk\Microsoft.DotNet.Build.Tasks.SharedFramework.Sdk.csproj", "{62B929C4-3D15-4D43-AEFC-2D0BD3CFC20D}"
EndProject
Project("{9A19103F-16F7-4668-BE54-9A1E7A4F7556}") = "Microsoft.DotNet.Helix.JobSender.Tests", "src\Microsoft.DotNet.Helix\JobSender.Tests\Microsoft.DotNet.Helix.JobSender.Tests.csproj", "{3376C769-211F-4537-A156-5F841FF7840B}"
EndProject
Project("{9A19103F-16F7-4668-BE54-9A1E7A4F7556}") = "Microsoft.DotNet.CMake.Sdk", "src\Microsoft.DotNet.CMake.Sdk\Microsoft.DotNet.CMake.Sdk.csproj", "{B1BFCB54-0FE7-4745-A471-2D7F21B5C7B9}"
EndProject
Project("{9A19103F-16F7-4668-BE54-9A1E7A4F7556}") = "Microsoft.DotNet.Build.Tasks.TargetFramework.Sdk", "src\Microsoft.DotNet.Build.Tasks.TargetFramework.Sdk\src\Microsoft.DotNet.Build.Tasks.TargetFramework.Sdk.csproj", "{E83B25A9-66C3-4E15-9BC3-E843CC471622}"
EndProject
Project("{9A19103F-16F7-4668-BE54-9A1E7A4F7556}") = "Microsoft.DotNet.Helix.Sdk.Tests", "src\Microsoft.DotNet.Helix\Sdk.Tests\Microsoft.DotNet.Helix.Sdk.Tests\Microsoft.DotNet.Helix.Sdk.Tests.csproj", "{03390E61-9DC1-4893-93A4-193D76C16034}"
EndProject
Project("{9A19103F-16F7-4668-BE54-9A1E7A4F7556}") = "Microsoft.DotNet.AsmDiff", "src\Microsoft.DotNet.AsmDiff\Microsoft.DotNet.AsmDiff.csproj", "{FDCE3109-3EA0-4166-B6C0-BE7BB4196864}"
EndProject
Project("{9A19103F-16F7-4668-BE54-9A1E7A4F7556}") = "Microsoft.DotNet.RemoteExecutor.Tests", "src\Microsoft.DotNet.RemoteExecutor\tests\Microsoft.DotNet.RemoteExecutor.Tests.csproj", "{D6AC20A4-1719-49FE-B112-B2AB564496F8}"
EndProject
Global
	GlobalSection(SolutionConfigurationPlatforms) = preSolution
		Debug|Any CPU = Debug|Any CPU
		Debug|x64 = Debug|x64
		Debug|x86 = Debug|x86
		Release|Any CPU = Release|Any CPU
		Release|x64 = Release|x64
		Release|x86 = Release|x86
	EndGlobalSection
	GlobalSection(ProjectConfigurationPlatforms) = postSolution
		{941D335B-AA65-4089-9502-F306B108D182}.Debug|Any CPU.ActiveCfg = Debug|Any CPU
		{941D335B-AA65-4089-9502-F306B108D182}.Debug|Any CPU.Build.0 = Debug|Any CPU
		{941D335B-AA65-4089-9502-F306B108D182}.Debug|x64.ActiveCfg = Debug|Any CPU
		{941D335B-AA65-4089-9502-F306B108D182}.Debug|x64.Build.0 = Debug|Any CPU
		{941D335B-AA65-4089-9502-F306B108D182}.Debug|x86.ActiveCfg = Debug|Any CPU
		{941D335B-AA65-4089-9502-F306B108D182}.Debug|x86.Build.0 = Debug|Any CPU
		{941D335B-AA65-4089-9502-F306B108D182}.Release|Any CPU.ActiveCfg = Release|Any CPU
		{941D335B-AA65-4089-9502-F306B108D182}.Release|Any CPU.Build.0 = Release|Any CPU
		{941D335B-AA65-4089-9502-F306B108D182}.Release|x64.ActiveCfg = Release|Any CPU
		{941D335B-AA65-4089-9502-F306B108D182}.Release|x64.Build.0 = Release|Any CPU
		{941D335B-AA65-4089-9502-F306B108D182}.Release|x86.ActiveCfg = Release|Any CPU
		{941D335B-AA65-4089-9502-F306B108D182}.Release|x86.Build.0 = Release|Any CPU
		{747A5C75-6069-4C45-8049-AEAA1D864105}.Debug|Any CPU.ActiveCfg = Debug|Any CPU
		{747A5C75-6069-4C45-8049-AEAA1D864105}.Debug|Any CPU.Build.0 = Debug|Any CPU
		{747A5C75-6069-4C45-8049-AEAA1D864105}.Debug|x64.ActiveCfg = Debug|Any CPU
		{747A5C75-6069-4C45-8049-AEAA1D864105}.Debug|x64.Build.0 = Debug|Any CPU
		{747A5C75-6069-4C45-8049-AEAA1D864105}.Debug|x86.ActiveCfg = Debug|Any CPU
		{747A5C75-6069-4C45-8049-AEAA1D864105}.Debug|x86.Build.0 = Debug|Any CPU
		{747A5C75-6069-4C45-8049-AEAA1D864105}.Release|Any CPU.ActiveCfg = Release|Any CPU
		{747A5C75-6069-4C45-8049-AEAA1D864105}.Release|Any CPU.Build.0 = Release|Any CPU
		{747A5C75-6069-4C45-8049-AEAA1D864105}.Release|x64.ActiveCfg = Release|Any CPU
		{747A5C75-6069-4C45-8049-AEAA1D864105}.Release|x64.Build.0 = Release|Any CPU
		{747A5C75-6069-4C45-8049-AEAA1D864105}.Release|x86.ActiveCfg = Release|Any CPU
		{747A5C75-6069-4C45-8049-AEAA1D864105}.Release|x86.Build.0 = Release|Any CPU
		{40286528-B257-4DAC-AC7C-C4021DE957DC}.Debug|Any CPU.ActiveCfg = Debug|Any CPU
		{40286528-B257-4DAC-AC7C-C4021DE957DC}.Debug|Any CPU.Build.0 = Debug|Any CPU
		{40286528-B257-4DAC-AC7C-C4021DE957DC}.Debug|x64.ActiveCfg = Debug|Any CPU
		{40286528-B257-4DAC-AC7C-C4021DE957DC}.Debug|x64.Build.0 = Debug|Any CPU
		{40286528-B257-4DAC-AC7C-C4021DE957DC}.Debug|x86.ActiveCfg = Debug|Any CPU
		{40286528-B257-4DAC-AC7C-C4021DE957DC}.Debug|x86.Build.0 = Debug|Any CPU
		{40286528-B257-4DAC-AC7C-C4021DE957DC}.Release|Any CPU.ActiveCfg = Release|Any CPU
		{40286528-B257-4DAC-AC7C-C4021DE957DC}.Release|Any CPU.Build.0 = Release|Any CPU
		{40286528-B257-4DAC-AC7C-C4021DE957DC}.Release|x64.ActiveCfg = Release|Any CPU
		{40286528-B257-4DAC-AC7C-C4021DE957DC}.Release|x64.Build.0 = Release|Any CPU
		{40286528-B257-4DAC-AC7C-C4021DE957DC}.Release|x86.ActiveCfg = Release|Any CPU
		{40286528-B257-4DAC-AC7C-C4021DE957DC}.Release|x86.Build.0 = Release|Any CPU
		{465F7F95-1774-40BE-8387-62C39BBD7141}.Debug|Any CPU.ActiveCfg = Debug|Any CPU
		{465F7F95-1774-40BE-8387-62C39BBD7141}.Debug|Any CPU.Build.0 = Debug|Any CPU
		{465F7F95-1774-40BE-8387-62C39BBD7141}.Debug|x64.ActiveCfg = Debug|Any CPU
		{465F7F95-1774-40BE-8387-62C39BBD7141}.Debug|x64.Build.0 = Debug|Any CPU
		{465F7F95-1774-40BE-8387-62C39BBD7141}.Debug|x86.ActiveCfg = Debug|Any CPU
		{465F7F95-1774-40BE-8387-62C39BBD7141}.Debug|x86.Build.0 = Debug|Any CPU
		{465F7F95-1774-40BE-8387-62C39BBD7141}.Release|Any CPU.ActiveCfg = Release|Any CPU
		{465F7F95-1774-40BE-8387-62C39BBD7141}.Release|Any CPU.Build.0 = Release|Any CPU
		{465F7F95-1774-40BE-8387-62C39BBD7141}.Release|x64.ActiveCfg = Release|Any CPU
		{465F7F95-1774-40BE-8387-62C39BBD7141}.Release|x64.Build.0 = Release|Any CPU
		{465F7F95-1774-40BE-8387-62C39BBD7141}.Release|x86.ActiveCfg = Release|Any CPU
		{465F7F95-1774-40BE-8387-62C39BBD7141}.Release|x86.Build.0 = Release|Any CPU
		{4626A7D1-7AC0-4E21-9FED-083EF2A8194C}.Debug|Any CPU.ActiveCfg = Debug|Any CPU
		{4626A7D1-7AC0-4E21-9FED-083EF2A8194C}.Debug|Any CPU.Build.0 = Debug|Any CPU
		{4626A7D1-7AC0-4E21-9FED-083EF2A8194C}.Debug|x64.ActiveCfg = Debug|Any CPU
		{4626A7D1-7AC0-4E21-9FED-083EF2A8194C}.Debug|x64.Build.0 = Debug|Any CPU
		{4626A7D1-7AC0-4E21-9FED-083EF2A8194C}.Debug|x86.ActiveCfg = Debug|Any CPU
		{4626A7D1-7AC0-4E21-9FED-083EF2A8194C}.Debug|x86.Build.0 = Debug|Any CPU
		{4626A7D1-7AC0-4E21-9FED-083EF2A8194C}.Release|Any CPU.ActiveCfg = Release|Any CPU
		{4626A7D1-7AC0-4E21-9FED-083EF2A8194C}.Release|Any CPU.Build.0 = Release|Any CPU
		{4626A7D1-7AC0-4E21-9FED-083EF2A8194C}.Release|x64.ActiveCfg = Release|Any CPU
		{4626A7D1-7AC0-4E21-9FED-083EF2A8194C}.Release|x64.Build.0 = Release|Any CPU
		{4626A7D1-7AC0-4E21-9FED-083EF2A8194C}.Release|x86.ActiveCfg = Release|Any CPU
		{4626A7D1-7AC0-4E21-9FED-083EF2A8194C}.Release|x86.Build.0 = Release|Any CPU
		{0A6A6D3D-DE7A-4BC2-9799-9C77E4CE87FB}.Debug|Any CPU.ActiveCfg = Debug|Any CPU
		{0A6A6D3D-DE7A-4BC2-9799-9C77E4CE87FB}.Debug|Any CPU.Build.0 = Debug|Any CPU
		{0A6A6D3D-DE7A-4BC2-9799-9C77E4CE87FB}.Debug|x64.ActiveCfg = Debug|Any CPU
		{0A6A6D3D-DE7A-4BC2-9799-9C77E4CE87FB}.Debug|x64.Build.0 = Debug|Any CPU
		{0A6A6D3D-DE7A-4BC2-9799-9C77E4CE87FB}.Debug|x86.ActiveCfg = Debug|Any CPU
		{0A6A6D3D-DE7A-4BC2-9799-9C77E4CE87FB}.Debug|x86.Build.0 = Debug|Any CPU
		{0A6A6D3D-DE7A-4BC2-9799-9C77E4CE87FB}.Release|Any CPU.ActiveCfg = Release|Any CPU
		{0A6A6D3D-DE7A-4BC2-9799-9C77E4CE87FB}.Release|Any CPU.Build.0 = Release|Any CPU
		{0A6A6D3D-DE7A-4BC2-9799-9C77E4CE87FB}.Release|x64.ActiveCfg = Release|Any CPU
		{0A6A6D3D-DE7A-4BC2-9799-9C77E4CE87FB}.Release|x64.Build.0 = Release|Any CPU
		{0A6A6D3D-DE7A-4BC2-9799-9C77E4CE87FB}.Release|x86.ActiveCfg = Release|Any CPU
		{0A6A6D3D-DE7A-4BC2-9799-9C77E4CE87FB}.Release|x86.Build.0 = Release|Any CPU
		{20F768D8-D724-4889-85AE-2D46188E731F}.Debug|Any CPU.ActiveCfg = Debug|Any CPU
		{20F768D8-D724-4889-85AE-2D46188E731F}.Debug|Any CPU.Build.0 = Debug|Any CPU
		{20F768D8-D724-4889-85AE-2D46188E731F}.Debug|x64.ActiveCfg = Debug|Any CPU
		{20F768D8-D724-4889-85AE-2D46188E731F}.Debug|x64.Build.0 = Debug|Any CPU
		{20F768D8-D724-4889-85AE-2D46188E731F}.Debug|x86.ActiveCfg = Debug|Any CPU
		{20F768D8-D724-4889-85AE-2D46188E731F}.Debug|x86.Build.0 = Debug|Any CPU
		{20F768D8-D724-4889-85AE-2D46188E731F}.Release|Any CPU.ActiveCfg = Release|Any CPU
		{20F768D8-D724-4889-85AE-2D46188E731F}.Release|Any CPU.Build.0 = Release|Any CPU
		{20F768D8-D724-4889-85AE-2D46188E731F}.Release|x64.ActiveCfg = Release|Any CPU
		{20F768D8-D724-4889-85AE-2D46188E731F}.Release|x64.Build.0 = Release|Any CPU
		{20F768D8-D724-4889-85AE-2D46188E731F}.Release|x86.ActiveCfg = Release|Any CPU
		{20F768D8-D724-4889-85AE-2D46188E731F}.Release|x86.Build.0 = Release|Any CPU
		{BE895584-B06D-44C1-B551-22B684ADABAE}.Debug|Any CPU.ActiveCfg = Debug|Any CPU
		{BE895584-B06D-44C1-B551-22B684ADABAE}.Debug|Any CPU.Build.0 = Debug|Any CPU
		{BE895584-B06D-44C1-B551-22B684ADABAE}.Debug|x64.ActiveCfg = Debug|Any CPU
		{BE895584-B06D-44C1-B551-22B684ADABAE}.Debug|x64.Build.0 = Debug|Any CPU
		{BE895584-B06D-44C1-B551-22B684ADABAE}.Debug|x86.ActiveCfg = Debug|Any CPU
		{BE895584-B06D-44C1-B551-22B684ADABAE}.Debug|x86.Build.0 = Debug|Any CPU
		{BE895584-B06D-44C1-B551-22B684ADABAE}.Release|Any CPU.ActiveCfg = Release|Any CPU
		{BE895584-B06D-44C1-B551-22B684ADABAE}.Release|Any CPU.Build.0 = Release|Any CPU
		{BE895584-B06D-44C1-B551-22B684ADABAE}.Release|x64.ActiveCfg = Release|Any CPU
		{BE895584-B06D-44C1-B551-22B684ADABAE}.Release|x64.Build.0 = Release|Any CPU
		{BE895584-B06D-44C1-B551-22B684ADABAE}.Release|x86.ActiveCfg = Release|Any CPU
		{BE895584-B06D-44C1-B551-22B684ADABAE}.Release|x86.Build.0 = Release|Any CPU
		{036A1269-EA1B-457A-8447-D90AEF80BAF9}.Debug|Any CPU.ActiveCfg = Debug|Any CPU
		{036A1269-EA1B-457A-8447-D90AEF80BAF9}.Debug|Any CPU.Build.0 = Debug|Any CPU
		{036A1269-EA1B-457A-8447-D90AEF80BAF9}.Debug|x64.ActiveCfg = Debug|Any CPU
		{036A1269-EA1B-457A-8447-D90AEF80BAF9}.Debug|x64.Build.0 = Debug|Any CPU
		{036A1269-EA1B-457A-8447-D90AEF80BAF9}.Debug|x86.ActiveCfg = Debug|Any CPU
		{036A1269-EA1B-457A-8447-D90AEF80BAF9}.Debug|x86.Build.0 = Debug|Any CPU
		{036A1269-EA1B-457A-8447-D90AEF80BAF9}.Release|Any CPU.ActiveCfg = Release|Any CPU
		{036A1269-EA1B-457A-8447-D90AEF80BAF9}.Release|Any CPU.Build.0 = Release|Any CPU
		{036A1269-EA1B-457A-8447-D90AEF80BAF9}.Release|x64.ActiveCfg = Release|Any CPU
		{036A1269-EA1B-457A-8447-D90AEF80BAF9}.Release|x64.Build.0 = Release|Any CPU
		{036A1269-EA1B-457A-8447-D90AEF80BAF9}.Release|x86.ActiveCfg = Release|Any CPU
		{036A1269-EA1B-457A-8447-D90AEF80BAF9}.Release|x86.Build.0 = Release|Any CPU
		{41F3EF12-6062-44CE-A1DB-1DCA76122AF8}.Debug|Any CPU.ActiveCfg = Debug|Any CPU
		{41F3EF12-6062-44CE-A1DB-1DCA76122AF8}.Debug|Any CPU.Build.0 = Debug|Any CPU
		{41F3EF12-6062-44CE-A1DB-1DCA76122AF8}.Debug|x64.ActiveCfg = Debug|Any CPU
		{41F3EF12-6062-44CE-A1DB-1DCA76122AF8}.Debug|x64.Build.0 = Debug|Any CPU
		{41F3EF12-6062-44CE-A1DB-1DCA76122AF8}.Debug|x86.ActiveCfg = Debug|Any CPU
		{41F3EF12-6062-44CE-A1DB-1DCA76122AF8}.Debug|x86.Build.0 = Debug|Any CPU
		{41F3EF12-6062-44CE-A1DB-1DCA76122AF8}.Release|Any CPU.ActiveCfg = Release|Any CPU
		{41F3EF12-6062-44CE-A1DB-1DCA76122AF8}.Release|Any CPU.Build.0 = Release|Any CPU
		{41F3EF12-6062-44CE-A1DB-1DCA76122AF8}.Release|x64.ActiveCfg = Release|Any CPU
		{41F3EF12-6062-44CE-A1DB-1DCA76122AF8}.Release|x64.Build.0 = Release|Any CPU
		{41F3EF12-6062-44CE-A1DB-1DCA76122AF8}.Release|x86.ActiveCfg = Release|Any CPU
		{41F3EF12-6062-44CE-A1DB-1DCA76122AF8}.Release|x86.Build.0 = Release|Any CPU
		{0E7AB9DD-A1D5-4A49-9ED0-3C400A04C885}.Debug|Any CPU.ActiveCfg = Debug|Any CPU
		{0E7AB9DD-A1D5-4A49-9ED0-3C400A04C885}.Debug|Any CPU.Build.0 = Debug|Any CPU
		{0E7AB9DD-A1D5-4A49-9ED0-3C400A04C885}.Debug|x64.ActiveCfg = Debug|Any CPU
		{0E7AB9DD-A1D5-4A49-9ED0-3C400A04C885}.Debug|x64.Build.0 = Debug|Any CPU
		{0E7AB9DD-A1D5-4A49-9ED0-3C400A04C885}.Debug|x86.ActiveCfg = Debug|Any CPU
		{0E7AB9DD-A1D5-4A49-9ED0-3C400A04C885}.Debug|x86.Build.0 = Debug|Any CPU
		{0E7AB9DD-A1D5-4A49-9ED0-3C400A04C885}.Release|Any CPU.ActiveCfg = Release|Any CPU
		{0E7AB9DD-A1D5-4A49-9ED0-3C400A04C885}.Release|Any CPU.Build.0 = Release|Any CPU
		{0E7AB9DD-A1D5-4A49-9ED0-3C400A04C885}.Release|x64.ActiveCfg = Release|Any CPU
		{0E7AB9DD-A1D5-4A49-9ED0-3C400A04C885}.Release|x64.Build.0 = Release|Any CPU
		{0E7AB9DD-A1D5-4A49-9ED0-3C400A04C885}.Release|x86.ActiveCfg = Release|Any CPU
		{0E7AB9DD-A1D5-4A49-9ED0-3C400A04C885}.Release|x86.Build.0 = Release|Any CPU
		{6E19C6B6-4ADF-4DD6-86CC-6C1624BCDB71}.Debug|Any CPU.ActiveCfg = Debug|Any CPU
		{6E19C6B6-4ADF-4DD6-86CC-6C1624BCDB71}.Debug|Any CPU.Build.0 = Debug|Any CPU
		{6E19C6B6-4ADF-4DD6-86CC-6C1624BCDB71}.Debug|x64.ActiveCfg = Debug|Any CPU
		{6E19C6B6-4ADF-4DD6-86CC-6C1624BCDB71}.Debug|x64.Build.0 = Debug|Any CPU
		{6E19C6B6-4ADF-4DD6-86CC-6C1624BCDB71}.Debug|x86.ActiveCfg = Debug|Any CPU
		{6E19C6B6-4ADF-4DD6-86CC-6C1624BCDB71}.Debug|x86.Build.0 = Debug|Any CPU
		{6E19C6B6-4ADF-4DD6-86CC-6C1624BCDB71}.Release|Any CPU.ActiveCfg = Release|Any CPU
		{6E19C6B6-4ADF-4DD6-86CC-6C1624BCDB71}.Release|Any CPU.Build.0 = Release|Any CPU
		{6E19C6B6-4ADF-4DD6-86CC-6C1624BCDB71}.Release|x64.ActiveCfg = Release|Any CPU
		{6E19C6B6-4ADF-4DD6-86CC-6C1624BCDB71}.Release|x64.Build.0 = Release|Any CPU
		{6E19C6B6-4ADF-4DD6-86CC-6C1624BCDB71}.Release|x86.ActiveCfg = Release|Any CPU
		{6E19C6B6-4ADF-4DD6-86CC-6C1624BCDB71}.Release|x86.Build.0 = Release|Any CPU
		{62B929C4-3D15-4D43-AEFC-2D0BD3CFC20D}.Debug|Any CPU.ActiveCfg = Debug|Any CPU
		{62B929C4-3D15-4D43-AEFC-2D0BD3CFC20D}.Debug|Any CPU.Build.0 = Debug|Any CPU
		{62B929C4-3D15-4D43-AEFC-2D0BD3CFC20D}.Debug|x64.ActiveCfg = Debug|Any CPU
		{62B929C4-3D15-4D43-AEFC-2D0BD3CFC20D}.Debug|x64.Build.0 = Debug|Any CPU
		{62B929C4-3D15-4D43-AEFC-2D0BD3CFC20D}.Debug|x86.ActiveCfg = Debug|Any CPU
		{62B929C4-3D15-4D43-AEFC-2D0BD3CFC20D}.Debug|x86.Build.0 = Debug|Any CPU
		{62B929C4-3D15-4D43-AEFC-2D0BD3CFC20D}.Release|Any CPU.ActiveCfg = Release|Any CPU
		{62B929C4-3D15-4D43-AEFC-2D0BD3CFC20D}.Release|Any CPU.Build.0 = Release|Any CPU
		{62B929C4-3D15-4D43-AEFC-2D0BD3CFC20D}.Release|x64.ActiveCfg = Release|Any CPU
		{62B929C4-3D15-4D43-AEFC-2D0BD3CFC20D}.Release|x64.Build.0 = Release|Any CPU
		{62B929C4-3D15-4D43-AEFC-2D0BD3CFC20D}.Release|x86.ActiveCfg = Release|Any CPU
		{62B929C4-3D15-4D43-AEFC-2D0BD3CFC20D}.Release|x86.Build.0 = Release|Any CPU
		{3376C769-211F-4537-A156-5F841FF7840B}.Debug|Any CPU.ActiveCfg = Debug|Any CPU
		{3376C769-211F-4537-A156-5F841FF7840B}.Debug|Any CPU.Build.0 = Debug|Any CPU
		{3376C769-211F-4537-A156-5F841FF7840B}.Debug|x64.ActiveCfg = Debug|Any CPU
		{3376C769-211F-4537-A156-5F841FF7840B}.Debug|x64.Build.0 = Debug|Any CPU
		{3376C769-211F-4537-A156-5F841FF7840B}.Debug|x86.ActiveCfg = Debug|Any CPU
		{3376C769-211F-4537-A156-5F841FF7840B}.Debug|x86.Build.0 = Debug|Any CPU
		{3376C769-211F-4537-A156-5F841FF7840B}.Release|Any CPU.ActiveCfg = Release|Any CPU
		{3376C769-211F-4537-A156-5F841FF7840B}.Release|Any CPU.Build.0 = Release|Any CPU
		{3376C769-211F-4537-A156-5F841FF7840B}.Release|x64.ActiveCfg = Release|Any CPU
		{3376C769-211F-4537-A156-5F841FF7840B}.Release|x64.Build.0 = Release|Any CPU
		{3376C769-211F-4537-A156-5F841FF7840B}.Release|x86.ActiveCfg = Release|Any CPU
		{3376C769-211F-4537-A156-5F841FF7840B}.Release|x86.Build.0 = Release|Any CPU
		{B1BFCB54-0FE7-4745-A471-2D7F21B5C7B9}.Debug|Any CPU.ActiveCfg = Debug|Any CPU
		{B1BFCB54-0FE7-4745-A471-2D7F21B5C7B9}.Debug|Any CPU.Build.0 = Debug|Any CPU
		{B1BFCB54-0FE7-4745-A471-2D7F21B5C7B9}.Debug|x64.ActiveCfg = Debug|Any CPU
		{B1BFCB54-0FE7-4745-A471-2D7F21B5C7B9}.Debug|x64.Build.0 = Debug|Any CPU
		{B1BFCB54-0FE7-4745-A471-2D7F21B5C7B9}.Debug|x86.ActiveCfg = Debug|Any CPU
		{B1BFCB54-0FE7-4745-A471-2D7F21B5C7B9}.Debug|x86.Build.0 = Debug|Any CPU
		{B1BFCB54-0FE7-4745-A471-2D7F21B5C7B9}.Release|Any CPU.ActiveCfg = Release|Any CPU
		{B1BFCB54-0FE7-4745-A471-2D7F21B5C7B9}.Release|Any CPU.Build.0 = Release|Any CPU
		{B1BFCB54-0FE7-4745-A471-2D7F21B5C7B9}.Release|x64.ActiveCfg = Release|Any CPU
		{B1BFCB54-0FE7-4745-A471-2D7F21B5C7B9}.Release|x64.Build.0 = Release|Any CPU
		{B1BFCB54-0FE7-4745-A471-2D7F21B5C7B9}.Release|x86.ActiveCfg = Release|Any CPU
		{B1BFCB54-0FE7-4745-A471-2D7F21B5C7B9}.Release|x86.Build.0 = Release|Any CPU
		{E83B25A9-66C3-4E15-9BC3-E843CC471622}.Debug|Any CPU.ActiveCfg = Debug|Any CPU
		{E83B25A9-66C3-4E15-9BC3-E843CC471622}.Debug|Any CPU.Build.0 = Debug|Any CPU
		{E83B25A9-66C3-4E15-9BC3-E843CC471622}.Debug|x64.ActiveCfg = Debug|Any CPU
		{E83B25A9-66C3-4E15-9BC3-E843CC471622}.Debug|x64.Build.0 = Debug|Any CPU
		{E83B25A9-66C3-4E15-9BC3-E843CC471622}.Debug|x86.ActiveCfg = Debug|Any CPU
		{E83B25A9-66C3-4E15-9BC3-E843CC471622}.Debug|x86.Build.0 = Debug|Any CPU
		{E83B25A9-66C3-4E15-9BC3-E843CC471622}.Release|Any CPU.ActiveCfg = Release|Any CPU
		{E83B25A9-66C3-4E15-9BC3-E843CC471622}.Release|Any CPU.Build.0 = Release|Any CPU
		{E83B25A9-66C3-4E15-9BC3-E843CC471622}.Release|x64.ActiveCfg = Release|Any CPU
		{E83B25A9-66C3-4E15-9BC3-E843CC471622}.Release|x64.Build.0 = Release|Any CPU
		{E83B25A9-66C3-4E15-9BC3-E843CC471622}.Release|x86.ActiveCfg = Release|Any CPU
		{E83B25A9-66C3-4E15-9BC3-E843CC471622}.Release|x86.Build.0 = Release|Any CPU
		{03390E61-9DC1-4893-93A4-193D76C16034}.Debug|Any CPU.ActiveCfg = Debug|Any CPU
		{03390E61-9DC1-4893-93A4-193D76C16034}.Debug|Any CPU.Build.0 = Debug|Any CPU
		{03390E61-9DC1-4893-93A4-193D76C16034}.Debug|x64.ActiveCfg = Debug|Any CPU
		{03390E61-9DC1-4893-93A4-193D76C16034}.Debug|x64.Build.0 = Debug|Any CPU
		{03390E61-9DC1-4893-93A4-193D76C16034}.Debug|x86.ActiveCfg = Debug|Any CPU
		{03390E61-9DC1-4893-93A4-193D76C16034}.Debug|x86.Build.0 = Debug|Any CPU
		{03390E61-9DC1-4893-93A4-193D76C16034}.Release|Any CPU.ActiveCfg = Release|Any CPU
		{03390E61-9DC1-4893-93A4-193D76C16034}.Release|Any CPU.Build.0 = Release|Any CPU
		{03390E61-9DC1-4893-93A4-193D76C16034}.Release|x64.ActiveCfg = Release|Any CPU
		{03390E61-9DC1-4893-93A4-193D76C16034}.Release|x64.Build.0 = Release|Any CPU
		{03390E61-9DC1-4893-93A4-193D76C16034}.Release|x86.ActiveCfg = Release|Any CPU
		{03390E61-9DC1-4893-93A4-193D76C16034}.Release|x86.Build.0 = Release|Any CPU
		{FDCE3109-3EA0-4166-B6C0-BE7BB4196864}.Debug|Any CPU.ActiveCfg = Debug|Any CPU
		{FDCE3109-3EA0-4166-B6C0-BE7BB4196864}.Debug|Any CPU.Build.0 = Debug|Any CPU
		{FDCE3109-3EA0-4166-B6C0-BE7BB4196864}.Debug|x64.ActiveCfg = Debug|Any CPU
		{FDCE3109-3EA0-4166-B6C0-BE7BB4196864}.Debug|x64.Build.0 = Debug|Any CPU
		{FDCE3109-3EA0-4166-B6C0-BE7BB4196864}.Debug|x86.ActiveCfg = Debug|Any CPU
		{FDCE3109-3EA0-4166-B6C0-BE7BB4196864}.Debug|x86.Build.0 = Debug|Any CPU
		{FDCE3109-3EA0-4166-B6C0-BE7BB4196864}.Release|Any CPU.ActiveCfg = Release|Any CPU
		{FDCE3109-3EA0-4166-B6C0-BE7BB4196864}.Release|Any CPU.Build.0 = Release|Any CPU
		{FDCE3109-3EA0-4166-B6C0-BE7BB4196864}.Release|x64.ActiveCfg = Release|Any CPU
		{FDCE3109-3EA0-4166-B6C0-BE7BB4196864}.Release|x64.Build.0 = Release|Any CPU
		{FDCE3109-3EA0-4166-B6C0-BE7BB4196864}.Release|x86.ActiveCfg = Release|Any CPU
		{FDCE3109-3EA0-4166-B6C0-BE7BB4196864}.Release|x86.Build.0 = Release|Any CPU
		{D6AC20A4-1719-49FE-B112-B2AB564496F8}.Debug|Any CPU.ActiveCfg = Debug|Any CPU
		{D6AC20A4-1719-49FE-B112-B2AB564496F8}.Debug|Any CPU.Build.0 = Debug|Any CPU
		{D6AC20A4-1719-49FE-B112-B2AB564496F8}.Debug|x64.ActiveCfg = Debug|Any CPU
		{D6AC20A4-1719-49FE-B112-B2AB564496F8}.Debug|x64.Build.0 = Debug|Any CPU
		{D6AC20A4-1719-49FE-B112-B2AB564496F8}.Debug|x86.ActiveCfg = Debug|Any CPU
		{D6AC20A4-1719-49FE-B112-B2AB564496F8}.Debug|x86.Build.0 = Debug|Any CPU
		{D6AC20A4-1719-49FE-B112-B2AB564496F8}.Release|Any CPU.ActiveCfg = Release|Any CPU
		{D6AC20A4-1719-49FE-B112-B2AB564496F8}.Release|Any CPU.Build.0 = Release|Any CPU
		{D6AC20A4-1719-49FE-B112-B2AB564496F8}.Release|x64.ActiveCfg = Release|Any CPU
		{D6AC20A4-1719-49FE-B112-B2AB564496F8}.Release|x64.Build.0 = Release|Any CPU
		{D6AC20A4-1719-49FE-B112-B2AB564496F8}.Release|x86.ActiveCfg = Release|Any CPU
		{D6AC20A4-1719-49FE-B112-B2AB564496F8}.Release|x86.Build.0 = Release|Any CPU
	EndGlobalSection
	GlobalSection(SolutionProperties) = preSolution
		HideSolutionNode = FALSE
	EndGlobalSection
	GlobalSection(NestedProjects) = preSolution
		{86DC4DC7-DCEE-44AC-A7E3-B6D5A909422C} = {6BE49638-F842-4329-BE8A-30C0F30CCAA5}
		{D6FFE1CC-98D6-425F-95D2-E40122D96E80} = {6BE49638-F842-4329-BE8A-30C0F30CCAA5}
		{25ACF626-1C89-4A32-A434-E3DA17759631} = {C53DD924-C212-49EA-9BC4-1827421361EF}
		{FF9DA4D9-3A84-441B-8AAE-B73B6D1EE8B3} = {BB99CE55-AD68-484A-9474-B8BACED247AB}
		{697EB593-3277-4C43-B8F3-C578E21B051B} = {BB99CE55-AD68-484A-9474-B8BACED247AB}
		{4FA6B420-53A3-4956-9C02-8649A720A9F5} = {BB99CE55-AD68-484A-9474-B8BACED247AB}
		{AF298985-511F-476A-8F62-79908BE8DF01} = {A704E5B2-86A4-4D4F-902D-C10EA18C12DF}
		{39B69A56-43E9-480D-9A60-8E0917795FE8} = {A704E5B2-86A4-4D4F-902D-C10EA18C12DF}
		{F23ED302-7451-4D40-85C3-FACFCF884661} = {C53DD924-C212-49EA-9BC4-1827421361EF}
		{BA4250FD-9258-4469-A16D-48A0CAF5A2F8} = {C53DD924-C212-49EA-9BC4-1827421361EF}
		{DC0D0EE5-1C0C-4D3E-BA0B-D6A59717DA94} = {6BE49638-F842-4329-BE8A-30C0F30CCAA5}
		{3CCA947D-B466-4481-BC78-43CE98A8A3A7} = {80888CDA-37DC-4061-AF5F-7237BF16A320}
		{86D901E6-C054-445B-92EC-E267EBB16278} = {80888CDA-37DC-4061-AF5F-7237BF16A320}
		{4626A7D1-7AC0-4E21-9FED-083EF2A8194C} = {C53DD924-C212-49EA-9BC4-1827421361EF}
		{41F3EF12-6062-44CE-A1DB-1DCA76122AF8} = {C53DD924-C212-49EA-9BC4-1827421361EF}
		{6E19C6B6-4ADF-4DD6-86CC-6C1624BCDB71} = {C53DD924-C212-49EA-9BC4-1827421361EF}
		{3376C769-211F-4537-A156-5F841FF7840B} = {6BE49638-F842-4329-BE8A-30C0F30CCAA5}
		{03390E61-9DC1-4893-93A4-193D76C16034} = {6BE49638-F842-4329-BE8A-30C0F30CCAA5}
		{D6AC20A4-1719-49FE-B112-B2AB564496F8} = {C53DD924-C212-49EA-9BC4-1827421361EF}
	EndGlobalSection
	GlobalSection(ExtensibilityGlobals) = postSolution
		SolutionGuid = {32B9C883-432E-4FC8-A1BF-090EB033DD5B}
	EndGlobalSection
EndGlobal
