Microsoft Visual Studio Solution File, Format Version 12.00
# Visual Studio 15
VisualStudioVersion = 15.0.27411.0
MinimumVisualStudioVersion = 10.0.40219.1
Project("{9A19103F-16F7-4668-BE54-9A1E7A4F7556}") = "Microsoft.DotNet.Build.Tasks.Feed", "src\Microsoft.DotNet.Build.Tasks.Feed\Microsoft.DotNet.Build.Tasks.Feed.csproj", "{941D335B-AA65-4089-9502-F306B108D182}"
EndProject
Project("{2150E333-8FDC-42A3-9474-1A3956D46DE8}") = "Microsoft.DotNet.Helix", "Microsoft.DotNet.Helix", "{6BE49638-F842-4329-BE8A-30C0F30CCAA5}"
EndProject
Project("{9A19103F-16F7-4668-BE54-9A1E7A4F7556}") = "Microsoft.DotNet.Helix.Client", "src\Microsoft.DotNet.Helix\Client\CSharp\Microsoft.DotNet.Helix.Client.csproj", "{3A9C8374-D433-459F-81C5-C49715CD9C33}"
EndProject
Project("{9A19103F-16F7-4668-BE54-9A1E7A4F7556}") = "Microsoft.DotNet.Helix.Sdk", "src\Microsoft.DotNet.Helix\Sdk\Microsoft.DotNet.Helix.Sdk.csproj", "{86DC4DC7-DCEE-44AC-A7E3-B6D5A909422C}"
EndProject
Project("{9A19103F-16F7-4668-BE54-9A1E7A4F7556}") = "Microsoft.DotNet.GitSync.CommitManager", "src\Microsoft.DotNet.GitSync.CommitManager\Microsoft.DotNet.GitSync.CommitManager.csproj", "{ABCA58DD-8F77-457D-AC9A-D22227F51756}"
EndProject
Project("{9A19103F-16F7-4668-BE54-9A1E7A4F7556}") = "Microsoft.DotNet.SignTool", "src\Microsoft.DotNet.SignTool\Microsoft.DotNet.SignTool.csproj", "{FE2D1224-2C69-48E2-AEE6-F524AEACF567}"
EndProject
Project("{9A19103F-16F7-4668-BE54-9A1E7A4F7556}") = "Microsoft.DotNet.GitSync", "src\Microsoft.DotNet.GitSync\Microsoft.DotNet.GitSync.csproj", "{F7E1C1EF-C234-41BA-A24F-FAD5F357562C}"
EndProject
Project("{9A19103F-16F7-4668-BE54-9A1E7A4F7556}") = "Microsoft.DotNet.Arcade.Sdk", "src\Microsoft.DotNet.Arcade.Sdk\Microsoft.DotNet.Arcade.Sdk.csproj", "{747A5C75-6069-4C45-8049-AEAA1D864105}"
EndProject
Project("{9A19103F-16F7-4668-BE54-9A1E7A4F7556}") = "Microsoft.DotNet.DarcLib", "src\Microsoft.DotNet.Darc\src\DarcLib\Microsoft.DotNet.DarcLib.csproj", "{E6B8E8D8-957E-42CA-82E6-580B246097D1}"
EndProject
Project("{9A19103F-16F7-4668-BE54-9A1E7A4F7556}") = "Microsoft.DotNet.Helix.JobSender", "src\Microsoft.DotNet.Helix\JobSender\Microsoft.DotNet.Helix.JobSender.csproj", "{D6FFE1CC-98D6-425F-95D2-E40122D96E80}"
EndProject
Project("{9A19103F-16F7-4668-BE54-9A1E7A4F7556}") = "Microsoft.DotNet.Deployment.Tasks.Links", "src\Microsoft.DotNet.Deployment.Tasks.Links\Microsoft.DotNet.Deployment.Tasks.Links.csproj", "{40286528-B257-4DAC-AC7C-C4021DE957DC}"
EndProject
Project("{9A19103F-16F7-4668-BE54-9A1E7A4F7556}") = "Microsoft.DotNet.XUnitExtensions", "src\Microsoft.DotNet.XUnitExtensions\src\Microsoft.DotNet.XUnitExtensions.csproj", "{F8E7FEC3-B9E0-4A08-8608-F48379204F3A}"
EndProject
Project("{9A19103F-16F7-4668-BE54-9A1E7A4F7556}") = "Microsoft.DotNet.ServiceFabric.ServiceHost", "src\Microsoft.DotNet.ServiceFabric.ServiceHost\Microsoft.DotNet.ServiceFabric.ServiceHost.csproj", "{77371D91-1D9B-46E5-A1D5-E31CE3EEF524}"
EndProject
Project("{2150E333-8FDC-42A3-9474-1A3956D46DE8}") = "Maestro", "Maestro", "{AE791E26-78E1-4936-BCF4-1BF5152CBBD6}"
EndProject
Project("{9A19103F-16F7-4668-BE54-9A1E7A4F7556}") = "Maestro.Web", "src\Maestro\Maestro.Web\Maestro.Web.csproj", "{E12938B4-45A0-43E7-B569-873BFF08679A}"
EndProject
Project("{9A19103F-16F7-4668-BE54-9A1E7A4F7556}") = "Microsoft.AspNetCore.ApiVersioning", "src\Maestro\Microsoft.AspNetCore.ApiVersioning\Microsoft.AspNetCore.ApiVersioning.csproj", "{B56B670C-6E16-46D0-8B61-D6AD3B5A2BB7}"
EndProject
Project("{9A19103F-16F7-4668-BE54-9A1E7A4F7556}") = "Microsoft.AspNetCore.ApiVersioning.Analyzers", "src\Maestro\Microsoft.AspNetCore.ApiVersioning.Analyzers\Microsoft.AspNetCore.ApiVersioning.Analyzers.csproj", "{D2643A28-9B31-4321-ADD3-69819C877865}"
EndProject
Project("{9A19103F-16F7-4668-BE54-9A1E7A4F7556}") = "Microsoft.AspNetCore.ApiVersioning.Swashbuckle", "src\Maestro\Microsoft.AspNetCore.ApiVersioning.Swashbuckle\Microsoft.AspNetCore.ApiVersioning.Swashbuckle.csproj", "{7AF105AA-BD88-48EF-B565-E23BBF131D82}"
EndProject
Project("{9A19103F-16F7-4668-BE54-9A1E7A4F7556}") = "Microsoft.DotNet.Github.IssueLabeler", "src\Microsoft.DotNet.Github.IssueLabeler\Microsoft.DotNet.Github.IssueLabeler.csproj", "{A32C09E4-C334-4614-B40F-DEDF352C820E}"
EndProject
Project("{9A19103F-16F7-4668-BE54-9A1E7A4F7556}") = "Microsoft.DotNet.Maestro.Client", "src\Maestro\Client\src\Microsoft.DotNet.Maestro.Client.csproj", "{CBE5BE25-B3DE-4B73-AED5-644B7F752545}"
EndProject
Project("{9A19103F-16F7-4668-BE54-9A1E7A4F7556}") = "Microsoft.DotNet.Maestro.Tasks", "src\Maestro\Microsoft.DotNet.Maestro.Tasks\Microsoft.DotNet.Maestro.Tasks.csproj", "{A89A17DE-2012-4CB0-83D2-128B297A7C05}"
EndProject
Project("{9A19103F-16F7-4668-BE54-9A1E7A4F7556}") = "ServiceFabricMocks", "src\Maestro\ServiceFabricMocks\ServiceFabricMocks.csproj", "{7D66C883-C833-4BBC-82E5-5B2766DC719F}"
EndProject
Project("{9A19103F-16F7-4668-BE54-9A1E7A4F7556}") = "Maestro.Data", "src\Maestro\Maestro.Data\Maestro.Data.csproj", "{1FB787F0-9AB6-44AC-801E-4274A37693A3}"
EndProject
Project("{9A19103F-16F7-4668-BE54-9A1E7A4F7556}") = "Maestro.Contracts", "src\Maestro\Maestro.Contracts\Maestro.Contracts.csproj", "{1B8FF228-FE29-4963-8306-0BCBDD8073C3}"
EndProject
Project("{9A19103F-16F7-4668-BE54-9A1E7A4F7556}") = "DependencyUpdater", "src\Maestro\DependencyUpdater\DependencyUpdater.csproj", "{7D3FE978-4FFA-41EE-8A0A-1030AC471EF5}"
EndProject
Project("{2150E333-8FDC-42A3-9474-1A3956D46DE8}") = "tests", "tests", "{37184B58-835A-4D51-AA58-250430D283AA}"
EndProject
Project("{9A19103F-16F7-4668-BE54-9A1E7A4F7556}") = "DependencyUpdater.Tests", "src\Maestro\tests\DependencyUpdater.Tests\DependencyUpdater.Tests.csproj", "{EAD09A54-78AA-41FF-95F7-375B751CC916}"
EndProject
Project("{9A19103F-16F7-4668-BE54-9A1E7A4F7556}") = "SubscriptionActorService.Tests", "src\Maestro\tests\SubscriptionActorService.Tests\SubscriptionActorService.Tests.csproj", "{F36F9656-35D1-4B39-A812-25ED2E91F350}"
EndProject
Project("{9A19103F-16F7-4668-BE54-9A1E7A4F7556}") = "Maestro.GitHub", "src\Maestro\Maestro.GitHub\Maestro.GitHub.csproj", "{FB84F14D-9E75-4398-9D54-9AC189B83A53}"
EndProject
Project("{9A19103F-16F7-4668-BE54-9A1E7A4F7556}") = "SubscriptionActorService", "src\Maestro\SubscriptionActorService\SubscriptionActorService.csproj", "{EDF632B3-48E2-43FD-B014-79CDED8F4240}"
EndProject
Project("{9A19103F-16F7-4668-BE54-9A1E7A4F7556}") = "Microsoft.DotNet.EntityFrameworkCore.Extensions", "src\Maestro\Microsoft.DotNet.EntityFrameworkCore.Extensions\Microsoft.DotNet.EntityFrameworkCore.Extensions.csproj", "{C1678663-FB29-4D54-980E-00090785073D}"
EndProject
Project("{9A19103F-16F7-4668-BE54-9A1E7A4F7556}") = "Microsoft.DotNet.SignTool.Tests", "src\Microsoft.DotNet.SignTool.Tests\Microsoft.DotNet.SignTool.Tests.csproj", "{25ACF626-1C89-4A32-A434-E3DA17759631}"
EndProject
Project("{9A19103F-16F7-4668-BE54-9A1E7A4F7556}") = "Microsoft.AspNetCore.ApiPagination", "src\Maestro\Microsoft.AspNetCore.ApiPagination\Microsoft.AspNetCore.ApiPagination.csproj", "{01C47D1E-5EBD-484A-B317-B8FC86707E6E}"
EndProject
Project("{9A19103F-16F7-4668-BE54-9A1E7A4F7556}") = "Maestro.MergePolicies", "src\Maestro\Maestro.MergePolicies\Maestro.MergePolicies.csproj", "{37D70EEA-9621-44EB-921A-5D303917F851}"
EndProject
Project("{9A19103F-16F7-4668-BE54-9A1E7A4F7556}") = "Microsoft.DotNet.GenFacades", "src\Microsoft.DotNet.GenFacades\Microsoft.DotNet.GenFacades.csproj", "{B6778A84-3330-4F2E-9D26-316C78A4BCC2}"
EndProject
Project("{9A19103F-16F7-4668-BE54-9A1E7A4F7556}") = "Microsoft.Cci.Extensions", "src\Microsoft.Cci.Extensions\Microsoft.Cci.Extensions.csproj", "{BCBFB7E1-B202-4C88-AB9F-290B13F309FD}"
EndProject
Project("{2150E333-8FDC-42A3-9474-1A3956D46DE8}") = "Microsoft.DotNet.SwaggerGenerator", "Microsoft.DotNet.SwaggerGenerator", "{BB99CE55-AD68-484A-9474-B8BACED247AB}"
EndProject
Project("{FAE04EC0-301F-11D3-BF4B-00C04F79EFBC}") = "Microsoft.DotNet.SwaggerGenerator.CodeGenerator", "src\Microsoft.DotNet.SwaggerGenerator\Microsoft.DotNet.SwaggerGenerator.CodeGenerator\Microsoft.DotNet.SwaggerGenerator.CodeGenerator.csproj", "{FF9DA4D9-3A84-441B-8AAE-B73B6D1EE8B3}"
EndProject
Project("{FAE04EC0-301F-11D3-BF4B-00C04F79EFBC}") = "Microsoft.DotNet.SwaggerGenerator.CmdLine", "src\Microsoft.DotNet.SwaggerGenerator\Microsoft.DotNet.SwaggerGenerator.CmdLine\Microsoft.DotNet.SwaggerGenerator.CmdLine.csproj", "{697EB593-3277-4C43-B8F3-C578E21B051B}"
EndProject
Project("{FAE04EC0-301F-11D3-BF4B-00C04F79EFBC}") = "Microsoft.DotNet.SwaggerGenerator.MSBuild", "src\Microsoft.DotNet.SwaggerGenerator\Microsoft.DotNet.SwaggerGenerator.MSBuild\Microsoft.DotNet.SwaggerGenerator.MSBuild.csproj", "{4FA6B420-53A3-4956-9C02-8649A720A9F5}"
EndProject
Project("{9A19103F-16F7-4668-BE54-9A1E7A4F7556}") = "Microsoft.DotNet.GenAPI", "src\Microsoft.DotNet.GenAPI\Microsoft.DotNet.GenAPI.csproj", "{9427265E-C224-4B40-8157-F05529D084D3}"
EndProject
Global
	GlobalSection(SolutionConfigurationPlatforms) = preSolution
		Debug|Any CPU = Debug|Any CPU
		Debug|x64 = Debug|x64
		Debug|x86 = Debug|x86
		Release|Any CPU = Release|Any CPU
		Release|x64 = Release|x64
		Release|x86 = Release|x86
	EndGlobalSection
	GlobalSection(ProjectConfigurationPlatforms) = postSolution
		{941D335B-AA65-4089-9502-F306B108D182}.Debug|Any CPU.ActiveCfg = Debug|Any CPU
		{941D335B-AA65-4089-9502-F306B108D182}.Debug|Any CPU.Build.0 = Debug|Any CPU
		{941D335B-AA65-4089-9502-F306B108D182}.Debug|x64.ActiveCfg = Debug|Any CPU
		{941D335B-AA65-4089-9502-F306B108D182}.Debug|x64.Build.0 = Debug|Any CPU
		{941D335B-AA65-4089-9502-F306B108D182}.Debug|x86.ActiveCfg = Debug|Any CPU
		{941D335B-AA65-4089-9502-F306B108D182}.Debug|x86.Build.0 = Debug|Any CPU
		{941D335B-AA65-4089-9502-F306B108D182}.Release|Any CPU.ActiveCfg = Release|Any CPU
		{941D335B-AA65-4089-9502-F306B108D182}.Release|Any CPU.Build.0 = Release|Any CPU
		{941D335B-AA65-4089-9502-F306B108D182}.Release|x64.ActiveCfg = Release|Any CPU
		{941D335B-AA65-4089-9502-F306B108D182}.Release|x64.Build.0 = Release|Any CPU
		{941D335B-AA65-4089-9502-F306B108D182}.Release|x86.ActiveCfg = Release|Any CPU
		{941D335B-AA65-4089-9502-F306B108D182}.Release|x86.Build.0 = Release|Any CPU
		{3A9C8374-D433-459F-81C5-C49715CD9C33}.Debug|Any CPU.ActiveCfg = Debug|Any CPU
		{3A9C8374-D433-459F-81C5-C49715CD9C33}.Debug|Any CPU.Build.0 = Debug|Any CPU
		{3A9C8374-D433-459F-81C5-C49715CD9C33}.Debug|x64.ActiveCfg = Debug|Any CPU
		{3A9C8374-D433-459F-81C5-C49715CD9C33}.Debug|x64.Build.0 = Debug|Any CPU
		{3A9C8374-D433-459F-81C5-C49715CD9C33}.Debug|x86.ActiveCfg = Debug|Any CPU
		{3A9C8374-D433-459F-81C5-C49715CD9C33}.Debug|x86.Build.0 = Debug|Any CPU
		{3A9C8374-D433-459F-81C5-C49715CD9C33}.Release|Any CPU.ActiveCfg = Release|Any CPU
		{3A9C8374-D433-459F-81C5-C49715CD9C33}.Release|Any CPU.Build.0 = Release|Any CPU
		{3A9C8374-D433-459F-81C5-C49715CD9C33}.Release|x64.ActiveCfg = Release|Any CPU
		{3A9C8374-D433-459F-81C5-C49715CD9C33}.Release|x64.Build.0 = Release|Any CPU
		{3A9C8374-D433-459F-81C5-C49715CD9C33}.Release|x86.ActiveCfg = Release|Any CPU
		{3A9C8374-D433-459F-81C5-C49715CD9C33}.Release|x86.Build.0 = Release|Any CPU
		{86DC4DC7-DCEE-44AC-A7E3-B6D5A909422C}.Debug|Any CPU.ActiveCfg = Debug|Any CPU
		{86DC4DC7-DCEE-44AC-A7E3-B6D5A909422C}.Debug|Any CPU.Build.0 = Debug|Any CPU
		{86DC4DC7-DCEE-44AC-A7E3-B6D5A909422C}.Debug|x64.ActiveCfg = Debug|Any CPU
		{86DC4DC7-DCEE-44AC-A7E3-B6D5A909422C}.Debug|x64.Build.0 = Debug|Any CPU
		{86DC4DC7-DCEE-44AC-A7E3-B6D5A909422C}.Debug|x86.ActiveCfg = Debug|Any CPU
		{86DC4DC7-DCEE-44AC-A7E3-B6D5A909422C}.Debug|x86.Build.0 = Debug|Any CPU
		{86DC4DC7-DCEE-44AC-A7E3-B6D5A909422C}.Release|Any CPU.ActiveCfg = Release|Any CPU
		{86DC4DC7-DCEE-44AC-A7E3-B6D5A909422C}.Release|Any CPU.Build.0 = Release|Any CPU
		{86DC4DC7-DCEE-44AC-A7E3-B6D5A909422C}.Release|x64.ActiveCfg = Release|Any CPU
		{86DC4DC7-DCEE-44AC-A7E3-B6D5A909422C}.Release|x64.Build.0 = Release|Any CPU
		{86DC4DC7-DCEE-44AC-A7E3-B6D5A909422C}.Release|x86.ActiveCfg = Release|Any CPU
		{86DC4DC7-DCEE-44AC-A7E3-B6D5A909422C}.Release|x86.Build.0 = Release|Any CPU
		{ABCA58DD-8F77-457D-AC9A-D22227F51756}.Debug|Any CPU.ActiveCfg = Debug|Any CPU
		{ABCA58DD-8F77-457D-AC9A-D22227F51756}.Debug|Any CPU.Build.0 = Debug|Any CPU
		{ABCA58DD-8F77-457D-AC9A-D22227F51756}.Debug|x64.ActiveCfg = Debug|Any CPU
		{ABCA58DD-8F77-457D-AC9A-D22227F51756}.Debug|x64.Build.0 = Debug|Any CPU
		{ABCA58DD-8F77-457D-AC9A-D22227F51756}.Debug|x86.ActiveCfg = Debug|Any CPU
		{ABCA58DD-8F77-457D-AC9A-D22227F51756}.Debug|x86.Build.0 = Debug|Any CPU
		{ABCA58DD-8F77-457D-AC9A-D22227F51756}.Release|Any CPU.ActiveCfg = Release|Any CPU
		{ABCA58DD-8F77-457D-AC9A-D22227F51756}.Release|Any CPU.Build.0 = Release|Any CPU
		{ABCA58DD-8F77-457D-AC9A-D22227F51756}.Release|x64.ActiveCfg = Release|Any CPU
		{ABCA58DD-8F77-457D-AC9A-D22227F51756}.Release|x64.Build.0 = Release|Any CPU
		{ABCA58DD-8F77-457D-AC9A-D22227F51756}.Release|x86.ActiveCfg = Release|Any CPU
		{ABCA58DD-8F77-457D-AC9A-D22227F51756}.Release|x86.Build.0 = Release|Any CPU
		{FE2D1224-2C69-48E2-AEE6-F524AEACF567}.Debug|Any CPU.ActiveCfg = Debug|Any CPU
		{FE2D1224-2C69-48E2-AEE6-F524AEACF567}.Debug|Any CPU.Build.0 = Debug|Any CPU
		{FE2D1224-2C69-48E2-AEE6-F524AEACF567}.Debug|x64.ActiveCfg = Debug|Any CPU
		{FE2D1224-2C69-48E2-AEE6-F524AEACF567}.Debug|x64.Build.0 = Debug|Any CPU
		{FE2D1224-2C69-48E2-AEE6-F524AEACF567}.Debug|x86.ActiveCfg = Debug|Any CPU
		{FE2D1224-2C69-48E2-AEE6-F524AEACF567}.Debug|x86.Build.0 = Debug|Any CPU
		{FE2D1224-2C69-48E2-AEE6-F524AEACF567}.Release|Any CPU.ActiveCfg = Release|Any CPU
		{FE2D1224-2C69-48E2-AEE6-F524AEACF567}.Release|Any CPU.Build.0 = Release|Any CPU
		{FE2D1224-2C69-48E2-AEE6-F524AEACF567}.Release|x64.ActiveCfg = Release|Any CPU
		{FE2D1224-2C69-48E2-AEE6-F524AEACF567}.Release|x64.Build.0 = Release|Any CPU
		{FE2D1224-2C69-48E2-AEE6-F524AEACF567}.Release|x86.ActiveCfg = Release|Any CPU
		{FE2D1224-2C69-48E2-AEE6-F524AEACF567}.Release|x86.Build.0 = Release|Any CPU
		{F7E1C1EF-C234-41BA-A24F-FAD5F357562C}.Debug|Any CPU.ActiveCfg = Debug|Any CPU
		{F7E1C1EF-C234-41BA-A24F-FAD5F357562C}.Debug|Any CPU.Build.0 = Debug|Any CPU
		{F7E1C1EF-C234-41BA-A24F-FAD5F357562C}.Debug|x64.ActiveCfg = Debug|Any CPU
		{F7E1C1EF-C234-41BA-A24F-FAD5F357562C}.Debug|x64.Build.0 = Debug|Any CPU
		{F7E1C1EF-C234-41BA-A24F-FAD5F357562C}.Debug|x86.ActiveCfg = Debug|Any CPU
		{F7E1C1EF-C234-41BA-A24F-FAD5F357562C}.Debug|x86.Build.0 = Debug|Any CPU
		{F7E1C1EF-C234-41BA-A24F-FAD5F357562C}.Release|Any CPU.ActiveCfg = Release|Any CPU
		{F7E1C1EF-C234-41BA-A24F-FAD5F357562C}.Release|Any CPU.Build.0 = Release|Any CPU
		{F7E1C1EF-C234-41BA-A24F-FAD5F357562C}.Release|x64.ActiveCfg = Release|Any CPU
		{F7E1C1EF-C234-41BA-A24F-FAD5F357562C}.Release|x64.Build.0 = Release|Any CPU
		{F7E1C1EF-C234-41BA-A24F-FAD5F357562C}.Release|x86.ActiveCfg = Release|Any CPU
		{F7E1C1EF-C234-41BA-A24F-FAD5F357562C}.Release|x86.Build.0 = Release|Any CPU
		{747A5C75-6069-4C45-8049-AEAA1D864105}.Debug|Any CPU.ActiveCfg = Debug|Any CPU
		{747A5C75-6069-4C45-8049-AEAA1D864105}.Debug|Any CPU.Build.0 = Debug|Any CPU
		{747A5C75-6069-4C45-8049-AEAA1D864105}.Debug|x64.ActiveCfg = Debug|Any CPU
		{747A5C75-6069-4C45-8049-AEAA1D864105}.Debug|x64.Build.0 = Debug|Any CPU
		{747A5C75-6069-4C45-8049-AEAA1D864105}.Debug|x86.ActiveCfg = Debug|Any CPU
		{747A5C75-6069-4C45-8049-AEAA1D864105}.Debug|x86.Build.0 = Debug|Any CPU
		{747A5C75-6069-4C45-8049-AEAA1D864105}.Release|Any CPU.ActiveCfg = Release|Any CPU
		{747A5C75-6069-4C45-8049-AEAA1D864105}.Release|Any CPU.Build.0 = Release|Any CPU
		{747A5C75-6069-4C45-8049-AEAA1D864105}.Release|x64.ActiveCfg = Release|Any CPU
		{747A5C75-6069-4C45-8049-AEAA1D864105}.Release|x64.Build.0 = Release|Any CPU
		{747A5C75-6069-4C45-8049-AEAA1D864105}.Release|x86.ActiveCfg = Release|Any CPU
		{747A5C75-6069-4C45-8049-AEAA1D864105}.Release|x86.Build.0 = Release|Any CPU
		{E6B8E8D8-957E-42CA-82E6-580B246097D1}.Debug|Any CPU.ActiveCfg = Debug|Any CPU
		{E6B8E8D8-957E-42CA-82E6-580B246097D1}.Debug|Any CPU.Build.0 = Debug|Any CPU
		{E6B8E8D8-957E-42CA-82E6-580B246097D1}.Debug|x64.ActiveCfg = Debug|Any CPU
		{E6B8E8D8-957E-42CA-82E6-580B246097D1}.Debug|x64.Build.0 = Debug|Any CPU
		{E6B8E8D8-957E-42CA-82E6-580B246097D1}.Debug|x86.ActiveCfg = Debug|Any CPU
		{E6B8E8D8-957E-42CA-82E6-580B246097D1}.Debug|x86.Build.0 = Debug|Any CPU
		{E6B8E8D8-957E-42CA-82E6-580B246097D1}.Release|Any CPU.ActiveCfg = Release|Any CPU
		{E6B8E8D8-957E-42CA-82E6-580B246097D1}.Release|Any CPU.Build.0 = Release|Any CPU
		{E6B8E8D8-957E-42CA-82E6-580B246097D1}.Release|x64.ActiveCfg = Release|Any CPU
		{E6B8E8D8-957E-42CA-82E6-580B246097D1}.Release|x64.Build.0 = Release|Any CPU
		{E6B8E8D8-957E-42CA-82E6-580B246097D1}.Release|x86.ActiveCfg = Release|Any CPU
		{E6B8E8D8-957E-42CA-82E6-580B246097D1}.Release|x86.Build.0 = Release|Any CPU
		{D6FFE1CC-98D6-425F-95D2-E40122D96E80}.Debug|Any CPU.ActiveCfg = Debug|Any CPU
		{D6FFE1CC-98D6-425F-95D2-E40122D96E80}.Debug|Any CPU.Build.0 = Debug|Any CPU
		{D6FFE1CC-98D6-425F-95D2-E40122D96E80}.Debug|x64.ActiveCfg = Debug|Any CPU
		{D6FFE1CC-98D6-425F-95D2-E40122D96E80}.Debug|x64.Build.0 = Debug|Any CPU
		{D6FFE1CC-98D6-425F-95D2-E40122D96E80}.Debug|x86.ActiveCfg = Debug|Any CPU
		{D6FFE1CC-98D6-425F-95D2-E40122D96E80}.Debug|x86.Build.0 = Debug|Any CPU
		{D6FFE1CC-98D6-425F-95D2-E40122D96E80}.Release|Any CPU.ActiveCfg = Release|Any CPU
		{D6FFE1CC-98D6-425F-95D2-E40122D96E80}.Release|Any CPU.Build.0 = Release|Any CPU
		{D6FFE1CC-98D6-425F-95D2-E40122D96E80}.Release|x64.ActiveCfg = Release|Any CPU
		{D6FFE1CC-98D6-425F-95D2-E40122D96E80}.Release|x64.Build.0 = Release|Any CPU
		{D6FFE1CC-98D6-425F-95D2-E40122D96E80}.Release|x86.ActiveCfg = Release|Any CPU
		{D6FFE1CC-98D6-425F-95D2-E40122D96E80}.Release|x86.Build.0 = Release|Any CPU
		{40286528-B257-4DAC-AC7C-C4021DE957DC}.Debug|Any CPU.ActiveCfg = Debug|Any CPU
		{40286528-B257-4DAC-AC7C-C4021DE957DC}.Debug|Any CPU.Build.0 = Debug|Any CPU
		{40286528-B257-4DAC-AC7C-C4021DE957DC}.Debug|x64.ActiveCfg = Debug|Any CPU
		{40286528-B257-4DAC-AC7C-C4021DE957DC}.Debug|x64.Build.0 = Debug|Any CPU
		{40286528-B257-4DAC-AC7C-C4021DE957DC}.Debug|x86.ActiveCfg = Debug|Any CPU
		{40286528-B257-4DAC-AC7C-C4021DE957DC}.Debug|x86.Build.0 = Debug|Any CPU
		{40286528-B257-4DAC-AC7C-C4021DE957DC}.Release|Any CPU.ActiveCfg = Release|Any CPU
		{40286528-B257-4DAC-AC7C-C4021DE957DC}.Release|Any CPU.Build.0 = Release|Any CPU
		{40286528-B257-4DAC-AC7C-C4021DE957DC}.Release|x64.ActiveCfg = Release|Any CPU
		{40286528-B257-4DAC-AC7C-C4021DE957DC}.Release|x64.Build.0 = Release|Any CPU
		{40286528-B257-4DAC-AC7C-C4021DE957DC}.Release|x86.ActiveCfg = Release|Any CPU
		{40286528-B257-4DAC-AC7C-C4021DE957DC}.Release|x86.Build.0 = Release|Any CPU
		{F8E7FEC3-B9E0-4A08-8608-F48379204F3A}.Debug|Any CPU.ActiveCfg = Debug|Any CPU
		{F8E7FEC3-B9E0-4A08-8608-F48379204F3A}.Debug|Any CPU.Build.0 = Debug|Any CPU
		{F8E7FEC3-B9E0-4A08-8608-F48379204F3A}.Debug|x64.ActiveCfg = Debug|Any CPU
		{F8E7FEC3-B9E0-4A08-8608-F48379204F3A}.Debug|x64.Build.0 = Debug|Any CPU
		{F8E7FEC3-B9E0-4A08-8608-F48379204F3A}.Debug|x86.ActiveCfg = Debug|Any CPU
		{F8E7FEC3-B9E0-4A08-8608-F48379204F3A}.Debug|x86.Build.0 = Debug|Any CPU
		{F8E7FEC3-B9E0-4A08-8608-F48379204F3A}.Release|Any CPU.ActiveCfg = Release|Any CPU
		{F8E7FEC3-B9E0-4A08-8608-F48379204F3A}.Release|Any CPU.Build.0 = Release|Any CPU
		{F8E7FEC3-B9E0-4A08-8608-F48379204F3A}.Release|x64.ActiveCfg = Release|Any CPU
		{F8E7FEC3-B9E0-4A08-8608-F48379204F3A}.Release|x64.Build.0 = Release|Any CPU
		{F8E7FEC3-B9E0-4A08-8608-F48379204F3A}.Release|x86.ActiveCfg = Release|Any CPU
		{F8E7FEC3-B9E0-4A08-8608-F48379204F3A}.Release|x86.Build.0 = Release|Any CPU
		{77371D91-1D9B-46E5-A1D5-E31CE3EEF524}.Debug|Any CPU.ActiveCfg = Debug|Any CPU
		{77371D91-1D9B-46E5-A1D5-E31CE3EEF524}.Debug|Any CPU.Build.0 = Debug|Any CPU
		{77371D91-1D9B-46E5-A1D5-E31CE3EEF524}.Debug|x64.ActiveCfg = Debug|Any CPU
		{77371D91-1D9B-46E5-A1D5-E31CE3EEF524}.Debug|x64.Build.0 = Debug|Any CPU
		{77371D91-1D9B-46E5-A1D5-E31CE3EEF524}.Debug|x86.ActiveCfg = Debug|Any CPU
		{77371D91-1D9B-46E5-A1D5-E31CE3EEF524}.Debug|x86.Build.0 = Debug|Any CPU
		{77371D91-1D9B-46E5-A1D5-E31CE3EEF524}.Release|Any CPU.ActiveCfg = Release|Any CPU
		{77371D91-1D9B-46E5-A1D5-E31CE3EEF524}.Release|Any CPU.Build.0 = Release|Any CPU
		{77371D91-1D9B-46E5-A1D5-E31CE3EEF524}.Release|x64.ActiveCfg = Release|Any CPU
		{77371D91-1D9B-46E5-A1D5-E31CE3EEF524}.Release|x64.Build.0 = Release|Any CPU
		{77371D91-1D9B-46E5-A1D5-E31CE3EEF524}.Release|x86.ActiveCfg = Release|Any CPU
		{77371D91-1D9B-46E5-A1D5-E31CE3EEF524}.Release|x86.Build.0 = Release|Any CPU
		{E12938B4-45A0-43E7-B569-873BFF08679A}.Debug|Any CPU.ActiveCfg = Debug|Any CPU
		{E12938B4-45A0-43E7-B569-873BFF08679A}.Debug|Any CPU.Build.0 = Debug|Any CPU
		{E12938B4-45A0-43E7-B569-873BFF08679A}.Debug|x64.ActiveCfg = Debug|Any CPU
		{E12938B4-45A0-43E7-B569-873BFF08679A}.Debug|x64.Build.0 = Debug|Any CPU
		{E12938B4-45A0-43E7-B569-873BFF08679A}.Debug|x86.ActiveCfg = Debug|Any CPU
		{E12938B4-45A0-43E7-B569-873BFF08679A}.Debug|x86.Build.0 = Debug|Any CPU
		{E12938B4-45A0-43E7-B569-873BFF08679A}.Release|Any CPU.ActiveCfg = Release|Any CPU
		{E12938B4-45A0-43E7-B569-873BFF08679A}.Release|Any CPU.Build.0 = Release|Any CPU
		{E12938B4-45A0-43E7-B569-873BFF08679A}.Release|x64.ActiveCfg = Release|Any CPU
		{E12938B4-45A0-43E7-B569-873BFF08679A}.Release|x64.Build.0 = Release|Any CPU
		{E12938B4-45A0-43E7-B569-873BFF08679A}.Release|x86.ActiveCfg = Release|Any CPU
		{E12938B4-45A0-43E7-B569-873BFF08679A}.Release|x86.Build.0 = Release|Any CPU
		{B56B670C-6E16-46D0-8B61-D6AD3B5A2BB7}.Debug|Any CPU.ActiveCfg = Debug|Any CPU
		{B56B670C-6E16-46D0-8B61-D6AD3B5A2BB7}.Debug|Any CPU.Build.0 = Debug|Any CPU
		{B56B670C-6E16-46D0-8B61-D6AD3B5A2BB7}.Debug|x64.ActiveCfg = Debug|Any CPU
		{B56B670C-6E16-46D0-8B61-D6AD3B5A2BB7}.Debug|x64.Build.0 = Debug|Any CPU
		{B56B670C-6E16-46D0-8B61-D6AD3B5A2BB7}.Debug|x86.ActiveCfg = Debug|Any CPU
		{B56B670C-6E16-46D0-8B61-D6AD3B5A2BB7}.Debug|x86.Build.0 = Debug|Any CPU
		{B56B670C-6E16-46D0-8B61-D6AD3B5A2BB7}.Release|Any CPU.ActiveCfg = Release|Any CPU
		{B56B670C-6E16-46D0-8B61-D6AD3B5A2BB7}.Release|Any CPU.Build.0 = Release|Any CPU
		{B56B670C-6E16-46D0-8B61-D6AD3B5A2BB7}.Release|x64.ActiveCfg = Release|Any CPU
		{B56B670C-6E16-46D0-8B61-D6AD3B5A2BB7}.Release|x64.Build.0 = Release|Any CPU
		{B56B670C-6E16-46D0-8B61-D6AD3B5A2BB7}.Release|x86.ActiveCfg = Release|Any CPU
		{B56B670C-6E16-46D0-8B61-D6AD3B5A2BB7}.Release|x86.Build.0 = Release|Any CPU
		{D2643A28-9B31-4321-ADD3-69819C877865}.Debug|Any CPU.ActiveCfg = Debug|Any CPU
		{D2643A28-9B31-4321-ADD3-69819C877865}.Debug|Any CPU.Build.0 = Debug|Any CPU
		{D2643A28-9B31-4321-ADD3-69819C877865}.Debug|x64.ActiveCfg = Debug|Any CPU
		{D2643A28-9B31-4321-ADD3-69819C877865}.Debug|x64.Build.0 = Debug|Any CPU
		{D2643A28-9B31-4321-ADD3-69819C877865}.Debug|x86.ActiveCfg = Debug|Any CPU
		{D2643A28-9B31-4321-ADD3-69819C877865}.Debug|x86.Build.0 = Debug|Any CPU
		{D2643A28-9B31-4321-ADD3-69819C877865}.Release|Any CPU.ActiveCfg = Release|Any CPU
		{D2643A28-9B31-4321-ADD3-69819C877865}.Release|Any CPU.Build.0 = Release|Any CPU
		{D2643A28-9B31-4321-ADD3-69819C877865}.Release|x64.ActiveCfg = Release|Any CPU
		{D2643A28-9B31-4321-ADD3-69819C877865}.Release|x64.Build.0 = Release|Any CPU
		{D2643A28-9B31-4321-ADD3-69819C877865}.Release|x86.ActiveCfg = Release|Any CPU
		{D2643A28-9B31-4321-ADD3-69819C877865}.Release|x86.Build.0 = Release|Any CPU
		{7AF105AA-BD88-48EF-B565-E23BBF131D82}.Debug|Any CPU.ActiveCfg = Debug|Any CPU
		{7AF105AA-BD88-48EF-B565-E23BBF131D82}.Debug|Any CPU.Build.0 = Debug|Any CPU
		{7AF105AA-BD88-48EF-B565-E23BBF131D82}.Debug|x64.ActiveCfg = Debug|Any CPU
		{7AF105AA-BD88-48EF-B565-E23BBF131D82}.Debug|x64.Build.0 = Debug|Any CPU
		{7AF105AA-BD88-48EF-B565-E23BBF131D82}.Debug|x86.ActiveCfg = Debug|Any CPU
		{7AF105AA-BD88-48EF-B565-E23BBF131D82}.Debug|x86.Build.0 = Debug|Any CPU
		{7AF105AA-BD88-48EF-B565-E23BBF131D82}.Release|Any CPU.ActiveCfg = Release|Any CPU
		{7AF105AA-BD88-48EF-B565-E23BBF131D82}.Release|Any CPU.Build.0 = Release|Any CPU
		{7AF105AA-BD88-48EF-B565-E23BBF131D82}.Release|x64.ActiveCfg = Release|Any CPU
		{7AF105AA-BD88-48EF-B565-E23BBF131D82}.Release|x64.Build.0 = Release|Any CPU
		{7AF105AA-BD88-48EF-B565-E23BBF131D82}.Release|x86.ActiveCfg = Release|Any CPU
		{7AF105AA-BD88-48EF-B565-E23BBF131D82}.Release|x86.Build.0 = Release|Any CPU
		{A32C09E4-C334-4614-B40F-DEDF352C820E}.Debug|Any CPU.ActiveCfg = Debug|Any CPU
		{A32C09E4-C334-4614-B40F-DEDF352C820E}.Debug|Any CPU.Build.0 = Debug|Any CPU
		{A32C09E4-C334-4614-B40F-DEDF352C820E}.Debug|x64.ActiveCfg = Debug|Any CPU
		{A32C09E4-C334-4614-B40F-DEDF352C820E}.Debug|x64.Build.0 = Debug|Any CPU
		{A32C09E4-C334-4614-B40F-DEDF352C820E}.Debug|x86.ActiveCfg = Debug|Any CPU
		{A32C09E4-C334-4614-B40F-DEDF352C820E}.Debug|x86.Build.0 = Debug|Any CPU
		{A32C09E4-C334-4614-B40F-DEDF352C820E}.Release|Any CPU.ActiveCfg = Release|Any CPU
		{A32C09E4-C334-4614-B40F-DEDF352C820E}.Release|Any CPU.Build.0 = Release|Any CPU
		{A32C09E4-C334-4614-B40F-DEDF352C820E}.Release|x64.ActiveCfg = Release|Any CPU
		{A32C09E4-C334-4614-B40F-DEDF352C820E}.Release|x64.Build.0 = Release|Any CPU
		{A32C09E4-C334-4614-B40F-DEDF352C820E}.Release|x86.ActiveCfg = Release|Any CPU
		{A32C09E4-C334-4614-B40F-DEDF352C820E}.Release|x86.Build.0 = Release|Any CPU
		{CBE5BE25-B3DE-4B73-AED5-644B7F752545}.Debug|Any CPU.ActiveCfg = Debug|Any CPU
		{CBE5BE25-B3DE-4B73-AED5-644B7F752545}.Debug|Any CPU.Build.0 = Debug|Any CPU
		{CBE5BE25-B3DE-4B73-AED5-644B7F752545}.Debug|x64.ActiveCfg = Debug|Any CPU
		{CBE5BE25-B3DE-4B73-AED5-644B7F752545}.Debug|x64.Build.0 = Debug|Any CPU
		{CBE5BE25-B3DE-4B73-AED5-644B7F752545}.Debug|x86.ActiveCfg = Debug|Any CPU
		{CBE5BE25-B3DE-4B73-AED5-644B7F752545}.Debug|x86.Build.0 = Debug|Any CPU
		{CBE5BE25-B3DE-4B73-AED5-644B7F752545}.Release|Any CPU.ActiveCfg = Release|Any CPU
		{CBE5BE25-B3DE-4B73-AED5-644B7F752545}.Release|Any CPU.Build.0 = Release|Any CPU
		{CBE5BE25-B3DE-4B73-AED5-644B7F752545}.Release|x64.ActiveCfg = Release|Any CPU
		{CBE5BE25-B3DE-4B73-AED5-644B7F752545}.Release|x64.Build.0 = Release|Any CPU
		{CBE5BE25-B3DE-4B73-AED5-644B7F752545}.Release|x86.ActiveCfg = Release|Any CPU
		{CBE5BE25-B3DE-4B73-AED5-644B7F752545}.Release|x86.Build.0 = Release|Any CPU
		{A89A17DE-2012-4CB0-83D2-128B297A7C05}.Debug|Any CPU.ActiveCfg = Debug|Any CPU
		{A89A17DE-2012-4CB0-83D2-128B297A7C05}.Debug|Any CPU.Build.0 = Debug|Any CPU
		{A89A17DE-2012-4CB0-83D2-128B297A7C05}.Debug|x64.ActiveCfg = Debug|Any CPU
		{A89A17DE-2012-4CB0-83D2-128B297A7C05}.Debug|x64.Build.0 = Debug|Any CPU
		{A89A17DE-2012-4CB0-83D2-128B297A7C05}.Debug|x86.ActiveCfg = Debug|Any CPU
		{A89A17DE-2012-4CB0-83D2-128B297A7C05}.Debug|x86.Build.0 = Debug|Any CPU
		{A89A17DE-2012-4CB0-83D2-128B297A7C05}.Release|Any CPU.ActiveCfg = Release|Any CPU
		{A89A17DE-2012-4CB0-83D2-128B297A7C05}.Release|Any CPU.Build.0 = Release|Any CPU
		{A89A17DE-2012-4CB0-83D2-128B297A7C05}.Release|x64.ActiveCfg = Release|Any CPU
		{A89A17DE-2012-4CB0-83D2-128B297A7C05}.Release|x64.Build.0 = Release|Any CPU
		{A89A17DE-2012-4CB0-83D2-128B297A7C05}.Release|x86.ActiveCfg = Release|Any CPU
		{A89A17DE-2012-4CB0-83D2-128B297A7C05}.Release|x86.Build.0 = Release|Any CPU
		{7D66C883-C833-4BBC-82E5-5B2766DC719F}.Debug|Any CPU.ActiveCfg = Debug|Any CPU
		{7D66C883-C833-4BBC-82E5-5B2766DC719F}.Debug|Any CPU.Build.0 = Debug|Any CPU
		{7D66C883-C833-4BBC-82E5-5B2766DC719F}.Debug|x64.ActiveCfg = Debug|Any CPU
		{7D66C883-C833-4BBC-82E5-5B2766DC719F}.Debug|x64.Build.0 = Debug|Any CPU
		{7D66C883-C833-4BBC-82E5-5B2766DC719F}.Debug|x86.ActiveCfg = Debug|Any CPU
		{7D66C883-C833-4BBC-82E5-5B2766DC719F}.Debug|x86.Build.0 = Debug|Any CPU
		{7D66C883-C833-4BBC-82E5-5B2766DC719F}.Release|Any CPU.ActiveCfg = Release|Any CPU
		{7D66C883-C833-4BBC-82E5-5B2766DC719F}.Release|Any CPU.Build.0 = Release|Any CPU
		{7D66C883-C833-4BBC-82E5-5B2766DC719F}.Release|x64.ActiveCfg = Release|Any CPU
		{7D66C883-C833-4BBC-82E5-5B2766DC719F}.Release|x64.Build.0 = Release|Any CPU
		{7D66C883-C833-4BBC-82E5-5B2766DC719F}.Release|x86.ActiveCfg = Release|Any CPU
		{7D66C883-C833-4BBC-82E5-5B2766DC719F}.Release|x86.Build.0 = Release|Any CPU
		{1FB787F0-9AB6-44AC-801E-4274A37693A3}.Debug|Any CPU.ActiveCfg = Debug|Any CPU
		{1FB787F0-9AB6-44AC-801E-4274A37693A3}.Debug|Any CPU.Build.0 = Debug|Any CPU
		{1FB787F0-9AB6-44AC-801E-4274A37693A3}.Debug|x64.ActiveCfg = Debug|Any CPU
		{1FB787F0-9AB6-44AC-801E-4274A37693A3}.Debug|x64.Build.0 = Debug|Any CPU
		{1FB787F0-9AB6-44AC-801E-4274A37693A3}.Debug|x86.ActiveCfg = Debug|Any CPU
		{1FB787F0-9AB6-44AC-801E-4274A37693A3}.Debug|x86.Build.0 = Debug|Any CPU
		{1FB787F0-9AB6-44AC-801E-4274A37693A3}.Release|Any CPU.ActiveCfg = Release|Any CPU
		{1FB787F0-9AB6-44AC-801E-4274A37693A3}.Release|Any CPU.Build.0 = Release|Any CPU
		{1FB787F0-9AB6-44AC-801E-4274A37693A3}.Release|x64.ActiveCfg = Release|Any CPU
		{1FB787F0-9AB6-44AC-801E-4274A37693A3}.Release|x64.Build.0 = Release|Any CPU
		{1FB787F0-9AB6-44AC-801E-4274A37693A3}.Release|x86.ActiveCfg = Release|Any CPU
		{1FB787F0-9AB6-44AC-801E-4274A37693A3}.Release|x86.Build.0 = Release|Any CPU
		{1B8FF228-FE29-4963-8306-0BCBDD8073C3}.Debug|Any CPU.ActiveCfg = Debug|Any CPU
		{1B8FF228-FE29-4963-8306-0BCBDD8073C3}.Debug|Any CPU.Build.0 = Debug|Any CPU
		{1B8FF228-FE29-4963-8306-0BCBDD8073C3}.Debug|x64.ActiveCfg = Debug|Any CPU
		{1B8FF228-FE29-4963-8306-0BCBDD8073C3}.Debug|x64.Build.0 = Debug|Any CPU
		{1B8FF228-FE29-4963-8306-0BCBDD8073C3}.Debug|x86.ActiveCfg = Debug|Any CPU
		{1B8FF228-FE29-4963-8306-0BCBDD8073C3}.Debug|x86.Build.0 = Debug|Any CPU
		{1B8FF228-FE29-4963-8306-0BCBDD8073C3}.Release|Any CPU.ActiveCfg = Release|Any CPU
		{1B8FF228-FE29-4963-8306-0BCBDD8073C3}.Release|Any CPU.Build.0 = Release|Any CPU
		{1B8FF228-FE29-4963-8306-0BCBDD8073C3}.Release|x64.ActiveCfg = Release|Any CPU
		{1B8FF228-FE29-4963-8306-0BCBDD8073C3}.Release|x64.Build.0 = Release|Any CPU
		{1B8FF228-FE29-4963-8306-0BCBDD8073C3}.Release|x86.ActiveCfg = Release|Any CPU
		{1B8FF228-FE29-4963-8306-0BCBDD8073C3}.Release|x86.Build.0 = Release|Any CPU
		{7D3FE978-4FFA-41EE-8A0A-1030AC471EF5}.Debug|Any CPU.ActiveCfg = Debug|Any CPU
		{7D3FE978-4FFA-41EE-8A0A-1030AC471EF5}.Debug|Any CPU.Build.0 = Debug|Any CPU
		{7D3FE978-4FFA-41EE-8A0A-1030AC471EF5}.Debug|x64.ActiveCfg = Debug|Any CPU
		{7D3FE978-4FFA-41EE-8A0A-1030AC471EF5}.Debug|x64.Build.0 = Debug|Any CPU
		{7D3FE978-4FFA-41EE-8A0A-1030AC471EF5}.Debug|x86.ActiveCfg = Debug|Any CPU
		{7D3FE978-4FFA-41EE-8A0A-1030AC471EF5}.Debug|x86.Build.0 = Debug|Any CPU
		{7D3FE978-4FFA-41EE-8A0A-1030AC471EF5}.Release|Any CPU.ActiveCfg = Release|Any CPU
		{7D3FE978-4FFA-41EE-8A0A-1030AC471EF5}.Release|Any CPU.Build.0 = Release|Any CPU
		{7D3FE978-4FFA-41EE-8A0A-1030AC471EF5}.Release|x64.ActiveCfg = Release|Any CPU
		{7D3FE978-4FFA-41EE-8A0A-1030AC471EF5}.Release|x64.Build.0 = Release|Any CPU
		{7D3FE978-4FFA-41EE-8A0A-1030AC471EF5}.Release|x86.ActiveCfg = Release|Any CPU
		{7D3FE978-4FFA-41EE-8A0A-1030AC471EF5}.Release|x86.Build.0 = Release|Any CPU
		{EAD09A54-78AA-41FF-95F7-375B751CC916}.Debug|Any CPU.ActiveCfg = Debug|Any CPU
		{EAD09A54-78AA-41FF-95F7-375B751CC916}.Debug|Any CPU.Build.0 = Debug|Any CPU
		{EAD09A54-78AA-41FF-95F7-375B751CC916}.Debug|x64.ActiveCfg = Debug|Any CPU
		{EAD09A54-78AA-41FF-95F7-375B751CC916}.Debug|x64.Build.0 = Debug|Any CPU
		{EAD09A54-78AA-41FF-95F7-375B751CC916}.Debug|x86.ActiveCfg = Debug|Any CPU
		{EAD09A54-78AA-41FF-95F7-375B751CC916}.Debug|x86.Build.0 = Debug|Any CPU
		{EAD09A54-78AA-41FF-95F7-375B751CC916}.Release|Any CPU.ActiveCfg = Release|Any CPU
		{EAD09A54-78AA-41FF-95F7-375B751CC916}.Release|Any CPU.Build.0 = Release|Any CPU
		{EAD09A54-78AA-41FF-95F7-375B751CC916}.Release|x64.ActiveCfg = Release|Any CPU
		{EAD09A54-78AA-41FF-95F7-375B751CC916}.Release|x64.Build.0 = Release|Any CPU
		{EAD09A54-78AA-41FF-95F7-375B751CC916}.Release|x86.ActiveCfg = Release|Any CPU
		{EAD09A54-78AA-41FF-95F7-375B751CC916}.Release|x86.Build.0 = Release|Any CPU
		{F36F9656-35D1-4B39-A812-25ED2E91F350}.Debug|Any CPU.ActiveCfg = Debug|Any CPU
		{F36F9656-35D1-4B39-A812-25ED2E91F350}.Debug|Any CPU.Build.0 = Debug|Any CPU
		{F36F9656-35D1-4B39-A812-25ED2E91F350}.Debug|x64.ActiveCfg = Debug|Any CPU
		{F36F9656-35D1-4B39-A812-25ED2E91F350}.Debug|x64.Build.0 = Debug|Any CPU
		{F36F9656-35D1-4B39-A812-25ED2E91F350}.Debug|x86.ActiveCfg = Debug|Any CPU
		{F36F9656-35D1-4B39-A812-25ED2E91F350}.Debug|x86.Build.0 = Debug|Any CPU
		{F36F9656-35D1-4B39-A812-25ED2E91F350}.Release|Any CPU.ActiveCfg = Release|Any CPU
		{F36F9656-35D1-4B39-A812-25ED2E91F350}.Release|Any CPU.Build.0 = Release|Any CPU
		{F36F9656-35D1-4B39-A812-25ED2E91F350}.Release|x64.ActiveCfg = Release|Any CPU
		{F36F9656-35D1-4B39-A812-25ED2E91F350}.Release|x64.Build.0 = Release|Any CPU
		{F36F9656-35D1-4B39-A812-25ED2E91F350}.Release|x86.ActiveCfg = Release|Any CPU
		{F36F9656-35D1-4B39-A812-25ED2E91F350}.Release|x86.Build.0 = Release|Any CPU
		{FB84F14D-9E75-4398-9D54-9AC189B83A53}.Debug|Any CPU.ActiveCfg = Debug|Any CPU
		{FB84F14D-9E75-4398-9D54-9AC189B83A53}.Debug|Any CPU.Build.0 = Debug|Any CPU
		{FB84F14D-9E75-4398-9D54-9AC189B83A53}.Debug|x64.ActiveCfg = Debug|Any CPU
		{FB84F14D-9E75-4398-9D54-9AC189B83A53}.Debug|x64.Build.0 = Debug|Any CPU
		{FB84F14D-9E75-4398-9D54-9AC189B83A53}.Debug|x86.ActiveCfg = Debug|Any CPU
		{FB84F14D-9E75-4398-9D54-9AC189B83A53}.Debug|x86.Build.0 = Debug|Any CPU
		{FB84F14D-9E75-4398-9D54-9AC189B83A53}.Release|Any CPU.ActiveCfg = Release|Any CPU
		{FB84F14D-9E75-4398-9D54-9AC189B83A53}.Release|Any CPU.Build.0 = Release|Any CPU
		{FB84F14D-9E75-4398-9D54-9AC189B83A53}.Release|x64.ActiveCfg = Release|Any CPU
		{FB84F14D-9E75-4398-9D54-9AC189B83A53}.Release|x64.Build.0 = Release|Any CPU
		{FB84F14D-9E75-4398-9D54-9AC189B83A53}.Release|x86.ActiveCfg = Release|Any CPU
		{FB84F14D-9E75-4398-9D54-9AC189B83A53}.Release|x86.Build.0 = Release|Any CPU
		{EDF632B3-48E2-43FD-B014-79CDED8F4240}.Debug|Any CPU.ActiveCfg = Debug|Any CPU
		{EDF632B3-48E2-43FD-B014-79CDED8F4240}.Debug|Any CPU.Build.0 = Debug|Any CPU
		{EDF632B3-48E2-43FD-B014-79CDED8F4240}.Debug|x64.ActiveCfg = Debug|Any CPU
		{EDF632B3-48E2-43FD-B014-79CDED8F4240}.Debug|x64.Build.0 = Debug|Any CPU
		{EDF632B3-48E2-43FD-B014-79CDED8F4240}.Debug|x86.ActiveCfg = Debug|Any CPU
		{EDF632B3-48E2-43FD-B014-79CDED8F4240}.Debug|x86.Build.0 = Debug|Any CPU
		{EDF632B3-48E2-43FD-B014-79CDED8F4240}.Release|Any CPU.ActiveCfg = Release|Any CPU
		{EDF632B3-48E2-43FD-B014-79CDED8F4240}.Release|Any CPU.Build.0 = Release|Any CPU
		{EDF632B3-48E2-43FD-B014-79CDED8F4240}.Release|x64.ActiveCfg = Release|Any CPU
		{EDF632B3-48E2-43FD-B014-79CDED8F4240}.Release|x64.Build.0 = Release|Any CPU
		{EDF632B3-48E2-43FD-B014-79CDED8F4240}.Release|x86.ActiveCfg = Release|Any CPU
		{EDF632B3-48E2-43FD-B014-79CDED8F4240}.Release|x86.Build.0 = Release|Any CPU
		{C1678663-FB29-4D54-980E-00090785073D}.Debug|Any CPU.ActiveCfg = Debug|Any CPU
		{C1678663-FB29-4D54-980E-00090785073D}.Debug|Any CPU.Build.0 = Debug|Any CPU
		{C1678663-FB29-4D54-980E-00090785073D}.Debug|x64.ActiveCfg = Debug|Any CPU
		{C1678663-FB29-4D54-980E-00090785073D}.Debug|x64.Build.0 = Debug|Any CPU
		{C1678663-FB29-4D54-980E-00090785073D}.Debug|x86.ActiveCfg = Debug|Any CPU
		{C1678663-FB29-4D54-980E-00090785073D}.Debug|x86.Build.0 = Debug|Any CPU
		{C1678663-FB29-4D54-980E-00090785073D}.Release|Any CPU.ActiveCfg = Release|Any CPU
		{C1678663-FB29-4D54-980E-00090785073D}.Release|Any CPU.Build.0 = Release|Any CPU
		{C1678663-FB29-4D54-980E-00090785073D}.Release|x64.ActiveCfg = Release|Any CPU
		{C1678663-FB29-4D54-980E-00090785073D}.Release|x64.Build.0 = Release|Any CPU
		{C1678663-FB29-4D54-980E-00090785073D}.Release|x86.ActiveCfg = Release|Any CPU
		{C1678663-FB29-4D54-980E-00090785073D}.Release|x86.Build.0 = Release|Any CPU
		{25ACF626-1C89-4A32-A434-E3DA17759631}.Debug|Any CPU.ActiveCfg = Debug|Any CPU
		{25ACF626-1C89-4A32-A434-E3DA17759631}.Debug|Any CPU.Build.0 = Debug|Any CPU
		{25ACF626-1C89-4A32-A434-E3DA17759631}.Debug|x64.ActiveCfg = Debug|Any CPU
		{25ACF626-1C89-4A32-A434-E3DA17759631}.Debug|x64.Build.0 = Debug|Any CPU
		{25ACF626-1C89-4A32-A434-E3DA17759631}.Debug|x86.ActiveCfg = Debug|Any CPU
		{25ACF626-1C89-4A32-A434-E3DA17759631}.Debug|x86.Build.0 = Debug|Any CPU
		{25ACF626-1C89-4A32-A434-E3DA17759631}.Release|Any CPU.ActiveCfg = Release|Any CPU
		{25ACF626-1C89-4A32-A434-E3DA17759631}.Release|Any CPU.Build.0 = Release|Any CPU
		{25ACF626-1C89-4A32-A434-E3DA17759631}.Release|x64.ActiveCfg = Release|Any CPU
		{25ACF626-1C89-4A32-A434-E3DA17759631}.Release|x64.Build.0 = Release|Any CPU
		{25ACF626-1C89-4A32-A434-E3DA17759631}.Release|x86.ActiveCfg = Release|Any CPU
		{25ACF626-1C89-4A32-A434-E3DA17759631}.Release|x86.Build.0 = Release|Any CPU
		{01C47D1E-5EBD-484A-B317-B8FC86707E6E}.Debug|Any CPU.ActiveCfg = Debug|Any CPU
		{01C47D1E-5EBD-484A-B317-B8FC86707E6E}.Debug|Any CPU.Build.0 = Debug|Any CPU
		{01C47D1E-5EBD-484A-B317-B8FC86707E6E}.Debug|x64.ActiveCfg = Debug|Any CPU
		{01C47D1E-5EBD-484A-B317-B8FC86707E6E}.Debug|x64.Build.0 = Debug|Any CPU
		{01C47D1E-5EBD-484A-B317-B8FC86707E6E}.Debug|x86.ActiveCfg = Debug|Any CPU
		{01C47D1E-5EBD-484A-B317-B8FC86707E6E}.Debug|x86.Build.0 = Debug|Any CPU
		{01C47D1E-5EBD-484A-B317-B8FC86707E6E}.Release|Any CPU.ActiveCfg = Release|Any CPU
		{01C47D1E-5EBD-484A-B317-B8FC86707E6E}.Release|Any CPU.Build.0 = Release|Any CPU
		{01C47D1E-5EBD-484A-B317-B8FC86707E6E}.Release|x64.ActiveCfg = Release|Any CPU
		{01C47D1E-5EBD-484A-B317-B8FC86707E6E}.Release|x64.Build.0 = Release|Any CPU
		{01C47D1E-5EBD-484A-B317-B8FC86707E6E}.Release|x86.ActiveCfg = Release|Any CPU
		{01C47D1E-5EBD-484A-B317-B8FC86707E6E}.Release|x86.Build.0 = Release|Any CPU
		{37D70EEA-9621-44EB-921A-5D303917F851}.Debug|Any CPU.ActiveCfg = Debug|Any CPU
		{37D70EEA-9621-44EB-921A-5D303917F851}.Debug|Any CPU.Build.0 = Debug|Any CPU
		{37D70EEA-9621-44EB-921A-5D303917F851}.Debug|x64.ActiveCfg = Debug|Any CPU
		{37D70EEA-9621-44EB-921A-5D303917F851}.Debug|x64.Build.0 = Debug|Any CPU
		{37D70EEA-9621-44EB-921A-5D303917F851}.Debug|x86.ActiveCfg = Debug|Any CPU
		{37D70EEA-9621-44EB-921A-5D303917F851}.Debug|x86.Build.0 = Debug|Any CPU
		{37D70EEA-9621-44EB-921A-5D303917F851}.Release|Any CPU.ActiveCfg = Release|Any CPU
		{37D70EEA-9621-44EB-921A-5D303917F851}.Release|Any CPU.Build.0 = Release|Any CPU
		{37D70EEA-9621-44EB-921A-5D303917F851}.Release|x64.ActiveCfg = Release|Any CPU
		{37D70EEA-9621-44EB-921A-5D303917F851}.Release|x64.Build.0 = Release|Any CPU
		{37D70EEA-9621-44EB-921A-5D303917F851}.Release|x86.ActiveCfg = Release|Any CPU
		{37D70EEA-9621-44EB-921A-5D303917F851}.Release|x86.Build.0 = Release|Any CPU
		{B6778A84-3330-4F2E-9D26-316C78A4BCC2}.Debug|Any CPU.ActiveCfg = Debug|Any CPU
		{B6778A84-3330-4F2E-9D26-316C78A4BCC2}.Debug|Any CPU.Build.0 = Debug|Any CPU
		{B6778A84-3330-4F2E-9D26-316C78A4BCC2}.Debug|x64.ActiveCfg = Debug|Any CPU
		{B6778A84-3330-4F2E-9D26-316C78A4BCC2}.Debug|x64.Build.0 = Debug|Any CPU
		{B6778A84-3330-4F2E-9D26-316C78A4BCC2}.Debug|x86.ActiveCfg = Debug|Any CPU
		{B6778A84-3330-4F2E-9D26-316C78A4BCC2}.Debug|x86.Build.0 = Debug|Any CPU
		{B6778A84-3330-4F2E-9D26-316C78A4BCC2}.Release|Any CPU.ActiveCfg = Release|Any CPU
		{B6778A84-3330-4F2E-9D26-316C78A4BCC2}.Release|Any CPU.Build.0 = Release|Any CPU
		{B6778A84-3330-4F2E-9D26-316C78A4BCC2}.Release|x64.ActiveCfg = Release|Any CPU
		{B6778A84-3330-4F2E-9D26-316C78A4BCC2}.Release|x64.Build.0 = Release|Any CPU
		{B6778A84-3330-4F2E-9D26-316C78A4BCC2}.Release|x86.ActiveCfg = Release|Any CPU
		{B6778A84-3330-4F2E-9D26-316C78A4BCC2}.Release|x86.Build.0 = Release|Any CPU
		{BCBFB7E1-B202-4C88-AB9F-290B13F309FD}.Debug|Any CPU.ActiveCfg = Debug|Any CPU
		{BCBFB7E1-B202-4C88-AB9F-290B13F309FD}.Debug|Any CPU.Build.0 = Debug|Any CPU
		{BCBFB7E1-B202-4C88-AB9F-290B13F309FD}.Debug|x64.ActiveCfg = Debug|Any CPU
		{BCBFB7E1-B202-4C88-AB9F-290B13F309FD}.Debug|x64.Build.0 = Debug|Any CPU
		{BCBFB7E1-B202-4C88-AB9F-290B13F309FD}.Debug|x86.ActiveCfg = Debug|Any CPU
		{BCBFB7E1-B202-4C88-AB9F-290B13F309FD}.Debug|x86.Build.0 = Debug|Any CPU
		{BCBFB7E1-B202-4C88-AB9F-290B13F309FD}.Release|Any CPU.ActiveCfg = Release|Any CPU
		{BCBFB7E1-B202-4C88-AB9F-290B13F309FD}.Release|Any CPU.Build.0 = Release|Any CPU
		{BCBFB7E1-B202-4C88-AB9F-290B13F309FD}.Release|x64.ActiveCfg = Release|Any CPU
		{BCBFB7E1-B202-4C88-AB9F-290B13F309FD}.Release|x64.Build.0 = Release|Any CPU
		{BCBFB7E1-B202-4C88-AB9F-290B13F309FD}.Release|x86.ActiveCfg = Release|Any CPU
		{BCBFB7E1-B202-4C88-AB9F-290B13F309FD}.Release|x86.Build.0 = Release|Any CPU
		{FF9DA4D9-3A84-441B-8AAE-B73B6D1EE8B3}.Debug|Any CPU.ActiveCfg = Debug|Any CPU
		{FF9DA4D9-3A84-441B-8AAE-B73B6D1EE8B3}.Debug|Any CPU.Build.0 = Debug|Any CPU
		{FF9DA4D9-3A84-441B-8AAE-B73B6D1EE8B3}.Debug|x64.ActiveCfg = Debug|Any CPU
		{FF9DA4D9-3A84-441B-8AAE-B73B6D1EE8B3}.Debug|x64.Build.0 = Debug|Any CPU
		{FF9DA4D9-3A84-441B-8AAE-B73B6D1EE8B3}.Debug|x86.ActiveCfg = Debug|Any CPU
		{FF9DA4D9-3A84-441B-8AAE-B73B6D1EE8B3}.Debug|x86.Build.0 = Debug|Any CPU
		{FF9DA4D9-3A84-441B-8AAE-B73B6D1EE8B3}.Release|Any CPU.ActiveCfg = Release|Any CPU
		{FF9DA4D9-3A84-441B-8AAE-B73B6D1EE8B3}.Release|Any CPU.Build.0 = Release|Any CPU
		{FF9DA4D9-3A84-441B-8AAE-B73B6D1EE8B3}.Release|x64.ActiveCfg = Release|Any CPU
		{FF9DA4D9-3A84-441B-8AAE-B73B6D1EE8B3}.Release|x64.Build.0 = Release|Any CPU
		{FF9DA4D9-3A84-441B-8AAE-B73B6D1EE8B3}.Release|x86.ActiveCfg = Release|Any CPU
		{FF9DA4D9-3A84-441B-8AAE-B73B6D1EE8B3}.Release|x86.Build.0 = Release|Any CPU
		{697EB593-3277-4C43-B8F3-C578E21B051B}.Debug|Any CPU.ActiveCfg = Debug|Any CPU
		{697EB593-3277-4C43-B8F3-C578E21B051B}.Debug|Any CPU.Build.0 = Debug|Any CPU
		{697EB593-3277-4C43-B8F3-C578E21B051B}.Debug|x64.ActiveCfg = Debug|Any CPU
		{697EB593-3277-4C43-B8F3-C578E21B051B}.Debug|x64.Build.0 = Debug|Any CPU
		{697EB593-3277-4C43-B8F3-C578E21B051B}.Debug|x86.ActiveCfg = Debug|Any CPU
		{697EB593-3277-4C43-B8F3-C578E21B051B}.Debug|x86.Build.0 = Debug|Any CPU
		{697EB593-3277-4C43-B8F3-C578E21B051B}.Release|Any CPU.ActiveCfg = Release|Any CPU
		{697EB593-3277-4C43-B8F3-C578E21B051B}.Release|Any CPU.Build.0 = Release|Any CPU
		{697EB593-3277-4C43-B8F3-C578E21B051B}.Release|x64.ActiveCfg = Release|Any CPU
		{697EB593-3277-4C43-B8F3-C578E21B051B}.Release|x64.Build.0 = Release|Any CPU
		{697EB593-3277-4C43-B8F3-C578E21B051B}.Release|x86.ActiveCfg = Release|Any CPU
		{697EB593-3277-4C43-B8F3-C578E21B051B}.Release|x86.Build.0 = Release|Any CPU
		{4FA6B420-53A3-4956-9C02-8649A720A9F5}.Debug|Any CPU.ActiveCfg = Debug|Any CPU
		{4FA6B420-53A3-4956-9C02-8649A720A9F5}.Debug|Any CPU.Build.0 = Debug|Any CPU
		{4FA6B420-53A3-4956-9C02-8649A720A9F5}.Debug|x64.ActiveCfg = Debug|Any CPU
		{4FA6B420-53A3-4956-9C02-8649A720A9F5}.Debug|x64.Build.0 = Debug|Any CPU
		{4FA6B420-53A3-4956-9C02-8649A720A9F5}.Debug|x86.ActiveCfg = Debug|Any CPU
		{4FA6B420-53A3-4956-9C02-8649A720A9F5}.Debug|x86.Build.0 = Debug|Any CPU
		{4FA6B420-53A3-4956-9C02-8649A720A9F5}.Release|Any CPU.ActiveCfg = Release|Any CPU
		{4FA6B420-53A3-4956-9C02-8649A720A9F5}.Release|Any CPU.Build.0 = Release|Any CPU
		{4FA6B420-53A3-4956-9C02-8649A720A9F5}.Release|x64.ActiveCfg = Release|Any CPU
		{4FA6B420-53A3-4956-9C02-8649A720A9F5}.Release|x64.Build.0 = Release|Any CPU
		{4FA6B420-53A3-4956-9C02-8649A720A9F5}.Release|x86.ActiveCfg = Release|Any CPU
		{4FA6B420-53A3-4956-9C02-8649A720A9F5}.Release|x86.Build.0 = Release|Any CPU
		{9427265E-C224-4B40-8157-F05529D084D3}.Debug|Any CPU.ActiveCfg = Debug|Any CPU
		{9427265E-C224-4B40-8157-F05529D084D3}.Debug|Any CPU.Build.0 = Debug|Any CPU
		{9427265E-C224-4B40-8157-F05529D084D3}.Debug|x64.ActiveCfg = Debug|Any CPU
		{9427265E-C224-4B40-8157-F05529D084D3}.Debug|x64.Build.0 = Debug|Any CPU
		{9427265E-C224-4B40-8157-F05529D084D3}.Debug|x86.ActiveCfg = Debug|Any CPU
		{9427265E-C224-4B40-8157-F05529D084D3}.Debug|x86.Build.0 = Debug|Any CPU
		{9427265E-C224-4B40-8157-F05529D084D3}.Release|Any CPU.ActiveCfg = Release|Any CPU
		{9427265E-C224-4B40-8157-F05529D084D3}.Release|Any CPU.Build.0 = Release|Any CPU
		{9427265E-C224-4B40-8157-F05529D084D3}.Release|x64.ActiveCfg = Release|Any CPU
		{9427265E-C224-4B40-8157-F05529D084D3}.Release|x64.Build.0 = Release|Any CPU
		{9427265E-C224-4B40-8157-F05529D084D3}.Release|x86.ActiveCfg = Release|Any CPU
		{9427265E-C224-4B40-8157-F05529D084D3}.Release|x86.Build.0 = Release|Any CPU
	EndGlobalSection
	GlobalSection(SolutionProperties) = preSolution
		HideSolutionNode = FALSE
	EndGlobalSection
	GlobalSection(NestedProjects) = preSolution
		{3A9C8374-D433-459F-81C5-C49715CD9C33} = {6BE49638-F842-4329-BE8A-30C0F30CCAA5}
		{86DC4DC7-DCEE-44AC-A7E3-B6D5A909422C} = {6BE49638-F842-4329-BE8A-30C0F30CCAA5}
		{D6FFE1CC-98D6-425F-95D2-E40122D96E80} = {6BE49638-F842-4329-BE8A-30C0F30CCAA5}
		{E12938B4-45A0-43E7-B569-873BFF08679A} = {AE791E26-78E1-4936-BCF4-1BF5152CBBD6}
		{B56B670C-6E16-46D0-8B61-D6AD3B5A2BB7} = {AE791E26-78E1-4936-BCF4-1BF5152CBBD6}
		{D2643A28-9B31-4321-ADD3-69819C877865} = {AE791E26-78E1-4936-BCF4-1BF5152CBBD6}
		{7AF105AA-BD88-48EF-B565-E23BBF131D82} = {AE791E26-78E1-4936-BCF4-1BF5152CBBD6}
		{CBE5BE25-B3DE-4B73-AED5-644B7F752545} = {AE791E26-78E1-4936-BCF4-1BF5152CBBD6}
		{A89A17DE-2012-4CB0-83D2-128B297A7C05} = {AE791E26-78E1-4936-BCF4-1BF5152CBBD6}
		{7D66C883-C833-4BBC-82E5-5B2766DC719F} = {AE791E26-78E1-4936-BCF4-1BF5152CBBD6}
		{1FB787F0-9AB6-44AC-801E-4274A37693A3} = {AE791E26-78E1-4936-BCF4-1BF5152CBBD6}
		{1B8FF228-FE29-4963-8306-0BCBDD8073C3} = {AE791E26-78E1-4936-BCF4-1BF5152CBBD6}
		{7D3FE978-4FFA-41EE-8A0A-1030AC471EF5} = {AE791E26-78E1-4936-BCF4-1BF5152CBBD6}
		{37184B58-835A-4D51-AA58-250430D283AA} = {AE791E26-78E1-4936-BCF4-1BF5152CBBD6}
		{EAD09A54-78AA-41FF-95F7-375B751CC916} = {37184B58-835A-4D51-AA58-250430D283AA}
		{F36F9656-35D1-4B39-A812-25ED2E91F350} = {37184B58-835A-4D51-AA58-250430D283AA}
		{FB84F14D-9E75-4398-9D54-9AC189B83A53} = {AE791E26-78E1-4936-BCF4-1BF5152CBBD6}
		{EDF632B3-48E2-43FD-B014-79CDED8F4240} = {AE791E26-78E1-4936-BCF4-1BF5152CBBD6}
		{C1678663-FB29-4D54-980E-00090785073D} = {AE791E26-78E1-4936-BCF4-1BF5152CBBD6}
		{01C47D1E-5EBD-484A-B317-B8FC86707E6E} = {AE791E26-78E1-4936-BCF4-1BF5152CBBD6}
		{37D70EEA-9621-44EB-921A-5D303917F851} = {AE791E26-78E1-4936-BCF4-1BF5152CBBD6}
		{FF9DA4D9-3A84-441B-8AAE-B73B6D1EE8B3} = {BB99CE55-AD68-484A-9474-B8BACED247AB}
		{697EB593-3277-4C43-B8F3-C578E21B051B} = {BB99CE55-AD68-484A-9474-B8BACED247AB}
		{4FA6B420-53A3-4956-9C02-8649A720A9F5} = {BB99CE55-AD68-484A-9474-B8BACED247AB}
	EndGlobalSection
	GlobalSection(ExtensibilityGlobals) = postSolution
		SolutionGuid = {06E6CFF5-C54E-4623-9587-71A9E3F041D9}
	EndGlobalSection
EndGlobal
