
Microsoft Visual Studio Solution File, Format Version 12.00
# Visual Studio 15
VisualStudioVersion = 15.0.26124.0
MinimumVisualStudioVersion = 15.0.26124.0
Project("{2150E333-8FDC-42A3-9474-1A3956D46DE8}") = "src", "src", "{0020E515-BC5C-4E51-BECA-DA977D55C0BA}"
EndProject
Project("{FAE04EC0-301F-11D3-BF4B-00C04F79EFBC}") = "ClassLib1", "src\ClassLib1\ClassLib1.csproj", "{153F35DD-2ABE-48B8-B9C3-B06416E80CE2}"
EndProject
Global
	GlobalSection(SolutionConfigurationPlatforms) = preSolution
		Debug|Any CPU = Debug|Any CPU
		Debug|x64 = Debug|x64
		Debug|x86 = Debug|x86
		Release|Any CPU = Release|Any CPU
		Release|x64 = Release|x64
		Release|x86 = Release|x86
	EndGlobalSection
	GlobalSection(SolutionProperties) = preSolution
		HideSolutionNode = FALSE
	EndGlobalSection
	GlobalSection(ProjectConfigurationPlatforms) = postSolution
		{153F35DD-2ABE-48B8-B9C3-B06416E80CE2}.Debug|Any CPU.ActiveCfg = Debug|Any CPU
		{153F35DD-2ABE-48B8-B9C3-B06416E80CE2}.Debug|Any CPU.Build.0 = Debug|Any CPU
		{153F35DD-2ABE-48B8-B9C3-B06416E80CE2}.Debug|x64.ActiveCfg = Debug|Any CPU
		{153F35DD-2ABE-48B8-B9C3-B06416E80CE2}.Debug|x64.Build.0 = Debug|Any CPU
		{153F35DD-2ABE-48B8-B9C3-B06416E80CE2}.Debug|x86.ActiveCfg = Debug|Any CPU
		{153F35DD-2ABE-48B8-B9C3-B06416E80CE2}.Debug|x86.Build.0 = Debug|Any CPU
		{153F35DD-2ABE-48B8-B9C3-B06416E80CE2}.Release|Any CPU.ActiveCfg = Release|Any CPU
		{153F35DD-2ABE-48B8-B9C3-B06416E80CE2}.Release|Any CPU.Build.0 = Release|Any CPU
		{153F35DD-2ABE-48B8-B9C3-B06416E80CE2}.Release|x64.ActiveCfg = Release|Any CPU
		{153F35DD-2ABE-48B8-B9C3-B06416E80CE2}.Release|x64.Build.0 = Release|Any CPU
		{153F35DD-2ABE-48B8-B9C3-B06416E80CE2}.Release|x86.ActiveCfg = Release|Any CPU
		{153F35DD-2ABE-48B8-B9C3-B06416E80CE2}.Release|x86.Build.0 = Release|Any CPU
	EndGlobalSection
	GlobalSection(NestedProjects) = preSolution
		{153F35DD-2ABE-48B8-B9C3-B06416E80CE2} = {0020E515-BC5C-4E51-BECA-DA977D55C0BA}
	EndGlobalSection
EndGlobal
