
Microsoft Visual Studio Solution File, Format Version 12.00
# Visual Studio 15
VisualStudioVersion = 15.0.27917.1
MinimumVisualStudioVersion = 10.0.40219.1
Project("{9A19103F-16F7-4668-BE54-9A1E7A4F7556}") = "Maestro.Web", "Maestro.Web\Maestro.Web.csproj", "{031A182F-57D5-4D8E-B73B-0542444BB89F}"
EndProject
Project("{9A19103F-16F7-4668-BE54-9A1E7A4F7556}") = "Microsoft.AspNetCore.ApiVersioning", "Microsoft.AspNetCore.ApiVersioning\Microsoft.AspNetCore.ApiVersioning.csproj", "{F7040EA5-2CEF-4D1E-9055-CB70E132FEEA}"
EndProject
Project("{9A19103F-16F7-4668-BE54-9A1E7A4F7556}") = "Microsoft.AspNetCore.ApiVersioning.Analyzers", "Microsoft.AspNetCore.ApiVersioning.Analyzers\Microsoft.AspNetCore.ApiVersioning.Analyzers.csproj", "{AE3E5773-FAEF-488C-B1CB-D4AC17526DEE}"
EndProject
Project("{9A19103F-16F7-4668-BE54-9A1E7A4F7556}") = "Microsoft.AspNetCore.ApiVersioning.Swashbuckle", "Microsoft.AspNetCore.ApiVersioning.Swashbuckle\Microsoft.AspNetCore.ApiVersioning.Swashbuckle.csproj", "{47F97F8C-33E1-4027-BD01-53AA4BA2C9AB}"
EndProject
Project("{9A19103F-16F7-4668-BE54-9A1E7A4F7556}") = "Microsoft.DotNet.ServiceFabric.ServiceHost", "..\Microsoft.DotNet.ServiceFabric.ServiceHost\Microsoft.DotNet.ServiceFabric.ServiceHost.csproj", "{040F8F1C-3CA1-4D3A-9877-44FD9DA25BD5}"
EndProject
Project("{A07B5EB6-E848-4116-A8D0-A826331D98C6}") = "MaestroApplication", "MaestroApplication\MaestroApplication.sfproj", "{93F066A5-A2D8-4926-A255-81077AEE5972}"
EndProject
Project("{9A19103F-16F7-4668-BE54-9A1E7A4F7556}") = "Microsoft.DotNet.Maestro.Client", "Client\src\Microsoft.DotNet.Maestro.Client.csproj", "{0A4B565E-A542-4D1E-8154-72B344479F12}"
EndProject
Project("{9A19103F-16F7-4668-BE54-9A1E7A4F7556}") = "DependencyUpdater", "DependencyUpdater\DependencyUpdater.csproj", "{DE37A8C1-BACF-46B0-8D2E-1A90D6D6A44F}"
EndProject
Project("{9A19103F-16F7-4668-BE54-9A1E7A4F7556}") = "Maestro.Contracts", "Maestro.Contracts\Maestro.Contracts.csproj", "{BD102A98-2A4A-4AC1-873F-9E76E7A323D9}"
EndProject
Project("{9A19103F-16F7-4668-BE54-9A1E7A4F7556}") = "Maestro.Data", "Maestro.Data\Maestro.Data.csproj", "{F3C48199-4375-4DF0-9D24-F910A20E8644}"
EndProject
Project("{9A19103F-16F7-4668-BE54-9A1E7A4F7556}") = "ServiceFabricMocks", "ServiceFabricMocks\ServiceFabricMocks.csproj", "{2D4EB13B-F055-4DF6-860F-2E6E674585AA}"
EndProject
Project("{2150E333-8FDC-42A3-9474-1A3956D46DE8}") = "tests", "tests", "{69454143-8045-4799-BCF3-323F75FF14C5}"
EndProject
Project("{9A19103F-16F7-4668-BE54-9A1E7A4F7556}") = "DependencyUpdater.Tests", "tests\DependencyUpdater.Tests\DependencyUpdater.Tests.csproj", "{BC74E068-4FFB-40DC-9B7E-6FDC6AAB3BCE}"
EndProject
Project("{9A19103F-16F7-4668-BE54-9A1E7A4F7556}") = "Microsoft.DotNet.DarcLib", "..\Microsoft.DotNet.Darc\src\DarcLib\Microsoft.DotNet.DarcLib.csproj", "{3061F261-4C8C-4292-9A23-17743183C4FF}"
EndProject
Project("{9A19103F-16F7-4668-BE54-9A1E7A4F7556}") = "Maestro.GitHub", "Maestro.GitHub\Maestro.GitHub.csproj", "{99169D85-48FA-4AD6-97E4-87BBDB6D759B}"
EndProject
Project("{9A19103F-16F7-4668-BE54-9A1E7A4F7556}") = "SubscriptionActorService", "SubscriptionActorService\SubscriptionActorService.csproj", "{14E9078C-8168-4CDD-95C1-2BDFC34CE547}"
EndProject
Project("{9A19103F-16F7-4668-BE54-9A1E7A4F7556}") = "SubscriptionActorService.Tests", "tests\SubscriptionActorService.Tests\SubscriptionActorService.Tests.csproj", "{32FA6B55-5EF1-47BD-9FF6-2E3541E19884}"
EndProject
Project("{9A19103F-16F7-4668-BE54-9A1E7A4F7556}") = "Microsoft.DotNet.EntityFrameworkCore.Extensions", "Microsoft.DotNet.EntityFrameworkCore.Extensions\Microsoft.DotNet.EntityFrameworkCore.Extensions.csproj", "{0830F09B-884A-42C6-BA64-2F267283623B}"
EndProject
Project("{9A19103F-16F7-4668-BE54-9A1E7A4F7556}") = "Microsoft.AspNetCore.ApiPagination", "Microsoft.AspNetCore.ApiPagination\Microsoft.AspNetCore.ApiPagination.csproj", "{C7C411A5-B404-4E7E-83E5-26826A3F1DF8}"
EndProject
Project("{9A19103F-16F7-4668-BE54-9A1E7A4F7556}") = "Maestro.MergePolicies", "Maestro.MergePolicies\Maestro.MergePolicies.csproj", "{B8A3BA40-534B-4DD5-B8AE-17016011E62F}"
EndProject
Project("{2150E333-8FDC-42A3-9474-1A3956D46DE8}") = "svcs", "svcs", "{74294C4E-44D5-4CCC-A26E-FB7B60880CCC}"
EndProject
Global
	GlobalSection(SolutionConfigurationPlatforms) = preSolution
		Debug|Any CPU = Debug|Any CPU
		Debug|x64 = Debug|x64
		Debug|x86 = Debug|x86
		Release|Any CPU = Release|Any CPU
		Release|x64 = Release|x64
		Release|x86 = Release|x86
	EndGlobalSection
	GlobalSection(ProjectConfigurationPlatforms) = postSolution
		{031A182F-57D5-4D8E-B73B-0542444BB89F}.Debug|Any CPU.ActiveCfg = Debug|Any CPU
		{031A182F-57D5-4D8E-B73B-0542444BB89F}.Debug|Any CPU.Build.0 = Debug|Any CPU
		{031A182F-57D5-4D8E-B73B-0542444BB89F}.Debug|x64.ActiveCfg = Debug|Any CPU
		{031A182F-57D5-4D8E-B73B-0542444BB89F}.Debug|x64.Build.0 = Debug|Any CPU
		{031A182F-57D5-4D8E-B73B-0542444BB89F}.Debug|x86.ActiveCfg = Debug|Any CPU
		{031A182F-57D5-4D8E-B73B-0542444BB89F}.Debug|x86.Build.0 = Debug|Any CPU
		{031A182F-57D5-4D8E-B73B-0542444BB89F}.Release|Any CPU.ActiveCfg = Release|Any CPU
		{031A182F-57D5-4D8E-B73B-0542444BB89F}.Release|Any CPU.Build.0 = Release|Any CPU
		{031A182F-57D5-4D8E-B73B-0542444BB89F}.Release|x64.ActiveCfg = Release|Any CPU
		{031A182F-57D5-4D8E-B73B-0542444BB89F}.Release|x64.Build.0 = Release|Any CPU
		{031A182F-57D5-4D8E-B73B-0542444BB89F}.Release|x86.ActiveCfg = Release|Any CPU
		{031A182F-57D5-4D8E-B73B-0542444BB89F}.Release|x86.Build.0 = Release|Any CPU
		{F7040EA5-2CEF-4D1E-9055-CB70E132FEEA}.Debug|Any CPU.ActiveCfg = Debug|Any CPU
		{F7040EA5-2CEF-4D1E-9055-CB70E132FEEA}.Debug|Any CPU.Build.0 = Debug|Any CPU
		{F7040EA5-2CEF-4D1E-9055-CB70E132FEEA}.Debug|x64.ActiveCfg = Debug|Any CPU
		{F7040EA5-2CEF-4D1E-9055-CB70E132FEEA}.Debug|x64.Build.0 = Debug|Any CPU
		{F7040EA5-2CEF-4D1E-9055-CB70E132FEEA}.Debug|x86.ActiveCfg = Debug|Any CPU
		{F7040EA5-2CEF-4D1E-9055-CB70E132FEEA}.Debug|x86.Build.0 = Debug|Any CPU
		{F7040EA5-2CEF-4D1E-9055-CB70E132FEEA}.Release|Any CPU.ActiveCfg = Release|Any CPU
		{F7040EA5-2CEF-4D1E-9055-CB70E132FEEA}.Release|Any CPU.Build.0 = Release|Any CPU
		{F7040EA5-2CEF-4D1E-9055-CB70E132FEEA}.Release|x64.ActiveCfg = Release|Any CPU
		{F7040EA5-2CEF-4D1E-9055-CB70E132FEEA}.Release|x64.Build.0 = Release|Any CPU
		{F7040EA5-2CEF-4D1E-9055-CB70E132FEEA}.Release|x86.ActiveCfg = Release|Any CPU
		{F7040EA5-2CEF-4D1E-9055-CB70E132FEEA}.Release|x86.Build.0 = Release|Any CPU
		{AE3E5773-FAEF-488C-B1CB-D4AC17526DEE}.Debug|Any CPU.ActiveCfg = Debug|Any CPU
		{AE3E5773-FAEF-488C-B1CB-D4AC17526DEE}.Debug|Any CPU.Build.0 = Debug|Any CPU
		{AE3E5773-FAEF-488C-B1CB-D4AC17526DEE}.Debug|x64.ActiveCfg = Debug|Any CPU
		{AE3E5773-FAEF-488C-B1CB-D4AC17526DEE}.Debug|x64.Build.0 = Debug|Any CPU
		{AE3E5773-FAEF-488C-B1CB-D4AC17526DEE}.Debug|x86.ActiveCfg = Debug|Any CPU
		{AE3E5773-FAEF-488C-B1CB-D4AC17526DEE}.Debug|x86.Build.0 = Debug|Any CPU
		{AE3E5773-FAEF-488C-B1CB-D4AC17526DEE}.Release|Any CPU.ActiveCfg = Release|Any CPU
		{AE3E5773-FAEF-488C-B1CB-D4AC17526DEE}.Release|Any CPU.Build.0 = Release|Any CPU
		{AE3E5773-FAEF-488C-B1CB-D4AC17526DEE}.Release|x64.ActiveCfg = Release|Any CPU
		{AE3E5773-FAEF-488C-B1CB-D4AC17526DEE}.Release|x64.Build.0 = Release|Any CPU
		{AE3E5773-FAEF-488C-B1CB-D4AC17526DEE}.Release|x86.ActiveCfg = Release|Any CPU
		{AE3E5773-FAEF-488C-B1CB-D4AC17526DEE}.Release|x86.Build.0 = Release|Any CPU
		{47F97F8C-33E1-4027-BD01-53AA4BA2C9AB}.Debug|Any CPU.ActiveCfg = Debug|Any CPU
		{47F97F8C-33E1-4027-BD01-53AA4BA2C9AB}.Debug|Any CPU.Build.0 = Debug|Any CPU
		{47F97F8C-33E1-4027-BD01-53AA4BA2C9AB}.Debug|x64.ActiveCfg = Debug|Any CPU
		{47F97F8C-33E1-4027-BD01-53AA4BA2C9AB}.Debug|x64.Build.0 = Debug|Any CPU
		{47F97F8C-33E1-4027-BD01-53AA4BA2C9AB}.Debug|x86.ActiveCfg = Debug|Any CPU
		{47F97F8C-33E1-4027-BD01-53AA4BA2C9AB}.Debug|x86.Build.0 = Debug|Any CPU
		{47F97F8C-33E1-4027-BD01-53AA4BA2C9AB}.Release|Any CPU.ActiveCfg = Release|Any CPU
		{47F97F8C-33E1-4027-BD01-53AA4BA2C9AB}.Release|Any CPU.Build.0 = Release|Any CPU
		{47F97F8C-33E1-4027-BD01-53AA4BA2C9AB}.Release|x64.ActiveCfg = Release|Any CPU
		{47F97F8C-33E1-4027-BD01-53AA4BA2C9AB}.Release|x64.Build.0 = Release|Any CPU
		{47F97F8C-33E1-4027-BD01-53AA4BA2C9AB}.Release|x86.ActiveCfg = Release|Any CPU
		{47F97F8C-33E1-4027-BD01-53AA4BA2C9AB}.Release|x86.Build.0 = Release|Any CPU
		{040F8F1C-3CA1-4D3A-9877-44FD9DA25BD5}.Debug|Any CPU.ActiveCfg = Debug|Any CPU
		{040F8F1C-3CA1-4D3A-9877-44FD9DA25BD5}.Debug|Any CPU.Build.0 = Debug|Any CPU
		{040F8F1C-3CA1-4D3A-9877-44FD9DA25BD5}.Debug|x64.ActiveCfg = Debug|Any CPU
		{040F8F1C-3CA1-4D3A-9877-44FD9DA25BD5}.Debug|x64.Build.0 = Debug|Any CPU
		{040F8F1C-3CA1-4D3A-9877-44FD9DA25BD5}.Debug|x86.ActiveCfg = Debug|Any CPU
		{040F8F1C-3CA1-4D3A-9877-44FD9DA25BD5}.Debug|x86.Build.0 = Debug|Any CPU
		{040F8F1C-3CA1-4D3A-9877-44FD9DA25BD5}.Release|Any CPU.ActiveCfg = Release|Any CPU
		{040F8F1C-3CA1-4D3A-9877-44FD9DA25BD5}.Release|Any CPU.Build.0 = Release|Any CPU
		{040F8F1C-3CA1-4D3A-9877-44FD9DA25BD5}.Release|x64.ActiveCfg = Release|Any CPU
		{040F8F1C-3CA1-4D3A-9877-44FD9DA25BD5}.Release|x64.Build.0 = Release|Any CPU
		{040F8F1C-3CA1-4D3A-9877-44FD9DA25BD5}.Release|x86.ActiveCfg = Release|Any CPU
		{040F8F1C-3CA1-4D3A-9877-44FD9DA25BD5}.Release|x86.Build.0 = Release|Any CPU
		{93F066A5-A2D8-4926-A255-81077AEE5972}.Debug|Any CPU.ActiveCfg = Debug|x64
		{93F066A5-A2D8-4926-A255-81077AEE5972}.Debug|Any CPU.Build.0 = Debug|x64
		{93F066A5-A2D8-4926-A255-81077AEE5972}.Debug|Any CPU.Deploy.0 = Debug|x64
		{93F066A5-A2D8-4926-A255-81077AEE5972}.Debug|x64.ActiveCfg = Debug|x64
		{93F066A5-A2D8-4926-A255-81077AEE5972}.Debug|x64.Build.0 = Debug|x64
		{93F066A5-A2D8-4926-A255-81077AEE5972}.Debug|x86.ActiveCfg = Debug|x64
		{93F066A5-A2D8-4926-A255-81077AEE5972}.Release|Any CPU.ActiveCfg = Release|x64
		{93F066A5-A2D8-4926-A255-81077AEE5972}.Release|x64.ActiveCfg = Release|x64
		{93F066A5-A2D8-4926-A255-81077AEE5972}.Release|x64.Build.0 = Release|x64
		{93F066A5-A2D8-4926-A255-81077AEE5972}.Release|x86.ActiveCfg = Release|x64
		{0A4B565E-A542-4D1E-8154-72B344479F12}.Debug|Any CPU.ActiveCfg = Debug|Any CPU
		{0A4B565E-A542-4D1E-8154-72B344479F12}.Debug|Any CPU.Build.0 = Debug|Any CPU
		{0A4B565E-A542-4D1E-8154-72B344479F12}.Debug|x64.ActiveCfg = Debug|Any CPU
		{0A4B565E-A542-4D1E-8154-72B344479F12}.Debug|x64.Build.0 = Debug|Any CPU
		{0A4B565E-A542-4D1E-8154-72B344479F12}.Debug|x86.ActiveCfg = Debug|Any CPU
		{0A4B565E-A542-4D1E-8154-72B344479F12}.Debug|x86.Build.0 = Debug|Any CPU
		{0A4B565E-A542-4D1E-8154-72B344479F12}.Release|Any CPU.ActiveCfg = Release|Any CPU
		{0A4B565E-A542-4D1E-8154-72B344479F12}.Release|Any CPU.Build.0 = Release|Any CPU
		{0A4B565E-A542-4D1E-8154-72B344479F12}.Release|x64.ActiveCfg = Release|Any CPU
		{0A4B565E-A542-4D1E-8154-72B344479F12}.Release|x64.Build.0 = Release|Any CPU
		{0A4B565E-A542-4D1E-8154-72B344479F12}.Release|x86.ActiveCfg = Release|Any CPU
		{0A4B565E-A542-4D1E-8154-72B344479F12}.Release|x86.Build.0 = Release|Any CPU
		{DE37A8C1-BACF-46B0-8D2E-1A90D6D6A44F}.Debug|Any CPU.ActiveCfg = Debug|Any CPU
		{DE37A8C1-BACF-46B0-8D2E-1A90D6D6A44F}.Debug|Any CPU.Build.0 = Debug|Any CPU
		{DE37A8C1-BACF-46B0-8D2E-1A90D6D6A44F}.Debug|x64.ActiveCfg = Debug|Any CPU
		{DE37A8C1-BACF-46B0-8D2E-1A90D6D6A44F}.Debug|x64.Build.0 = Debug|Any CPU
		{DE37A8C1-BACF-46B0-8D2E-1A90D6D6A44F}.Debug|x86.ActiveCfg = Debug|Any CPU
		{DE37A8C1-BACF-46B0-8D2E-1A90D6D6A44F}.Debug|x86.Build.0 = Debug|Any CPU
		{DE37A8C1-BACF-46B0-8D2E-1A90D6D6A44F}.Release|Any CPU.ActiveCfg = Release|Any CPU
		{DE37A8C1-BACF-46B0-8D2E-1A90D6D6A44F}.Release|Any CPU.Build.0 = Release|Any CPU
		{DE37A8C1-BACF-46B0-8D2E-1A90D6D6A44F}.Release|x64.ActiveCfg = Release|Any CPU
		{DE37A8C1-BACF-46B0-8D2E-1A90D6D6A44F}.Release|x64.Build.0 = Release|Any CPU
		{DE37A8C1-BACF-46B0-8D2E-1A90D6D6A44F}.Release|x86.ActiveCfg = Release|Any CPU
		{DE37A8C1-BACF-46B0-8D2E-1A90D6D6A44F}.Release|x86.Build.0 = Release|Any CPU
		{BD102A98-2A4A-4AC1-873F-9E76E7A323D9}.Debug|Any CPU.ActiveCfg = Debug|Any CPU
		{BD102A98-2A4A-4AC1-873F-9E76E7A323D9}.Debug|Any CPU.Build.0 = Debug|Any CPU
		{BD102A98-2A4A-4AC1-873F-9E76E7A323D9}.Debug|x64.ActiveCfg = Debug|Any CPU
		{BD102A98-2A4A-4AC1-873F-9E76E7A323D9}.Debug|x64.Build.0 = Debug|Any CPU
		{BD102A98-2A4A-4AC1-873F-9E76E7A323D9}.Debug|x86.ActiveCfg = Debug|Any CPU
		{BD102A98-2A4A-4AC1-873F-9E76E7A323D9}.Debug|x86.Build.0 = Debug|Any CPU
		{BD102A98-2A4A-4AC1-873F-9E76E7A323D9}.Release|Any CPU.ActiveCfg = Release|Any CPU
		{BD102A98-2A4A-4AC1-873F-9E76E7A323D9}.Release|Any CPU.Build.0 = Release|Any CPU
		{BD102A98-2A4A-4AC1-873F-9E76E7A323D9}.Release|x64.ActiveCfg = Release|Any CPU
		{BD102A98-2A4A-4AC1-873F-9E76E7A323D9}.Release|x64.Build.0 = Release|Any CPU
		{BD102A98-2A4A-4AC1-873F-9E76E7A323D9}.Release|x86.ActiveCfg = Release|Any CPU
		{BD102A98-2A4A-4AC1-873F-9E76E7A323D9}.Release|x86.Build.0 = Release|Any CPU
		{F3C48199-4375-4DF0-9D24-F910A20E8644}.Debug|Any CPU.ActiveCfg = Debug|Any CPU
		{F3C48199-4375-4DF0-9D24-F910A20E8644}.Debug|Any CPU.Build.0 = Debug|Any CPU
		{F3C48199-4375-4DF0-9D24-F910A20E8644}.Debug|x64.ActiveCfg = Debug|Any CPU
		{F3C48199-4375-4DF0-9D24-F910A20E8644}.Debug|x64.Build.0 = Debug|Any CPU
		{F3C48199-4375-4DF0-9D24-F910A20E8644}.Debug|x86.ActiveCfg = Debug|Any CPU
		{F3C48199-4375-4DF0-9D24-F910A20E8644}.Debug|x86.Build.0 = Debug|Any CPU
		{F3C48199-4375-4DF0-9D24-F910A20E8644}.Release|Any CPU.ActiveCfg = Release|Any CPU
		{F3C48199-4375-4DF0-9D24-F910A20E8644}.Release|Any CPU.Build.0 = Release|Any CPU
		{F3C48199-4375-4DF0-9D24-F910A20E8644}.Release|x64.ActiveCfg = Release|Any CPU
		{F3C48199-4375-4DF0-9D24-F910A20E8644}.Release|x64.Build.0 = Release|Any CPU
		{F3C48199-4375-4DF0-9D24-F910A20E8644}.Release|x86.ActiveCfg = Release|Any CPU
		{F3C48199-4375-4DF0-9D24-F910A20E8644}.Release|x86.Build.0 = Release|Any CPU
		{2D4EB13B-F055-4DF6-860F-2E6E674585AA}.Debug|Any CPU.ActiveCfg = Debug|Any CPU
		{2D4EB13B-F055-4DF6-860F-2E6E674585AA}.Debug|Any CPU.Build.0 = Debug|Any CPU
		{2D4EB13B-F055-4DF6-860F-2E6E674585AA}.Debug|x64.ActiveCfg = Debug|Any CPU
		{2D4EB13B-F055-4DF6-860F-2E6E674585AA}.Debug|x64.Build.0 = Debug|Any CPU
		{2D4EB13B-F055-4DF6-860F-2E6E674585AA}.Debug|x86.ActiveCfg = Debug|Any CPU
		{2D4EB13B-F055-4DF6-860F-2E6E674585AA}.Debug|x86.Build.0 = Debug|Any CPU
		{2D4EB13B-F055-4DF6-860F-2E6E674585AA}.Release|Any CPU.ActiveCfg = Release|Any CPU
		{2D4EB13B-F055-4DF6-860F-2E6E674585AA}.Release|Any CPU.Build.0 = Release|Any CPU
		{2D4EB13B-F055-4DF6-860F-2E6E674585AA}.Release|x64.ActiveCfg = Release|Any CPU
		{2D4EB13B-F055-4DF6-860F-2E6E674585AA}.Release|x64.Build.0 = Release|Any CPU
		{2D4EB13B-F055-4DF6-860F-2E6E674585AA}.Release|x86.ActiveCfg = Release|Any CPU
		{2D4EB13B-F055-4DF6-860F-2E6E674585AA}.Release|x86.Build.0 = Release|Any CPU
		{BC74E068-4FFB-40DC-9B7E-6FDC6AAB3BCE}.Debug|Any CPU.ActiveCfg = Debug|Any CPU
		{BC74E068-4FFB-40DC-9B7E-6FDC6AAB3BCE}.Debug|Any CPU.Build.0 = Debug|Any CPU
		{BC74E068-4FFB-40DC-9B7E-6FDC6AAB3BCE}.Debug|x64.ActiveCfg = Debug|Any CPU
		{BC74E068-4FFB-40DC-9B7E-6FDC6AAB3BCE}.Debug|x64.Build.0 = Debug|Any CPU
		{BC74E068-4FFB-40DC-9B7E-6FDC6AAB3BCE}.Debug|x86.ActiveCfg = Debug|Any CPU
		{BC74E068-4FFB-40DC-9B7E-6FDC6AAB3BCE}.Debug|x86.Build.0 = Debug|Any CPU
		{BC74E068-4FFB-40DC-9B7E-6FDC6AAB3BCE}.Release|Any CPU.ActiveCfg = Release|Any CPU
		{BC74E068-4FFB-40DC-9B7E-6FDC6AAB3BCE}.Release|Any CPU.Build.0 = Release|Any CPU
		{BC74E068-4FFB-40DC-9B7E-6FDC6AAB3BCE}.Release|x64.ActiveCfg = Release|Any CPU
		{BC74E068-4FFB-40DC-9B7E-6FDC6AAB3BCE}.Release|x64.Build.0 = Release|Any CPU
		{BC74E068-4FFB-40DC-9B7E-6FDC6AAB3BCE}.Release|x86.ActiveCfg = Release|Any CPU
		{BC74E068-4FFB-40DC-9B7E-6FDC6AAB3BCE}.Release|x86.Build.0 = Release|Any CPU
		{3061F261-4C8C-4292-9A23-17743183C4FF}.Debug|Any CPU.ActiveCfg = Debug|Any CPU
		{3061F261-4C8C-4292-9A23-17743183C4FF}.Debug|Any CPU.Build.0 = Debug|Any CPU
		{3061F261-4C8C-4292-9A23-17743183C4FF}.Debug|x64.ActiveCfg = Debug|Any CPU
		{3061F261-4C8C-4292-9A23-17743183C4FF}.Debug|x64.Build.0 = Debug|Any CPU
		{3061F261-4C8C-4292-9A23-17743183C4FF}.Debug|x86.ActiveCfg = Debug|Any CPU
		{3061F261-4C8C-4292-9A23-17743183C4FF}.Debug|x86.Build.0 = Debug|Any CPU
		{3061F261-4C8C-4292-9A23-17743183C4FF}.Release|Any CPU.ActiveCfg = Release|Any CPU
		{3061F261-4C8C-4292-9A23-17743183C4FF}.Release|Any CPU.Build.0 = Release|Any CPU
		{3061F261-4C8C-4292-9A23-17743183C4FF}.Release|x64.ActiveCfg = Release|Any CPU
		{3061F261-4C8C-4292-9A23-17743183C4FF}.Release|x64.Build.0 = Release|Any CPU
		{3061F261-4C8C-4292-9A23-17743183C4FF}.Release|x86.ActiveCfg = Release|Any CPU
		{3061F261-4C8C-4292-9A23-17743183C4FF}.Release|x86.Build.0 = Release|Any CPU
		{99169D85-48FA-4AD6-97E4-87BBDB6D759B}.Debug|Any CPU.ActiveCfg = Debug|Any CPU
		{99169D85-48FA-4AD6-97E4-87BBDB6D759B}.Debug|Any CPU.Build.0 = Debug|Any CPU
		{99169D85-48FA-4AD6-97E4-87BBDB6D759B}.Debug|x64.ActiveCfg = Debug|Any CPU
		{99169D85-48FA-4AD6-97E4-87BBDB6D759B}.Debug|x64.Build.0 = Debug|Any CPU
		{99169D85-48FA-4AD6-97E4-87BBDB6D759B}.Debug|x86.ActiveCfg = Debug|Any CPU
		{99169D85-48FA-4AD6-97E4-87BBDB6D759B}.Debug|x86.Build.0 = Debug|Any CPU
		{99169D85-48FA-4AD6-97E4-87BBDB6D759B}.Release|Any CPU.ActiveCfg = Release|Any CPU
		{99169D85-48FA-4AD6-97E4-87BBDB6D759B}.Release|Any CPU.Build.0 = Release|Any CPU
		{99169D85-48FA-4AD6-97E4-87BBDB6D759B}.Release|x64.ActiveCfg = Release|Any CPU
		{99169D85-48FA-4AD6-97E4-87BBDB6D759B}.Release|x64.Build.0 = Release|Any CPU
		{99169D85-48FA-4AD6-97E4-87BBDB6D759B}.Release|x86.ActiveCfg = Release|Any CPU
		{99169D85-48FA-4AD6-97E4-87BBDB6D759B}.Release|x86.Build.0 = Release|Any CPU
		{14E9078C-8168-4CDD-95C1-2BDFC34CE547}.Debug|Any CPU.ActiveCfg = Debug|Any CPU
		{14E9078C-8168-4CDD-95C1-2BDFC34CE547}.Debug|Any CPU.Build.0 = Debug|Any CPU
		{14E9078C-8168-4CDD-95C1-2BDFC34CE547}.Debug|x64.ActiveCfg = Debug|Any CPU
		{14E9078C-8168-4CDD-95C1-2BDFC34CE547}.Debug|x64.Build.0 = Debug|Any CPU
		{14E9078C-8168-4CDD-95C1-2BDFC34CE547}.Debug|x86.ActiveCfg = Debug|Any CPU
		{14E9078C-8168-4CDD-95C1-2BDFC34CE547}.Debug|x86.Build.0 = Debug|Any CPU
		{14E9078C-8168-4CDD-95C1-2BDFC34CE547}.Release|Any CPU.ActiveCfg = Release|Any CPU
		{14E9078C-8168-4CDD-95C1-2BDFC34CE547}.Release|Any CPU.Build.0 = Release|Any CPU
		{14E9078C-8168-4CDD-95C1-2BDFC34CE547}.Release|x64.ActiveCfg = Release|Any CPU
		{14E9078C-8168-4CDD-95C1-2BDFC34CE547}.Release|x64.Build.0 = Release|Any CPU
		{14E9078C-8168-4CDD-95C1-2BDFC34CE547}.Release|x86.ActiveCfg = Release|Any CPU
		{14E9078C-8168-4CDD-95C1-2BDFC34CE547}.Release|x86.Build.0 = Release|Any CPU
		{32FA6B55-5EF1-47BD-9FF6-2E3541E19884}.Debug|Any CPU.ActiveCfg = Debug|Any CPU
		{32FA6B55-5EF1-47BD-9FF6-2E3541E19884}.Debug|Any CPU.Build.0 = Debug|Any CPU
		{32FA6B55-5EF1-47BD-9FF6-2E3541E19884}.Debug|x64.ActiveCfg = Debug|Any CPU
		{32FA6B55-5EF1-47BD-9FF6-2E3541E19884}.Debug|x64.Build.0 = Debug|Any CPU
		{32FA6B55-5EF1-47BD-9FF6-2E3541E19884}.Debug|x86.ActiveCfg = Debug|Any CPU
		{32FA6B55-5EF1-47BD-9FF6-2E3541E19884}.Debug|x86.Build.0 = Debug|Any CPU
		{32FA6B55-5EF1-47BD-9FF6-2E3541E19884}.Release|Any CPU.ActiveCfg = Release|Any CPU
		{32FA6B55-5EF1-47BD-9FF6-2E3541E19884}.Release|Any CPU.Build.0 = Release|Any CPU
		{32FA6B55-5EF1-47BD-9FF6-2E3541E19884}.Release|x64.ActiveCfg = Release|Any CPU
		{32FA6B55-5EF1-47BD-9FF6-2E3541E19884}.Release|x64.Build.0 = Release|Any CPU
		{32FA6B55-5EF1-47BD-9FF6-2E3541E19884}.Release|x86.ActiveCfg = Release|Any CPU
		{32FA6B55-5EF1-47BD-9FF6-2E3541E19884}.Release|x86.Build.0 = Release|Any CPU
		{0830F09B-884A-42C6-BA64-2F267283623B}.Debug|Any CPU.ActiveCfg = Debug|Any CPU
		{0830F09B-884A-42C6-BA64-2F267283623B}.Debug|Any CPU.Build.0 = Debug|Any CPU
		{0830F09B-884A-42C6-BA64-2F267283623B}.Debug|x64.ActiveCfg = Debug|Any CPU
		{0830F09B-884A-42C6-BA64-2F267283623B}.Debug|x64.Build.0 = Debug|Any CPU
		{0830F09B-884A-42C6-BA64-2F267283623B}.Debug|x86.ActiveCfg = Debug|Any CPU
		{0830F09B-884A-42C6-BA64-2F267283623B}.Debug|x86.Build.0 = Debug|Any CPU
		{0830F09B-884A-42C6-BA64-2F267283623B}.Release|Any CPU.ActiveCfg = Release|Any CPU
		{0830F09B-884A-42C6-BA64-2F267283623B}.Release|Any CPU.Build.0 = Release|Any CPU
		{0830F09B-884A-42C6-BA64-2F267283623B}.Release|x64.ActiveCfg = Release|Any CPU
		{0830F09B-884A-42C6-BA64-2F267283623B}.Release|x64.Build.0 = Release|Any CPU
		{0830F09B-884A-42C6-BA64-2F267283623B}.Release|x86.ActiveCfg = Release|Any CPU
		{0830F09B-884A-42C6-BA64-2F267283623B}.Release|x86.Build.0 = Release|Any CPU
		{C7C411A5-B404-4E7E-83E5-26826A3F1DF8}.Debug|Any CPU.ActiveCfg = Debug|Any CPU
		{C7C411A5-B404-4E7E-83E5-26826A3F1DF8}.Debug|Any CPU.Build.0 = Debug|Any CPU
		{C7C411A5-B404-4E7E-83E5-26826A3F1DF8}.Debug|x64.ActiveCfg = Debug|Any CPU
		{C7C411A5-B404-4E7E-83E5-26826A3F1DF8}.Debug|x64.Build.0 = Debug|Any CPU
		{C7C411A5-B404-4E7E-83E5-26826A3F1DF8}.Debug|x86.ActiveCfg = Debug|Any CPU
		{C7C411A5-B404-4E7E-83E5-26826A3F1DF8}.Debug|x86.Build.0 = Debug|Any CPU
		{C7C411A5-B404-4E7E-83E5-26826A3F1DF8}.Release|Any CPU.ActiveCfg = Release|Any CPU
		{C7C411A5-B404-4E7E-83E5-26826A3F1DF8}.Release|Any CPU.Build.0 = Release|Any CPU
		{C7C411A5-B404-4E7E-83E5-26826A3F1DF8}.Release|x64.ActiveCfg = Release|Any CPU
		{C7C411A5-B404-4E7E-83E5-26826A3F1DF8}.Release|x64.Build.0 = Release|Any CPU
		{C7C411A5-B404-4E7E-83E5-26826A3F1DF8}.Release|x86.ActiveCfg = Release|Any CPU
		{C7C411A5-B404-4E7E-83E5-26826A3F1DF8}.Release|x86.Build.0 = Release|Any CPU
		{B8A3BA40-534B-4DD5-B8AE-17016011E62F}.Debug|Any CPU.ActiveCfg = Debug|Any CPU
		{B8A3BA40-534B-4DD5-B8AE-17016011E62F}.Debug|Any CPU.Build.0 = Debug|Any CPU
		{B8A3BA40-534B-4DD5-B8AE-17016011E62F}.Debug|x64.ActiveCfg = Debug|Any CPU
		{B8A3BA40-534B-4DD5-B8AE-17016011E62F}.Debug|x64.Build.0 = Debug|Any CPU
		{B8A3BA40-534B-4DD5-B8AE-17016011E62F}.Debug|x86.ActiveCfg = Debug|Any CPU
		{B8A3BA40-534B-4DD5-B8AE-17016011E62F}.Debug|x86.Build.0 = Debug|Any CPU
		{B8A3BA40-534B-4DD5-B8AE-17016011E62F}.Release|Any CPU.ActiveCfg = Release|Any CPU
		{B8A3BA40-534B-4DD5-B8AE-17016011E62F}.Release|Any CPU.Build.0 = Release|Any CPU
		{B8A3BA40-534B-4DD5-B8AE-17016011E62F}.Release|x64.ActiveCfg = Release|Any CPU
		{B8A3BA40-534B-4DD5-B8AE-17016011E62F}.Release|x64.Build.0 = Release|Any CPU
		{B8A3BA40-534B-4DD5-B8AE-17016011E62F}.Release|x86.ActiveCfg = Release|Any CPU
		{B8A3BA40-534B-4DD5-B8AE-17016011E62F}.Release|x86.Build.0 = Release|Any CPU
	EndGlobalSection
	GlobalSection(SolutionProperties) = preSolution
		HideSolutionNode = FALSE
	EndGlobalSection
	GlobalSection(NestedProjects) = preSolution
		{031A182F-57D5-4D8E-B73B-0542444BB89F} = {74294C4E-44D5-4CCC-A26E-FB7B60880CCC}
		{DE37A8C1-BACF-46B0-8D2E-1A90D6D6A44F} = {74294C4E-44D5-4CCC-A26E-FB7B60880CCC}
		{BC74E068-4FFB-40DC-9B7E-6FDC6AAB3BCE} = {69454143-8045-4799-BCF3-323F75FF14C5}
		{14E9078C-8168-4CDD-95C1-2BDFC34CE547} = {74294C4E-44D5-4CCC-A26E-FB7B60880CCC}
		{32FA6B55-5EF1-47BD-9FF6-2E3541E19884} = {69454143-8045-4799-BCF3-323F75FF14C5}
	EndGlobalSection
	GlobalSection(ExtensibilityGlobals) = postSolution
		SolutionGuid = {F0E6F45E-F581-4B26-A776-F0FEE27DBCCA}
	EndGlobalSection
EndGlobal
