
Microsoft Visual Studio Solution File, Format Version 12.00
# Visual Studio 15
VisualStudioVersion = 15.0.26124.0
MinimumVisualStudioVersion = 15.0.26124.0
Project("{FAE04EC0-301F-11D3-BF4B-00C04F79EFBC}") = "XliffTasks", "XliffTasks\XliffTasks.csproj", "{900D509B-7D9A-4C5C-A45C-9B9AF0B61B57}"
EndProject
Project("{FAE04EC0-301F-11D3-BF4B-00C04F79EFBC}") = "XliffTasks.Tests", "XliffTasks.Tests\XliffTasks.Tests.csproj", "{F2518C28-55F0-4A35-AB46-B22D22EF26CB}"
EndProject
Global
	GlobalSection(SolutionConfigurationPlatforms) = preSolution
		Debug|Any CPU = Debug|Any CPU
		Debug|x64 = Debug|x64
		Debug|x86 = Debug|x86
		Release|Any CPU = Release|Any CPU
		Release|x64 = Release|x64
		Release|x86 = Release|x86
	EndGlobalSection
	GlobalSection(SolutionProperties) = preSolution
		HideSolutionNode = FALSE
	EndGlobalSection
	GlobalSection(ProjectConfigurationPlatforms) = postSolution
		{900D509B-7D9A-4C5C-A45C-9B9AF0B61B57}.Debug|Any CPU.ActiveCfg = Debug|Any CPU
		{900D509B-7D9A-4C5C-A45C-9B9AF0B61B57}.Debug|Any CPU.Build.0 = Debug|Any CPU
		{900D509B-7D9A-4C5C-A45C-9B9AF0B61B57}.Debug|x64.ActiveCfg = Debug|x64
		{900D509B-7D9A-4C5C-A45C-9B9AF0B61B57}.Debug|x64.Build.0 = Debug|x64
		{900D509B-7D9A-4C5C-A45C-9B9AF0B61B57}.Debug|x86.ActiveCfg = Debug|x86
		{900D509B-7D9A-4C5C-A45C-9B9AF0B61B57}.Debug|x86.Build.0 = Debug|x86
		{900D509B-7D9A-4C5C-A45C-9B9AF0B61B57}.Release|Any CPU.ActiveCfg = Release|Any CPU
		{900D509B-7D9A-4C5C-A45C-9B9AF0B61B57}.Release|Any CPU.Build.0 = Release|Any CPU
		{900D509B-7D9A-4C5C-A45C-9B9AF0B61B57}.Release|x64.ActiveCfg = Release|x64
		{900D509B-7D9A-4C5C-A45C-9B9AF0B61B57}.Release|x64.Build.0 = Release|x64
		{900D509B-7D9A-4C5C-A45C-9B9AF0B61B57}.Release|x86.ActiveCfg = Release|x86
		{900D509B-7D9A-4C5C-A45C-9B9AF0B61B57}.Release|x86.Build.0 = Release|x86
		{F2518C28-55F0-4A35-AB46-B22D22EF26CB}.Debug|Any CPU.ActiveCfg = Debug|Any CPU
		{F2518C28-55F0-4A35-AB46-B22D22EF26CB}.Debug|Any CPU.Build.0 = Debug|Any CPU
		{F2518C28-55F0-4A35-AB46-B22D22EF26CB}.Debug|x64.ActiveCfg = Debug|x64
		{F2518C28-55F0-4A35-AB46-B22D22EF26CB}.Debug|x64.Build.0 = Debug|x64
		{F2518C28-55F0-4A35-AB46-B22D22EF26CB}.Debug|x86.ActiveCfg = Debug|x86
		{F2518C28-55F0-4A35-AB46-B22D22EF26CB}.Debug|x86.Build.0 = Debug|x86
		{F2518C28-55F0-4A35-AB46-B22D22EF26CB}.Release|Any CPU.ActiveCfg = Release|Any CPU
		{F2518C28-55F0-4A35-AB46-B22D22EF26CB}.Release|Any CPU.Build.0 = Release|Any CPU
		{F2518C28-55F0-4A35-AB46-B22D22EF26CB}.Release|x64.ActiveCfg = Release|x64
		{F2518C28-55F0-4A35-AB46-B22D22EF26CB}.Release|x64.Build.0 = Release|x64
		{F2518C28-55F0-4A35-AB46-B22D22EF26CB}.Release|x86.ActiveCfg = Release|x86
		{F2518C28-55F0-4A35-AB46-B22D22EF26CB}.Release|x86.Build.0 = Release|x86
	EndGlobalSection
EndGlobal
